// !$*UTF8*$!
{
	archiveVersion = 1;
	classes = {
	};
	objectVersion = 52;
	objects = {

/* Begin PBXBuildFile section */
		DC9017FCD80CF9C793488EA6 /* Pods_Gala.framework in Frameworks */ = {isa = PBXBuildFile; fileRef = 1CBCE97A2A6B0A799BCF0494 /* Pods_Gala.framework */; };
		FA0F74E9286E568E00964718 /* NotificationController.swift in Sources */ = {isa = PBXBuildFile; fileRef = FA0F74E8286E568E00964718 /* NotificationController.swift */; };
		FA0F74FC28778E1900964718 /* Timer.swift in Sources */ = {isa = PBXBuildFile; fileRef = FA0F74FB28778E1900964718 /* Timer.swift */; };
		FA0F74FE2878FAA900964718 /* VideoPlayerView.swift in Sources */ = {isa = PBXBuildFile; fileRef = FA0F74FD2878FAA900964718 /* VideoPlayerView.swift */; };
		FA0F7500287F64C700964718 /* AllProfileImageTabView.swift in Sources */ = {isa = PBXBuildFile; fileRef = FA0F74FF287F64C700964718 /* AllProfileImageTabView.swift */; };
		FA0FCA3E2684048000434561 /* MatchStoriesView.swift in Sources */ = {isa = PBXBuildFile; fileRef = FA0FCA3D2684048000434561 /* MatchStoriesView.swift */; };
		FA0FCA422684050900434561 /* StoriesViewModel.swift in Sources */ = {isa = PBXBuildFile; fileRef = FA0FCA412684050900434561 /* StoriesViewModel.swift */; };
		FA0FCA4426840F5500434561 /* UserAboutService.swift in Sources */ = {isa = PBXBuildFile; fileRef = FA0FCA4326840F5500434561 /* UserAboutService.swift */; };
		FA2D6EDE2643604000551EE3 /* ProfileImageService_Firebase.swift in Sources */ = {isa = PBXBuildFile; fileRef = FA2D6EDD2643604000551EE3 /* ProfileImageService_Firebase.swift */; };
		FA2E23CC27BEF23D000C131A /* SendToSelector.swift in Sources */ = {isa = PBXBuildFile; fileRef = FA2E23CB27BEF23D000C131A /* SendToSelector.swift */; };
		FA2E23CE27BF0D0D000C131A /* SnapService.swift in Sources */ = {isa = PBXBuildFile; fileRef = FA2E23CD27BF0D0D000C131A /* SnapService.swift */; };
		FA2E23D027BF58AA000C131A /* Snap.swift in Sources */ = {isa = PBXBuildFile; fileRef = FA2E23CF27BF58AA000C131A /* Snap.swift */; };
		FA38DCE12723DA33003B4C90 /* VideoCaptureProcessor.swift in Sources */ = {isa = PBXBuildFile; fileRef = FA38DCE02723DA33003B4C90 /* VideoCaptureProcessor.swift */; };
		FA43BE6926645A9F001D1368 /* LaunchView.swift in Sources */ = {isa = PBXBuildFile; fileRef = FA43BE6826645A9F001D1368 /* LaunchView.swift */; };
		FA50FAB327C8859200502410 /* SnapView.swift in Sources */ = {isa = PBXBuildFile; fileRef = FA50FAB227C8859200502410 /* SnapView.swift */; };
		FA579DC12654ED1D00EFA166 /* UIImage.swift in Sources */ = {isa = PBXBuildFile; fileRef = FA579DC02654ED1D00EFA166 /* UIImage.swift */; };
		FA58F53726C8842E00AE3B7C /* UIViewExtension.swift in Sources */ = {isa = PBXBuildFile; fileRef = FA58F53626C8842E00AE3B7C /* UIViewExtension.swift */; };
		FA58F53926C884B200AE3B7C /* LandingView.swift in Sources */ = {isa = PBXBuildFile; fileRef = FA58F53826C884B200AE3B7C /* LandingView.swift */; };
		FA67C6D426F7B46A00B77D30 /* CameraOptionsView.swift in Sources */ = {isa = PBXBuildFile; fileRef = FA67C6D326F7B46A00B77D30 /* CameraOptionsView.swift */; };
		FA67C6D626FA605700B77D30 /* VibesService.swift in Sources */ = {isa = PBXBuildFile; fileRef = FA67C6D526FA605700B77D30 /* VibesService.swift */; };
		FA6A33F1278D7B010087127B /* CameraBtn.swift in Sources */ = {isa = PBXBuildFile; fileRef = FA6A33F0278D7B010087127B /* CameraBtn.swift */; };
		FA6A33FF278FF8F00087127B /* StoryPublisher.swift in Sources */ = {isa = PBXBuildFile; fileRef = FA6A33FE278FF8F00087127B /* StoryPublisher.swift */; };
		FA6A340527923DAA0087127B /* CurrentUserSexualityAndGender.swift in Sources */ = {isa = PBXBuildFile; fileRef = FA6A340427923DAA0087127B /* CurrentUserSexualityAndGender.swift */; };
		FA6BE5EF27B4A5140058B78C /* MatchService_Firebase.swift in Sources */ = {isa = PBXBuildFile; fileRef = FA6BE5EE27B4A5140058B78C /* MatchService_Firebase.swift */; };
		FA6BE5F127B4AB2B0058B78C /* MatchedStoryView.swift in Sources */ = {isa = PBXBuildFile; fileRef = FA6BE5F027B4AB2B0058B78C /* MatchedStoryView.swift */; };
		FA6BE5F527B5AA630058B78C /* ChatView.swift in Sources */ = {isa = PBXBuildFile; fileRef = FA6BE5F427B5AA630058B78C /* ChatView.swift */; };
		FA6BE5F727B5F7620058B78C /* ChatViewModel.swift in Sources */ = {isa = PBXBuildFile; fileRef = FA6BE5F627B5F7620058B78C /* ChatViewModel.swift */; };
		FA6BE5FB27B5FA040058B78C /* UserChat.swift in Sources */ = {isa = PBXBuildFile; fileRef = FA6BE5FA27B5FA040058B78C /* UserChat.swift */; };
		FA6BE5FE27B5FC1A0058B78C /* Message.swift in Sources */ = {isa = PBXBuildFile; fileRef = FA6BE5FD27B5FC1A0058B78C /* Message.swift */; };
		FA6BE60227B6015C0058B78C /* MessageView.swift in Sources */ = {isa = PBXBuildFile; fileRef = FA6BE60127B6015C0058B78C /* MessageView.swift */; };
		FA6BE60427B7446B0058B78C /* Match.swift in Sources */ = {isa = PBXBuildFile; fileRef = FA6BE60327B7446B0058B78C /* Match.swift */; };
		FA6BE60627BDB0F10058B78C /* ArrayExtensions.swift in Sources */ = {isa = PBXBuildFile; fileRef = FA6BE60527BDB0F10058B78C /* ArrayExtensions.swift */; };
		FA72A17326681CAE004DEF77 /* AppState.swift in Sources */ = {isa = PBXBuildFile; fileRef = FA72A17226681CAE004DEF77 /* AppState.swift */; };
		FA72A17526688949004DEF77 /* CameraViewModel.swift in Sources */ = {isa = PBXBuildFile; fileRef = FA72A17426688949004DEF77 /* CameraViewModel.swift */; };
		FA72A1782669ACFC004DEF77 /* LocationService.swift in Sources */ = {isa = PBXBuildFile; fileRef = FA72A1772669ACFC004DEF77 /* LocationService.swift */; };
		FA72A17A2669C5B9004DEF77 /* CoreLocationExtension.swift in Sources */ = {isa = PBXBuildFile; fileRef = FA72A1792669C5B9004DEF77 /* CoreLocationExtension.swift */; };
		FA76E30726AE6D1A009A650D /* RecentlyJoinedUserService.swift in Sources */ = {isa = PBXBuildFile; fileRef = FA76E30626AE6D1A009A650D /* RecentlyJoinedUserService.swift */; };
		FA76E30926B34733009A650D /* IntExtension.swift in Sources */ = {isa = PBXBuildFile; fileRef = FA76E30826B34733009A650D /* IntExtension.swift */; };
		FA777D2526CE0D86007C53F5 /* Slider.swift in Sources */ = {isa = PBXBuildFile; fileRef = FA777D2426CE0D86007C53F5 /* Slider.swift */; };
		FA777D2926CE219F007C53F5 /* SliderView.swift in Sources */ = {isa = PBXBuildFile; fileRef = FA777D2826CE219F007C53F5 /* SliderView.swift */; };
		FA777D2B26CE21F3007C53F5 /* SliderHandle.swift in Sources */ = {isa = PBXBuildFile; fileRef = FA777D2A26CE21F3007C53F5 /* SliderHandle.swift */; };
		FA7BAD4526FC48CD002F25E0 /* SendView.swift in Sources */ = {isa = PBXBuildFile; fileRef = FA7BAD4426FC48CD002F25E0 /* SendView.swift */; };
		FA7BAD4826FD0FAD002F25E0 /* PostSelector.swift in Sources */ = {isa = PBXBuildFile; fileRef = FA7BAD4726FD0FAD002F25E0 /* PostSelector.swift */; };
		FA7BAD4A26FD107C002F25E0 /* SendViewModel.swift in Sources */ = {isa = PBXBuildFile; fileRef = FA7BAD4926FD107C002F25E0 /* SendViewModel.swift */; };
		FA7E3B1E26DEB64700A6653C /* ChatsView.swift in Sources */ = {isa = PBXBuildFile; fileRef = FA7E3B1D26DEB64700A6653C /* ChatsView.swift */; };
		FA7E3B2426E1F28300A6653C /* LikesService.swift in Sources */ = {isa = PBXBuildFile; fileRef = FA7E3B2326E1F28300A6653C /* LikesService.swift */; };
		FA7E3B2626E1F40700A6653C /* Like.swift in Sources */ = {isa = PBXBuildFile; fileRef = FA7E3B2526E1F40700A6653C /* Like.swift */; };
		FA7E3B2826E43F4600A6653C /* RecentlyJoinedViewModel.swift in Sources */ = {isa = PBXBuildFile; fileRef = FA7E3B2726E43F4600A6653C /* RecentlyJoinedViewModel.swift */; };
		FA7E3B2C26E8003E00A6653C /* StoryService.swift in Sources */ = {isa = PBXBuildFile; fileRef = FA7E3B2B26E8003E00A6653C /* StoryService.swift */; };
		FA7E3B2E26E8072200A6653C /* StoryMetaService.swift in Sources */ = {isa = PBXBuildFile; fileRef = FA7E3B2D26E8072200A6653C /* StoryMetaService.swift */; };
		FA7E3B3026E8073300A6653C /* StoryContentService.swift in Sources */ = {isa = PBXBuildFile; fileRef = FA7E3B2F26E8073300A6653C /* StoryContentService.swift */; };
		FA7E3B3226E808CF00A6653C /* Story.swift in Sources */ = {isa = PBXBuildFile; fileRef = FA7E3B3126E808CF00A6653C /* Story.swift */; };
		FA7E3B3826EAD18D00A6653C /* SendViewModelTest.swift in Sources */ = {isa = PBXBuildFile; fileRef = FA7E3B3726EAD18D00A6653C /* SendViewModelTest.swift */; };
		FA84874B268E5EAD009CA4C0 /* SignInSignUpValidation.swift in Sources */ = {isa = PBXBuildFile; fileRef = FA84874A268E5EAD009CA4C0 /* SignInSignUpValidation.swift */; };
		FA8773E52640979E00D5D5CB /* iPhoneNumberField in Frameworks */ = {isa = PBXBuildFile; productRef = FA8773E42640979E00D5D5CB /* iPhoneNumberField */; };
		FA8773E8264097C300D5D5CB /* iTextField in Frameworks */ = {isa = PBXBuildFile; productRef = FA8773E7264097C300D5D5CB /* iTextField */; };
		FA8773F026409A4500D5D5CB /* NavBar.swift in Sources */ = {isa = PBXBuildFile; fileRef = FA8773EF26409A4500D5D5CB /* NavBar.swift */; };
		FA8773F926409AD400D5D5CB /* ProfileView.swift in Sources */ = {isa = PBXBuildFile; fileRef = FA8773F826409AD400D5D5CB /* ProfileView.swift */; };
		FA87740026409C0600D5D5CB /* LandingPageViewModel.swift in Sources */ = {isa = PBXBuildFile; fileRef = FA8773FF26409C0600D5D5CB /* LandingPageViewModel.swift */; };
		FA87740226409C2B00D5D5CB /* SigninSignupView.swift in Sources */ = {isa = PBXBuildFile; fileRef = FA87740126409C2B00D5D5CB /* SigninSignupView.swift */; };
		FA87740426409C5900D5D5CB /* SigninSignupViewModel.swift in Sources */ = {isa = PBXBuildFile; fileRef = FA87740326409C5900D5D5CB /* SigninSignupViewModel.swift */; };
		FA87740626409CAE00D5D5CB /* ProfileViewModel.swift in Sources */ = {isa = PBXBuildFile; fileRef = FA87740526409CAE00D5D5CB /* ProfileViewModel.swift */; };
		FA87740E26409D6000D5D5CB /* ProfileMainView.swift in Sources */ = {isa = PBXBuildFile; fileRef = FA87740D26409D6000D5D5CB /* ProfileMainView.swift */; };
		FA87741026409D8300D5D5CB /* ProfilePreview.swift in Sources */ = {isa = PBXBuildFile; fileRef = FA87740F26409D8300D5D5CB /* ProfilePreview.swift */; };
		FA87741626409DEA00D5D5CB /* ChatsViewModel.swift in Sources */ = {isa = PBXBuildFile; fileRef = FA87741526409DE900D5D5CB /* ChatsViewModel.swift */; };
		FA87741826409E0700D5D5CB /* ConvoPreview.swift in Sources */ = {isa = PBXBuildFile; fileRef = FA87741726409E0700D5D5CB /* ConvoPreview.swift */; };
		FA87741A26409E3A00D5D5CB /* CameraPreview.swift in Sources */ = {isa = PBXBuildFile; fileRef = FA87741926409E3A00D5D5CB /* CameraPreview.swift */; };
		FA87741C26409E5700D5D5CB /* CameraView.swift in Sources */ = {isa = PBXBuildFile; fileRef = FA87741B26409E5700D5D5CB /* CameraView.swift */; };
		FA87742026409E9000D5D5CB /* PicTakenView.swift in Sources */ = {isa = PBXBuildFile; fileRef = FA87741F26409E9000D5D5CB /* PicTakenView.swift */; };
		FA8774372640A07900D5D5CB /* DateExtension.swift in Sources */ = {isa = PBXBuildFile; fileRef = FA8774362640A07900D5D5CB /* DateExtension.swift */; };
		FA87743B2640A0B600D5D5CB /* ViewExtension.swift in Sources */ = {isa = PBXBuildFile; fileRef = FA87743A2640A0B600D5D5CB /* ViewExtension.swift */; };
		FA87743D2640A0DB00D5D5CB /* ColorExtension.swift in Sources */ = {isa = PBXBuildFile; fileRef = FA87743C2640A0DB00D5D5CB /* ColorExtension.swift */; };
		FA8774402640A12500D5D5CB /* ActiveSheetEnum.swift in Sources */ = {isa = PBXBuildFile; fileRef = FA87743F2640A12500D5D5CB /* ActiveSheetEnum.swift */; };
		FA8774432640A14D00D5D5CB /* AuthPublisher.swift in Sources */ = {isa = PBXBuildFile; fileRef = FA8774422640A14D00D5D5CB /* AuthPublisher.swift */; };
		FA8774462640A17900D5D5CB /* ImageModel.swift in Sources */ = {isa = PBXBuildFile; fileRef = FA8774452640A17900D5D5CB /* ImageModel.swift */; };
		FA8774482640A19B00D5D5CB /* ProfileModel.swift in Sources */ = {isa = PBXBuildFile; fileRef = FA8774472640A19B00D5D5CB /* ProfileModel.swift */; };
		FA87744F2640A20F00D5D5CB /* AuthService.swift in Sources */ = {isa = PBXBuildFile; fileRef = FA87744E2640A20F00D5D5CB /* AuthService.swift */; };
		FA8774592640A39700D5D5CB /* ImagePicker.swift in Sources */ = {isa = PBXBuildFile; fileRef = FA8774582640A39700D5D5CB /* ImagePicker.swift */; };
		FA87745B2640A3B200D5D5CB /* ImageCropper.swift in Sources */ = {isa = PBXBuildFile; fileRef = FA87745A2640A3B200D5D5CB /* ImageCropper.swift */; };
		FA87745D2640A3E300D5D5CB /* DropViewDelegate.swift in Sources */ = {isa = PBXBuildFile; fileRef = FA87745C2640A3E300D5D5CB /* DropViewDelegate.swift */; };
		FA87745F2640A3F700D5D5CB /* BaseView.swift in Sources */ = {isa = PBXBuildFile; fileRef = FA87745E2640A3F700D5D5CB /* BaseView.swift */; };
		FA8CE4342717901900BE8BB4 /* OldCameraViewModel.swift in Sources */ = {isa = PBXBuildFile; fileRef = FA8CE4332717901900BE8BB4 /* OldCameraViewModel.swift */; };
		FA8CE4362717B45500BE8BB4 /* PhotoCaptureProcessor.swift in Sources */ = {isa = PBXBuildFile; fileRef = FA8CE4352717B45500BE8BB4 /* PhotoCaptureProcessor.swift */; };
		FA8CE4382717B4D000BE8BB4 /* AVCaptureDeviceExtension.swift in Sources */ = {isa = PBXBuildFile; fileRef = FA8CE4372717B4D000BE8BB4 /* AVCaptureDeviceExtension.swift */; };
		FA9149F827FFE3F60015106E /* UserCoreCD.xcdatamodeld in Sources */ = {isa = PBXBuildFile; fileRef = FA9149F627FFE3F60015106E /* UserCoreCD.xcdatamodeld */; };
		FA9149FB27FFE5280015106E /* UserAboutCD.xcdatamodeld in Sources */ = {isa = PBXBuildFile; fileRef = FA9149F927FFE5280015106E /* UserAboutCD.xcdatamodeld */; };
		FA914A082807639F0015106E /* ProfileImageCD.xcdatamodeld in Sources */ = {isa = PBXBuildFile; fileRef = FA914A062807639F0015106E /* ProfileImageCD.xcdatamodeld */; };
		FA9838602686834200A76AD5 /* ExploreMainView.swift in Sources */ = {isa = PBXBuildFile; fileRef = FA98385F2686834200A76AD5 /* ExploreMainView.swift */; };
		FA9E53F627D15CCB002DDF99 /* MultipleStoryView.swift in Sources */ = {isa = PBXBuildFile; fileRef = FA9E53F527D15CCB002DDF99 /* MultipleStoryView.swift */; };
		FA9E53F827D1767A002DDF99 /* CircularLoadingView.swift in Sources */ = {isa = PBXBuildFile; fileRef = FA9E53F727D1767A002DDF99 /* CircularLoadingView.swift */; };
		FAA7455A28230DF700A54BD5 /* NewNavBar.swift in Sources */ = {isa = PBXBuildFile; fileRef = FAA7455928230DF700A54BD5 /* NewNavBar.swift */; };
		FAAAA75B27E2A23300663816 /* InstaStoryView.swift in Sources */ = {isa = PBXBuildFile; fileRef = FAAAA75A27E2A23300663816 /* InstaStoryView.swift */; };
		FAAAA76527E3DD3700663816 /* VibeCoverImage.swift in Sources */ = {isa = PBXBuildFile; fileRef = FAAAA76427E3DD3700663816 /* VibeCoverImage.swift */; };
		FAAAA76727E40B2300663816 /* Coordinate.swift in Sources */ = {isa = PBXBuildFile; fileRef = FAAAA76627E40B2300663816 /* Coordinate.swift */; };
		FAAAA76927E54A9700663816 /* LikesViewModel.swift in Sources */ = {isa = PBXBuildFile; fileRef = FAAAA76827E54A9700663816 /* LikesViewModel.swift */; };
		FAAAA76B27EA621900663816 /* DraggableTextView.swift in Sources */ = {isa = PBXBuildFile; fileRef = FAAAA76A27EA621900663816 /* DraggableTextView.swift */; };
		FAAAA76D27EBC10D00663816 /* NewcomerLikesDropDown.swift in Sources */ = {isa = PBXBuildFile; fileRef = FAAAA76C27EBC10D00663816 /* NewcomerLikesDropDown.swift */; };
		FAAAA76F27EBC1E000663816 /* BasicLikesViewModel.swift in Sources */ = {isa = PBXBuildFile; fileRef = FAAAA76E27EBC1E000663816 /* BasicLikesViewModel.swift */; };
		FAAAA77627F3A16500663816 /* KeyboardPublisher.swift in Sources */ = {isa = PBXBuildFile; fileRef = FAAAA77527F3A16500663816 /* KeyboardPublisher.swift */; };
		FAAAA77827F3C5E800663816 /* Post.swift in Sources */ = {isa = PBXBuildFile; fileRef = FAAAA77727F3C5E800663816 /* Post.swift */; };
		FAAAA77A27F3C63F00663816 /* UserPostSimple.swift in Sources */ = {isa = PBXBuildFile; fileRef = FAAAA77927F3C63F00663816 /* UserPostSimple.swift */; };
		FAAAA77C27F3E61500663816 /* NavBarViewModel.swift in Sources */ = {isa = PBXBuildFile; fileRef = FAAAA77B27F3E61500663816 /* NavBarViewModel.swift */; };
		FAAAA77F27F51B0A00663816 /* LocationViewModel.swift in Sources */ = {isa = PBXBuildFile; fileRef = FAAAA77E27F51B0A00663816 /* LocationViewModel.swift */; };
		FAAAA78227F64D4200663816 /* DataStore.swift in Sources */ = {isa = PBXBuildFile; fileRef = FAAAA78127F64D4200663816 /* DataStore.swift */; };
		FAAAA7A327F6769500663816 /* UserCoreService_CoreData.swift in Sources */ = {isa = PBXBuildFile; fileRef = FAAAA7A227F6769500663816 /* UserCoreService_CoreData.swift */; };
		FAAAA7B327F7C1E200663816 /* ChatsDataStore.swift in Sources */ = {isa = PBXBuildFile; fileRef = FAAAA7B227F7C1E200663816 /* ChatsDataStore.swift */; };
		FAAAA7B527F7C67F00663816 /* RecentlyJoinedDataStore.swift in Sources */ = {isa = PBXBuildFile; fileRef = FAAAA7B427F7C67F00663816 /* RecentlyJoinedDataStore.swift */; };
		FAAAA7B727F7C9AE00663816 /* StoriesDataStore.swift in Sources */ = {isa = PBXBuildFile; fileRef = FAAAA7B627F7C9AE00663816 /* StoriesDataStore.swift */; };
		FAAAA7BF27FBB12600663816 /* UserAboutService_CoreData.swift in Sources */ = {isa = PBXBuildFile; fileRef = FAAAA7BE27FBB12600663816 /* UserAboutService_CoreData.swift */; };
		FAAAA7C627FBCE5600663816 /* ProfileService.swift in Sources */ = {isa = PBXBuildFile; fileRef = FAAAA7C527FBCE5600663816 /* ProfileService.swift */; };
		FAAACE7C2865146F0081664B /* DemoButtonView.swift in Sources */ = {isa = PBXBuildFile; fileRef = FAAACE7B2865146E0081664B /* DemoButtonView.swift */; };
		FAACA5762825D0F400B828DB /* SnapService_CoreData.swift in Sources */ = {isa = PBXBuildFile; fileRef = FAACA5752825D0F400B828DB /* SnapService_CoreData.swift */; };
		FAACA57A2825D19300B828DB /* SnapCD.xcdatamodeld in Sources */ = {isa = PBXBuildFile; fileRef = FAACA5782825D19300B828DB /* SnapCD.xcdatamodeld */; };
		FAB6103327C99CC700BD8187 /* SnapMessageView.swift in Sources */ = {isa = PBXBuildFile; fileRef = FAB6103227C99CC700BD8187 /* SnapMessageView.swift */; };
		FAB6103527CC3FF300BD8187 /* StoryListView.swift in Sources */ = {isa = PBXBuildFile; fileRef = FAB6103427CC3FF300BD8187 /* StoryListView.swift */; };
		FABAABE42787F44E00154363 /* MyStoriesDropDown.swift in Sources */ = {isa = PBXBuildFile; fileRef = FABAABE32787F44E00154363 /* MyStoriesDropDown.swift */; };
		FABAABE62787F47700154363 /* MyLikesDropDown.swift in Sources */ = {isa = PBXBuildFile; fileRef = FABAABE52787F47700154363 /* MyLikesDropDown.swift */; };
		FABAABE82787F49A00154363 /* AddToStoryButton.swift in Sources */ = {isa = PBXBuildFile; fileRef = FABAABE72787F49A00154363 /* AddToStoryButton.swift */; };
		FABAABEB2788079A00154363 /* CameraViewHeader.swift in Sources */ = {isa = PBXBuildFile; fileRef = FABAABEA2788079A00154363 /* CameraViewHeader.swift */; };
		FABAABF42788E76A00154363 /* MyStoriesDropDownViewModel.swift in Sources */ = {isa = PBXBuildFile; fileRef = FABAABF32788E76A00154363 /* MyStoriesDropDownViewModel.swift */; };
		FABB97552809FFA10014A21E /* UserAboutService_Firebase.swift in Sources */ = {isa = PBXBuildFile; fileRef = FABB97542809FFA10014A21E /* UserAboutService_Firebase.swift */; };
		FABB975D280F23980014A21E /* ProfileImageService.swift in Sources */ = {isa = PBXBuildFile; fileRef = FABB975C280F23980014A21E /* ProfileImageService.swift */; };
		FABB975F280F24610014A21E /* ProfileImageService_CoreData.swift in Sources */ = {isa = PBXBuildFile; fileRef = FABB975E280F24610014A21E /* ProfileImageService_CoreData.swift */; };
		FABB97682810AB240014A21E /* MessageCD.xcdatamodeld in Sources */ = {isa = PBXBuildFile; fileRef = FABB97662810AB240014A21E /* MessageCD.xcdatamodeld */; };
		FABB976A2810ABFC0014A21E /* MessageService_Firebase.swift in Sources */ = {isa = PBXBuildFile; fileRef = FABB97692810ABFC0014A21E /* MessageService_Firebase.swift */; };
		FABB976C2810AC0D0014A21E /* MessageService_CoreData.swift in Sources */ = {isa = PBXBuildFile; fileRef = FABB976B2810AC0D0014A21E /* MessageService_CoreData.swift */; };
		FABB9779281249310014A21E /* MatchService_CoreData.swift in Sources */ = {isa = PBXBuildFile; fileRef = FABB9778281249310014A21E /* MatchService_CoreData.swift */; };
		FABB977C28124B380014A21E /* MatchCD.xcdatamodeld in Sources */ = {isa = PBXBuildFile; fileRef = FABB977A28124B380014A21E /* MatchCD.xcdatamodeld */; };
		FAD33A0C27D0313800FC9553 /* UserStoryView.swift in Sources */ = {isa = PBXBuildFile; fileRef = FAD33A0B27D0313800FC9553 /* UserStoryView.swift */; };
		FAD33A0E27D0489000FC9553 /* LoadingView.swift in Sources */ = {isa = PBXBuildFile; fileRef = FAD33A0D27D0489000FC9553 /* LoadingView.swift */; };
		FAD73C6D27993BA7007221B0 /* VibeView.swift in Sources */ = {isa = PBXBuildFile; fileRef = FAD73C6C27993BA7007221B0 /* VibeView.swift */; };
		FAD73C7027994FA8007221B0 /* OrderedCollections in Frameworks */ = {isa = PBXBuildFile; productRef = FAD73C6F27994FA8007221B0 /* OrderedCollections */; };
		FAD73C7D27A353A9007221B0 /* VibesPlaceHolder.swift in Sources */ = {isa = PBXBuildFile; fileRef = FAD73C7C27A353A9007221B0 /* VibesPlaceHolder.swift */; };
		FAD73C7F27A9AA1A007221B0 /* VibeImageService.swift in Sources */ = {isa = PBXBuildFile; fileRef = FAD73C7E27A9AA1A007221B0 /* VibeImageService.swift */; };
		FAD9DB1B266EF4EF00BC6FDA /* ExploreView.swift in Sources */ = {isa = PBXBuildFile; fileRef = FAD9DB1A266EF4EF00BC6FDA /* ExploreView.swift */; };
		FAD9DB1D266F024A00BC6FDA /* RecentlyJoinedView.swift in Sources */ = {isa = PBXBuildFile; fileRef = FAD9DB1C266F024A00BC6FDA /* RecentlyJoinedView.swift */; };
		FAD9DB1F266F136A00BC6FDA /* ExploreViewModel.swift in Sources */ = {isa = PBXBuildFile; fileRef = FAD9DB1E266F136A00BC6FDA /* ExploreViewModel.swift */; };
		FAD9DB21266F16C200BC6FDA /* SmallUserViewModel.swift in Sources */ = {isa = PBXBuildFile; fileRef = FAD9DB20266F16C200BC6FDA /* SmallUserViewModel.swift */; };
		FAD9DB2526743A7900BC6FDA /* SmallUserView.swift in Sources */ = {isa = PBXBuildFile; fileRef = FAD9DB2426743A7900BC6FDA /* SmallUserView.swift */; };
		FADC115B269790B00070465C /* GoogleService-Info.plist in Resources */ = {isa = PBXBuildFile; fileRef = FADC115A269790B00070465C /* GoogleService-Info.plist */; };
		FADC11622698129D0070465C /* UserCoreService.swift in Sources */ = {isa = PBXBuildFile; fileRef = FADC11612698129D0070465C /* UserCoreService.swift */; };
		FADC1164269813EC0070465C /* UserCore.swift in Sources */ = {isa = PBXBuildFile; fileRef = FADC1163269813EC0070465C /* UserCore.swift */; };
		FADF908A2807748400C19A07 /* UserCoreService_Firebase.swift in Sources */ = {isa = PBXBuildFile; fileRef = FADF90892807748400C19A07 /* UserCoreService_Firebase.swift */; };
		FAE5E18A28387E9E00BBD115 /* StoryService_CoreData.swift in Sources */ = {isa = PBXBuildFile; fileRef = FAE5E18928387E9E00BBD115 /* StoryService_CoreData.swift */; };
		FAE5E18D28387ED800BBD115 /* StoryCD.xcdatamodeld in Sources */ = {isa = PBXBuildFile; fileRef = FAE5E18B28387ED700BBD115 /* StoryCD.xcdatamodeld */; };
		FAE5E6F2264092D000CC1670 /* GalaApp.swift in Sources */ = {isa = PBXBuildFile; fileRef = FAE5E6F1264092D000CC1670 /* GalaApp.swift */; };
		FAE5E6F4264092D000CC1670 /* ContentView.swift in Sources */ = {isa = PBXBuildFile; fileRef = FAE5E6F3264092D000CC1670 /* ContentView.swift */; };
		FAE5E6F6264092D100CC1670 /* Assets.xcassets in Resources */ = {isa = PBXBuildFile; fileRef = FAE5E6F5264092D100CC1670 /* Assets.xcassets */; };
		FAE5E6F9264092D100CC1670 /* Preview Assets.xcassets in Resources */ = {isa = PBXBuildFile; fileRef = FAE5E6F8264092D100CC1670 /* Preview Assets.xcassets */; };
		FAEDCFE4269E524400A2C4A1 /* AllRecentsView.swift in Sources */ = {isa = PBXBuildFile; fileRef = FAEDCFE3269E524400A2C4A1 /* AllRecentsView.swift */; };
		FAEDCFE626A1420500A2C4A1 /* UserAbout.swift in Sources */ = {isa = PBXBuildFile; fileRef = FAEDCFE526A1420500A2C4A1 /* UserAbout.swift */; };
		FAFD431526D7012700C535D2 /* CustomSlider.swift in Sources */ = {isa = PBXBuildFile; fileRef = FAFD431426D7012700C535D2 /* CustomSlider.swift */; };
		FAFD431926D75FA700C535D2 /* TestView.swift in Sources */ = {isa = PBXBuildFile; fileRef = FAFD431826D75FA700C535D2 /* TestView.swift */; };
		FAFD434526DADBCF00C535D2 /* Pager.swift in Sources */ = {isa = PBXBuildFile; fileRef = FAFD434426DADBCF00C535D2 /* Pager.swift */; };
/* End PBXBuildFile section */

/* Begin PBXFileReference section */
		1CBCE97A2A6B0A799BCF0494 /* Pods_Gala.framework */ = {isa = PBXFileReference; explicitFileType = wrapper.framework; includeInIndex = 0; path = Pods_Gala.framework; sourceTree = BUILT_PRODUCTS_DIR; };
		4EF601D28ED8276F3782F6F2 /* Pods-Gala.release.xcconfig */ = {isa = PBXFileReference; includeInIndex = 1; lastKnownFileType = text.xcconfig; name = "Pods-Gala.release.xcconfig"; path = "Target Support Files/Pods-Gala/Pods-Gala.release.xcconfig"; sourceTree = "<group>"; };
		831B9135753054BD30C3A341 /* Pods-Gala.debug.xcconfig */ = {isa = PBXFileReference; includeInIndex = 1; lastKnownFileType = text.xcconfig; name = "Pods-Gala.debug.xcconfig"; path = "Target Support Files/Pods-Gala/Pods-Gala.debug.xcconfig"; sourceTree = "<group>"; };
		FA0F74E7286E4B0100964718 /* Gala.entitlements */ = {isa = PBXFileReference; lastKnownFileType = text.plist.entitlements; path = Gala.entitlements; sourceTree = "<group>"; };
		FA0F74E8286E568E00964718 /* NotificationController.swift */ = {isa = PBXFileReference; lastKnownFileType = sourcecode.swift; path = NotificationController.swift; sourceTree = "<group>"; };
		FA0F74FB28778E1900964718 /* Timer.swift */ = {isa = PBXFileReference; lastKnownFileType = sourcecode.swift; path = Timer.swift; sourceTree = "<group>"; };
		FA0F74FD2878FAA900964718 /* VideoPlayerView.swift */ = {isa = PBXFileReference; lastKnownFileType = sourcecode.swift; path = VideoPlayerView.swift; sourceTree = "<group>"; };
		FA0F74FF287F64C700964718 /* AllProfileImageTabView.swift */ = {isa = PBXFileReference; lastKnownFileType = sourcecode.swift; path = AllProfileImageTabView.swift; sourceTree = "<group>"; };
		FA0FCA3D2684048000434561 /* MatchStoriesView.swift */ = {isa = PBXFileReference; lastKnownFileType = sourcecode.swift; path = MatchStoriesView.swift; sourceTree = "<group>"; };
		FA0FCA412684050900434561 /* StoriesViewModel.swift */ = {isa = PBXFileReference; lastKnownFileType = sourcecode.swift; path = StoriesViewModel.swift; sourceTree = "<group>"; };
		FA0FCA4326840F5500434561 /* UserAboutService.swift */ = {isa = PBXFileReference; lastKnownFileType = sourcecode.swift; path = UserAboutService.swift; sourceTree = "<group>"; };
		FA2D6EDD2643604000551EE3 /* ProfileImageService_Firebase.swift */ = {isa = PBXFileReference; lastKnownFileType = sourcecode.swift; path = ProfileImageService_Firebase.swift; sourceTree = "<group>"; };
		FA2E23CB27BEF23D000C131A /* SendToSelector.swift */ = {isa = PBXFileReference; lastKnownFileType = sourcecode.swift; path = SendToSelector.swift; sourceTree = "<group>"; };
		FA2E23CD27BF0D0D000C131A /* SnapService.swift */ = {isa = PBXFileReference; lastKnownFileType = sourcecode.swift; path = SnapService.swift; sourceTree = "<group>"; };
		FA2E23CF27BF58AA000C131A /* Snap.swift */ = {isa = PBXFileReference; lastKnownFileType = sourcecode.swift; path = Snap.swift; sourceTree = "<group>"; };
		FA38DCE02723DA33003B4C90 /* VideoCaptureProcessor.swift */ = {isa = PBXFileReference; lastKnownFileType = sourcecode.swift; path = VideoCaptureProcessor.swift; sourceTree = "<group>"; };
		FA43BE6826645A9F001D1368 /* LaunchView.swift */ = {isa = PBXFileReference; lastKnownFileType = sourcecode.swift; path = LaunchView.swift; sourceTree = "<group>"; };
		FA50FAB227C8859200502410 /* SnapView.swift */ = {isa = PBXFileReference; lastKnownFileType = sourcecode.swift; path = SnapView.swift; sourceTree = "<group>"; };
		FA579DC02654ED1D00EFA166 /* UIImage.swift */ = {isa = PBXFileReference; lastKnownFileType = sourcecode.swift; path = UIImage.swift; sourceTree = "<group>"; };
		FA58F53626C8842E00AE3B7C /* UIViewExtension.swift */ = {isa = PBXFileReference; lastKnownFileType = sourcecode.swift; path = UIViewExtension.swift; sourceTree = "<group>"; };
		FA58F53826C884B200AE3B7C /* LandingView.swift */ = {isa = PBXFileReference; lastKnownFileType = sourcecode.swift; path = LandingView.swift; sourceTree = "<group>"; };
		FA67C6D326F7B46A00B77D30 /* CameraOptionsView.swift */ = {isa = PBXFileReference; lastKnownFileType = sourcecode.swift; path = CameraOptionsView.swift; sourceTree = "<group>"; };
		FA67C6D526FA605700B77D30 /* VibesService.swift */ = {isa = PBXFileReference; lastKnownFileType = sourcecode.swift; path = VibesService.swift; sourceTree = "<group>"; };
		FA6A33F0278D7B010087127B /* CameraBtn.swift */ = {isa = PBXFileReference; lastKnownFileType = sourcecode.swift; path = CameraBtn.swift; sourceTree = "<group>"; };
		FA6A33FE278FF8F00087127B /* StoryPublisher.swift */ = {isa = PBXFileReference; lastKnownFileType = sourcecode.swift; path = StoryPublisher.swift; sourceTree = "<group>"; };
		FA6A340427923DAA0087127B /* CurrentUserSexualityAndGender.swift */ = {isa = PBXFileReference; lastKnownFileType = sourcecode.swift; path = CurrentUserSexualityAndGender.swift; sourceTree = "<group>"; };
		FA6BE5EE27B4A5140058B78C /* MatchService_Firebase.swift */ = {isa = PBXFileReference; lastKnownFileType = sourcecode.swift; path = MatchService_Firebase.swift; sourceTree = "<group>"; };
		FA6BE5F027B4AB2B0058B78C /* MatchedStoryView.swift */ = {isa = PBXFileReference; lastKnownFileType = sourcecode.swift; path = MatchedStoryView.swift; sourceTree = "<group>"; };
		FA6BE5F427B5AA630058B78C /* ChatView.swift */ = {isa = PBXFileReference; lastKnownFileType = sourcecode.swift; path = ChatView.swift; sourceTree = "<group>"; };
		FA6BE5F627B5F7620058B78C /* ChatViewModel.swift */ = {isa = PBXFileReference; lastKnownFileType = sourcecode.swift; path = ChatViewModel.swift; sourceTree = "<group>"; };
		FA6BE5FA27B5FA040058B78C /* UserChat.swift */ = {isa = PBXFileReference; lastKnownFileType = sourcecode.swift; path = UserChat.swift; sourceTree = "<group>"; };
		FA6BE5FD27B5FC1A0058B78C /* Message.swift */ = {isa = PBXFileReference; lastKnownFileType = sourcecode.swift; path = Message.swift; sourceTree = "<group>"; };
		FA6BE60127B6015C0058B78C /* MessageView.swift */ = {isa = PBXFileReference; lastKnownFileType = sourcecode.swift; path = MessageView.swift; sourceTree = "<group>"; };
		FA6BE60327B7446B0058B78C /* Match.swift */ = {isa = PBXFileReference; lastKnownFileType = sourcecode.swift; path = Match.swift; sourceTree = "<group>"; };
		FA6BE60527BDB0F10058B78C /* ArrayExtensions.swift */ = {isa = PBXFileReference; lastKnownFileType = sourcecode.swift; path = ArrayExtensions.swift; sourceTree = "<group>"; };
		FA72A17226681CAE004DEF77 /* AppState.swift */ = {isa = PBXFileReference; lastKnownFileType = sourcecode.swift; path = AppState.swift; sourceTree = "<group>"; };
		FA72A17426688949004DEF77 /* CameraViewModel.swift */ = {isa = PBXFileReference; lastKnownFileType = sourcecode.swift; path = CameraViewModel.swift; sourceTree = "<group>"; };
		FA72A1772669ACFC004DEF77 /* LocationService.swift */ = {isa = PBXFileReference; lastKnownFileType = sourcecode.swift; path = LocationService.swift; sourceTree = "<group>"; };
		FA72A1792669C5B9004DEF77 /* CoreLocationExtension.swift */ = {isa = PBXFileReference; lastKnownFileType = sourcecode.swift; path = CoreLocationExtension.swift; sourceTree = "<group>"; };
		FA76E30626AE6D1A009A650D /* RecentlyJoinedUserService.swift */ = {isa = PBXFileReference; lastKnownFileType = sourcecode.swift; path = RecentlyJoinedUserService.swift; sourceTree = "<group>"; };
		FA76E30826B34733009A650D /* IntExtension.swift */ = {isa = PBXFileReference; lastKnownFileType = sourcecode.swift; path = IntExtension.swift; sourceTree = "<group>"; };
		FA777D2426CE0D86007C53F5 /* Slider.swift */ = {isa = PBXFileReference; lastKnownFileType = sourcecode.swift; path = Slider.swift; sourceTree = "<group>"; };
		FA777D2826CE219F007C53F5 /* SliderView.swift */ = {isa = PBXFileReference; lastKnownFileType = sourcecode.swift; path = SliderView.swift; sourceTree = "<group>"; };
		FA777D2A26CE21F3007C53F5 /* SliderHandle.swift */ = {isa = PBXFileReference; lastKnownFileType = sourcecode.swift; path = SliderHandle.swift; sourceTree = "<group>"; };
		FA7BAD4426FC48CD002F25E0 /* SendView.swift */ = {isa = PBXFileReference; lastKnownFileType = sourcecode.swift; path = SendView.swift; sourceTree = "<group>"; };
		FA7BAD4726FD0FAD002F25E0 /* PostSelector.swift */ = {isa = PBXFileReference; lastKnownFileType = sourcecode.swift; path = PostSelector.swift; sourceTree = "<group>"; };
		FA7BAD4926FD107C002F25E0 /* SendViewModel.swift */ = {isa = PBXFileReference; lastKnownFileType = sourcecode.swift; path = SendViewModel.swift; sourceTree = "<group>"; };
		FA7E3B1D26DEB64700A6653C /* ChatsView.swift */ = {isa = PBXFileReference; lastKnownFileType = sourcecode.swift; path = ChatsView.swift; sourceTree = "<group>"; };
		FA7E3B2326E1F28300A6653C /* LikesService.swift */ = {isa = PBXFileReference; lastKnownFileType = sourcecode.swift; path = LikesService.swift; sourceTree = "<group>"; };
		FA7E3B2526E1F40700A6653C /* Like.swift */ = {isa = PBXFileReference; lastKnownFileType = sourcecode.swift; path = Like.swift; sourceTree = "<group>"; };
		FA7E3B2726E43F4600A6653C /* RecentlyJoinedViewModel.swift */ = {isa = PBXFileReference; lastKnownFileType = sourcecode.swift; path = RecentlyJoinedViewModel.swift; sourceTree = "<group>"; };
		FA7E3B2B26E8003E00A6653C /* StoryService.swift */ = {isa = PBXFileReference; lastKnownFileType = sourcecode.swift; path = StoryService.swift; sourceTree = "<group>"; };
		FA7E3B2D26E8072200A6653C /* StoryMetaService.swift */ = {isa = PBXFileReference; lastKnownFileType = sourcecode.swift; path = StoryMetaService.swift; sourceTree = "<group>"; };
		FA7E3B2F26E8073300A6653C /* StoryContentService.swift */ = {isa = PBXFileReference; lastKnownFileType = sourcecode.swift; path = StoryContentService.swift; sourceTree = "<group>"; };
		FA7E3B3126E808CF00A6653C /* Story.swift */ = {isa = PBXFileReference; lastKnownFileType = sourcecode.swift; path = Story.swift; sourceTree = "<group>"; };
		FA7E3B3726EAD18D00A6653C /* SendViewModelTest.swift */ = {isa = PBXFileReference; lastKnownFileType = sourcecode.swift; path = SendViewModelTest.swift; sourceTree = "<group>"; };
		FA84874A268E5EAD009CA4C0 /* SignInSignUpValidation.swift */ = {isa = PBXFileReference; lastKnownFileType = sourcecode.swift; path = SignInSignUpValidation.swift; sourceTree = "<group>"; };
		FA8773EF26409A4500D5D5CB /* NavBar.swift */ = {isa = PBXFileReference; lastKnownFileType = sourcecode.swift; path = NavBar.swift; sourceTree = "<group>"; };
		FA8773F826409AD400D5D5CB /* ProfileView.swift */ = {isa = PBXFileReference; lastKnownFileType = sourcecode.swift; path = ProfileView.swift; sourceTree = "<group>"; };
		FA8773FF26409C0600D5D5CB /* LandingPageViewModel.swift */ = {isa = PBXFileReference; lastKnownFileType = sourcecode.swift; path = LandingPageViewModel.swift; sourceTree = "<group>"; };
		FA87740126409C2B00D5D5CB /* SigninSignupView.swift */ = {isa = PBXFileReference; lastKnownFileType = sourcecode.swift; path = SigninSignupView.swift; sourceTree = "<group>"; };
		FA87740326409C5900D5D5CB /* SigninSignupViewModel.swift */ = {isa = PBXFileReference; lastKnownFileType = sourcecode.swift; path = SigninSignupViewModel.swift; sourceTree = "<group>"; };
		FA87740526409CAE00D5D5CB /* ProfileViewModel.swift */ = {isa = PBXFileReference; lastKnownFileType = sourcecode.swift; path = ProfileViewModel.swift; sourceTree = "<group>"; };
		FA87740D26409D6000D5D5CB /* ProfileMainView.swift */ = {isa = PBXFileReference; lastKnownFileType = sourcecode.swift; path = ProfileMainView.swift; sourceTree = "<group>"; };
		FA87740F26409D8300D5D5CB /* ProfilePreview.swift */ = {isa = PBXFileReference; lastKnownFileType = sourcecode.swift; path = ProfilePreview.swift; sourceTree = "<group>"; };
		FA87741526409DE900D5D5CB /* ChatsViewModel.swift */ = {isa = PBXFileReference; lastKnownFileType = sourcecode.swift; path = ChatsViewModel.swift; sourceTree = "<group>"; };
		FA87741726409E0700D5D5CB /* ConvoPreview.swift */ = {isa = PBXFileReference; lastKnownFileType = sourcecode.swift; path = ConvoPreview.swift; sourceTree = "<group>"; };
		FA87741926409E3A00D5D5CB /* CameraPreview.swift */ = {isa = PBXFileReference; lastKnownFileType = sourcecode.swift; path = CameraPreview.swift; sourceTree = "<group>"; };
		FA87741B26409E5700D5D5CB /* CameraView.swift */ = {isa = PBXFileReference; lastKnownFileType = sourcecode.swift; path = CameraView.swift; sourceTree = "<group>"; };
		FA87741F26409E9000D5D5CB /* PicTakenView.swift */ = {isa = PBXFileReference; lastKnownFileType = sourcecode.swift; path = PicTakenView.swift; sourceTree = "<group>"; };
		FA8774362640A07900D5D5CB /* DateExtension.swift */ = {isa = PBXFileReference; lastKnownFileType = sourcecode.swift; path = DateExtension.swift; sourceTree = "<group>"; };
		FA87743A2640A0B600D5D5CB /* ViewExtension.swift */ = {isa = PBXFileReference; lastKnownFileType = sourcecode.swift; path = ViewExtension.swift; sourceTree = "<group>"; };
		FA87743C2640A0DB00D5D5CB /* ColorExtension.swift */ = {isa = PBXFileReference; lastKnownFileType = sourcecode.swift; path = ColorExtension.swift; sourceTree = "<group>"; };
		FA87743F2640A12500D5D5CB /* ActiveSheetEnum.swift */ = {isa = PBXFileReference; lastKnownFileType = sourcecode.swift; path = ActiveSheetEnum.swift; sourceTree = "<group>"; };
		FA8774422640A14D00D5D5CB /* AuthPublisher.swift */ = {isa = PBXFileReference; lastKnownFileType = sourcecode.swift; path = AuthPublisher.swift; sourceTree = "<group>"; };
		FA8774452640A17900D5D5CB /* ImageModel.swift */ = {isa = PBXFileReference; lastKnownFileType = sourcecode.swift; path = ImageModel.swift; sourceTree = "<group>"; };
		FA8774472640A19B00D5D5CB /* ProfileModel.swift */ = {isa = PBXFileReference; lastKnownFileType = sourcecode.swift; path = ProfileModel.swift; sourceTree = "<group>"; };
		FA87744E2640A20F00D5D5CB /* AuthService.swift */ = {isa = PBXFileReference; lastKnownFileType = sourcecode.swift; path = AuthService.swift; sourceTree = "<group>"; };
		FA8774582640A39700D5D5CB /* ImagePicker.swift */ = {isa = PBXFileReference; lastKnownFileType = sourcecode.swift; path = ImagePicker.swift; sourceTree = "<group>"; };
		FA87745A2640A3B200D5D5CB /* ImageCropper.swift */ = {isa = PBXFileReference; lastKnownFileType = sourcecode.swift; path = ImageCropper.swift; sourceTree = "<group>"; };
		FA87745C2640A3E300D5D5CB /* DropViewDelegate.swift */ = {isa = PBXFileReference; lastKnownFileType = sourcecode.swift; path = DropViewDelegate.swift; sourceTree = "<group>"; };
		FA87745E2640A3F700D5D5CB /* BaseView.swift */ = {isa = PBXFileReference; lastKnownFileType = sourcecode.swift; path = BaseView.swift; sourceTree = "<group>"; };
		FA8CE4332717901900BE8BB4 /* OldCameraViewModel.swift */ = {isa = PBXFileReference; lastKnownFileType = sourcecode.swift; path = OldCameraViewModel.swift; sourceTree = "<group>"; };
		FA8CE4352717B45500BE8BB4 /* PhotoCaptureProcessor.swift */ = {isa = PBXFileReference; lastKnownFileType = sourcecode.swift; path = PhotoCaptureProcessor.swift; sourceTree = "<group>"; };
		FA8CE4372717B4D000BE8BB4 /* AVCaptureDeviceExtension.swift */ = {isa = PBXFileReference; lastKnownFileType = sourcecode.swift; path = AVCaptureDeviceExtension.swift; sourceTree = "<group>"; };
		FA9149F727FFE3F60015106E /* UserCoreCD.xcdatamodel */ = {isa = PBXFileReference; lastKnownFileType = wrapper.xcdatamodel; path = UserCoreCD.xcdatamodel; sourceTree = "<group>"; };
		FA9149FA27FFE5280015106E /* UserAboutCD.xcdatamodel */ = {isa = PBXFileReference; lastKnownFileType = wrapper.xcdatamodel; path = UserAboutCD.xcdatamodel; sourceTree = "<group>"; };
		FA914A072807639F0015106E /* ProfileImageCD.xcdatamodel */ = {isa = PBXFileReference; lastKnownFileType = wrapper.xcdatamodel; path = ProfileImageCD.xcdatamodel; sourceTree = "<group>"; };
		FA98385F2686834200A76AD5 /* ExploreMainView.swift */ = {isa = PBXFileReference; lastKnownFileType = sourcecode.swift; path = ExploreMainView.swift; sourceTree = "<group>"; };
		FA9E53F527D15CCB002DDF99 /* MultipleStoryView.swift */ = {isa = PBXFileReference; lastKnownFileType = sourcecode.swift; path = MultipleStoryView.swift; sourceTree = "<group>"; };
		FA9E53F727D1767A002DDF99 /* CircularLoadingView.swift */ = {isa = PBXFileReference; lastKnownFileType = sourcecode.swift; path = CircularLoadingView.swift; sourceTree = "<group>"; };
		FAA7455928230DF700A54BD5 /* NewNavBar.swift */ = {isa = PBXFileReference; lastKnownFileType = sourcecode.swift; path = NewNavBar.swift; sourceTree = "<group>"; };
		FAAAA75A27E2A23300663816 /* InstaStoryView.swift */ = {isa = PBXFileReference; lastKnownFileType = sourcecode.swift; path = InstaStoryView.swift; sourceTree = "<group>"; };
		FAAAA76427E3DD3700663816 /* VibeCoverImage.swift */ = {isa = PBXFileReference; lastKnownFileType = sourcecode.swift; path = VibeCoverImage.swift; sourceTree = "<group>"; };
		FAAAA76627E40B2300663816 /* Coordinate.swift */ = {isa = PBXFileReference; lastKnownFileType = sourcecode.swift; path = Coordinate.swift; sourceTree = "<group>"; };
		FAAAA76827E54A9700663816 /* LikesViewModel.swift */ = {isa = PBXFileReference; lastKnownFileType = sourcecode.swift; path = LikesViewModel.swift; sourceTree = "<group>"; };
		FAAAA76A27EA621900663816 /* DraggableTextView.swift */ = {isa = PBXFileReference; lastKnownFileType = sourcecode.swift; path = DraggableTextView.swift; sourceTree = "<group>"; };
		FAAAA76C27EBC10D00663816 /* NewcomerLikesDropDown.swift */ = {isa = PBXFileReference; lastKnownFileType = sourcecode.swift; path = NewcomerLikesDropDown.swift; sourceTree = "<group>"; };
		FAAAA76E27EBC1E000663816 /* BasicLikesViewModel.swift */ = {isa = PBXFileReference; lastKnownFileType = sourcecode.swift; path = BasicLikesViewModel.swift; sourceTree = "<group>"; };
		FAAAA77527F3A16500663816 /* KeyboardPublisher.swift */ = {isa = PBXFileReference; lastKnownFileType = sourcecode.swift; path = KeyboardPublisher.swift; sourceTree = "<group>"; };
		FAAAA77727F3C5E800663816 /* Post.swift */ = {isa = PBXFileReference; lastKnownFileType = sourcecode.swift; path = Post.swift; sourceTree = "<group>"; };
		FAAAA77927F3C63F00663816 /* UserPostSimple.swift */ = {isa = PBXFileReference; lastKnownFileType = sourcecode.swift; path = UserPostSimple.swift; sourceTree = "<group>"; };
		FAAAA77B27F3E61500663816 /* NavBarViewModel.swift */ = {isa = PBXFileReference; lastKnownFileType = sourcecode.swift; path = NavBarViewModel.swift; sourceTree = "<group>"; };
		FAAAA77E27F51B0A00663816 /* LocationViewModel.swift */ = {isa = PBXFileReference; lastKnownFileType = sourcecode.swift; path = LocationViewModel.swift; sourceTree = "<group>"; };
		FAAAA78127F64D4200663816 /* DataStore.swift */ = {isa = PBXFileReference; lastKnownFileType = sourcecode.swift; path = DataStore.swift; sourceTree = "<group>"; };
		FAAAA7A227F6769500663816 /* UserCoreService_CoreData.swift */ = {isa = PBXFileReference; lastKnownFileType = sourcecode.swift; path = UserCoreService_CoreData.swift; sourceTree = "<group>"; };
		FAAAA7B227F7C1E200663816 /* ChatsDataStore.swift */ = {isa = PBXFileReference; lastKnownFileType = sourcecode.swift; path = ChatsDataStore.swift; sourceTree = "<group>"; };
		FAAAA7B427F7C67F00663816 /* RecentlyJoinedDataStore.swift */ = {isa = PBXFileReference; lastKnownFileType = sourcecode.swift; path = RecentlyJoinedDataStore.swift; sourceTree = "<group>"; };
		FAAAA7B627F7C9AE00663816 /* StoriesDataStore.swift */ = {isa = PBXFileReference; lastKnownFileType = sourcecode.swift; path = StoriesDataStore.swift; sourceTree = "<group>"; };
		FAAAA7BE27FBB12600663816 /* UserAboutService_CoreData.swift */ = {isa = PBXFileReference; lastKnownFileType = sourcecode.swift; path = UserAboutService_CoreData.swift; sourceTree = "<group>"; };
		FAAAA7C527FBCE5600663816 /* ProfileService.swift */ = {isa = PBXFileReference; lastKnownFileType = sourcecode.swift; path = ProfileService.swift; sourceTree = "<group>"; };
		FAAACE7B2865146E0081664B /* DemoButtonView.swift */ = {isa = PBXFileReference; lastKnownFileType = sourcecode.swift; path = DemoButtonView.swift; sourceTree = "<group>"; };
		FAACA5752825D0F400B828DB /* SnapService_CoreData.swift */ = {isa = PBXFileReference; lastKnownFileType = sourcecode.swift; path = SnapService_CoreData.swift; sourceTree = "<group>"; };
		FAACA5792825D19300B828DB /* SnapCD.xcdatamodel */ = {isa = PBXFileReference; lastKnownFileType = wrapper.xcdatamodel; path = SnapCD.xcdatamodel; sourceTree = "<group>"; };
		FAB6103227C99CC700BD8187 /* SnapMessageView.swift */ = {isa = PBXFileReference; lastKnownFileType = sourcecode.swift; path = SnapMessageView.swift; sourceTree = "<group>"; };
		FAB6103427CC3FF300BD8187 /* StoryListView.swift */ = {isa = PBXFileReference; lastKnownFileType = sourcecode.swift; path = StoryListView.swift; sourceTree = "<group>"; };
		FABAABE32787F44E00154363 /* MyStoriesDropDown.swift */ = {isa = PBXFileReference; lastKnownFileType = sourcecode.swift; path = MyStoriesDropDown.swift; sourceTree = "<group>"; };
		FABAABE52787F47700154363 /* MyLikesDropDown.swift */ = {isa = PBXFileReference; lastKnownFileType = sourcecode.swift; path = MyLikesDropDown.swift; sourceTree = "<group>"; };
		FABAABE72787F49A00154363 /* AddToStoryButton.swift */ = {isa = PBXFileReference; lastKnownFileType = sourcecode.swift; path = AddToStoryButton.swift; sourceTree = "<group>"; };
		FABAABEA2788079A00154363 /* CameraViewHeader.swift */ = {isa = PBXFileReference; lastKnownFileType = sourcecode.swift; path = CameraViewHeader.swift; sourceTree = "<group>"; };
		FABAABF32788E76A00154363 /* MyStoriesDropDownViewModel.swift */ = {isa = PBXFileReference; lastKnownFileType = sourcecode.swift; path = MyStoriesDropDownViewModel.swift; sourceTree = "<group>"; };
		FABB97542809FFA10014A21E /* UserAboutService_Firebase.swift */ = {isa = PBXFileReference; lastKnownFileType = sourcecode.swift; path = UserAboutService_Firebase.swift; sourceTree = "<group>"; };
		FABB975C280F23980014A21E /* ProfileImageService.swift */ = {isa = PBXFileReference; lastKnownFileType = sourcecode.swift; path = ProfileImageService.swift; sourceTree = "<group>"; };
		FABB975E280F24610014A21E /* ProfileImageService_CoreData.swift */ = {isa = PBXFileReference; lastKnownFileType = sourcecode.swift; path = ProfileImageService_CoreData.swift; sourceTree = "<group>"; };
		FABB97672810AB240014A21E /* MessageCD.xcdatamodel */ = {isa = PBXFileReference; lastKnownFileType = wrapper.xcdatamodel; path = MessageCD.xcdatamodel; sourceTree = "<group>"; };
		FABB97692810ABFC0014A21E /* MessageService_Firebase.swift */ = {isa = PBXFileReference; lastKnownFileType = sourcecode.swift; path = MessageService_Firebase.swift; sourceTree = "<group>"; };
		FABB976B2810AC0D0014A21E /* MessageService_CoreData.swift */ = {isa = PBXFileReference; lastKnownFileType = sourcecode.swift; path = MessageService_CoreData.swift; sourceTree = "<group>"; };
		FABB9778281249310014A21E /* MatchService_CoreData.swift */ = {isa = PBXFileReference; lastKnownFileType = sourcecode.swift; path = MatchService_CoreData.swift; sourceTree = "<group>"; };
		FABB977B28124B380014A21E /* MatchCD.xcdatamodel */ = {isa = PBXFileReference; lastKnownFileType = wrapper.xcdatamodel; path = MatchCD.xcdatamodel; sourceTree = "<group>"; };
		FAD33A0B27D0313800FC9553 /* UserStoryView.swift */ = {isa = PBXFileReference; lastKnownFileType = sourcecode.swift; path = UserStoryView.swift; sourceTree = "<group>"; };
		FAD33A0D27D0489000FC9553 /* LoadingView.swift */ = {isa = PBXFileReference; lastKnownFileType = sourcecode.swift; path = LoadingView.swift; sourceTree = "<group>"; };
		FAD73C6C27993BA7007221B0 /* VibeView.swift */ = {isa = PBXFileReference; lastKnownFileType = sourcecode.swift; path = VibeView.swift; sourceTree = "<group>"; };
		FAD73C7C27A353A9007221B0 /* VibesPlaceHolder.swift */ = {isa = PBXFileReference; lastKnownFileType = sourcecode.swift; path = VibesPlaceHolder.swift; sourceTree = "<group>"; };
		FAD73C7E27A9AA1A007221B0 /* VibeImageService.swift */ = {isa = PBXFileReference; lastKnownFileType = sourcecode.swift; path = VibeImageService.swift; sourceTree = "<group>"; };
		FAD9DB1A266EF4EF00BC6FDA /* ExploreView.swift */ = {isa = PBXFileReference; lastKnownFileType = sourcecode.swift; path = ExploreView.swift; sourceTree = "<group>"; };
		FAD9DB1C266F024A00BC6FDA /* RecentlyJoinedView.swift */ = {isa = PBXFileReference; lastKnownFileType = sourcecode.swift; path = RecentlyJoinedView.swift; sourceTree = "<group>"; };
		FAD9DB1E266F136A00BC6FDA /* ExploreViewModel.swift */ = {isa = PBXFileReference; lastKnownFileType = sourcecode.swift; path = ExploreViewModel.swift; sourceTree = "<group>"; };
		FAD9DB20266F16C200BC6FDA /* SmallUserViewModel.swift */ = {isa = PBXFileReference; lastKnownFileType = sourcecode.swift; path = SmallUserViewModel.swift; sourceTree = "<group>"; };
		FAD9DB2426743A7900BC6FDA /* SmallUserView.swift */ = {isa = PBXFileReference; lastKnownFileType = sourcecode.swift; path = SmallUserView.swift; sourceTree = "<group>"; };
		FADC115A269790B00070465C /* GoogleService-Info.plist */ = {isa = PBXFileReference; fileEncoding = 4; lastKnownFileType = text.plist.xml; path = "GoogleService-Info.plist"; sourceTree = "<group>"; };
		FADC11612698129D0070465C /* UserCoreService.swift */ = {isa = PBXFileReference; lastKnownFileType = sourcecode.swift; path = UserCoreService.swift; sourceTree = "<group>"; };
		FADC1163269813EC0070465C /* UserCore.swift */ = {isa = PBXFileReference; lastKnownFileType = sourcecode.swift; path = UserCore.swift; sourceTree = "<group>"; };
		FADF90892807748400C19A07 /* UserCoreService_Firebase.swift */ = {isa = PBXFileReference; lastKnownFileType = sourcecode.swift; path = UserCoreService_Firebase.swift; sourceTree = "<group>"; };
		FAE5E18928387E9E00BBD115 /* StoryService_CoreData.swift */ = {isa = PBXFileReference; lastKnownFileType = sourcecode.swift; path = StoryService_CoreData.swift; sourceTree = "<group>"; };
		FAE5E18C28387ED800BBD115 /* StoryCD.xcdatamodel */ = {isa = PBXFileReference; lastKnownFileType = wrapper.xcdatamodel; path = StoryCD.xcdatamodel; sourceTree = "<group>"; };
		FAE5E6EE264092D000CC1670 /* Gala.app */ = {isa = PBXFileReference; explicitFileType = wrapper.application; includeInIndex = 0; path = Gala.app; sourceTree = BUILT_PRODUCTS_DIR; };
		FAE5E6F1264092D000CC1670 /* GalaApp.swift */ = {isa = PBXFileReference; lastKnownFileType = sourcecode.swift; path = GalaApp.swift; sourceTree = "<group>"; };
		FAE5E6F3264092D000CC1670 /* ContentView.swift */ = {isa = PBXFileReference; lastKnownFileType = sourcecode.swift; path = ContentView.swift; sourceTree = "<group>"; };
		FAE5E6F5264092D100CC1670 /* Assets.xcassets */ = {isa = PBXFileReference; lastKnownFileType = folder.assetcatalog; path = Assets.xcassets; sourceTree = "<group>"; };
		FAE5E6F8264092D100CC1670 /* Preview Assets.xcassets */ = {isa = PBXFileReference; lastKnownFileType = folder.assetcatalog; path = "Preview Assets.xcassets"; sourceTree = "<group>"; };
		FAE5E6FA264092D100CC1670 /* Info.plist */ = {isa = PBXFileReference; lastKnownFileType = text.plist.xml; path = Info.plist; sourceTree = "<group>"; };
		FAEDCFE3269E524400A2C4A1 /* AllRecentsView.swift */ = {isa = PBXFileReference; lastKnownFileType = sourcecode.swift; path = AllRecentsView.swift; sourceTree = "<group>"; };
		FAEDCFE526A1420500A2C4A1 /* UserAbout.swift */ = {isa = PBXFileReference; lastKnownFileType = sourcecode.swift; path = UserAbout.swift; sourceTree = "<group>"; };
		FAFD431426D7012700C535D2 /* CustomSlider.swift */ = {isa = PBXFileReference; lastKnownFileType = sourcecode.swift; path = CustomSlider.swift; sourceTree = "<group>"; };
		FAFD431826D75FA700C535D2 /* TestView.swift */ = {isa = PBXFileReference; lastKnownFileType = sourcecode.swift; path = TestView.swift; sourceTree = "<group>"; };
		FAFD434426DADBCF00C535D2 /* Pager.swift */ = {isa = PBXFileReference; lastKnownFileType = sourcecode.swift; path = Pager.swift; sourceTree = "<group>"; };
/* End PBXFileReference section */

/* Begin PBXFrameworksBuildPhase section */
		FAE5E6EB264092D000CC1670 /* Frameworks */ = {
			isa = PBXFrameworksBuildPhase;
			buildActionMask = 2147483647;
			files = (
				FA8773E8264097C300D5D5CB /* iTextField in Frameworks */,
				FA8773E52640979E00D5D5CB /* iPhoneNumberField in Frameworks */,
				FAD73C7027994FA8007221B0 /* OrderedCollections in Frameworks */,
				DC9017FCD80CF9C793488EA6 /* Pods_Gala.framework in Frameworks */,
			);
			runOnlyForDeploymentPostprocessing = 0;
		};
/* End PBXFrameworksBuildPhase section */

/* Begin PBXGroup section */
		3461F9FBC02935EB68A09EFB /* Frameworks */ = {
			isa = PBXGroup;
			children = (
				1CBCE97A2A6B0A799BCF0494 /* Pods_Gala.framework */,
			);
			name = Frameworks;
			sourceTree = "<group>";
		};
		79D6AE9E810083B04CE6A2E2 /* Pods */ = {
			isa = PBXGroup;
			children = (
				831B9135753054BD30C3A341 /* Pods-Gala.debug.xcconfig */,
				4EF601D28ED8276F3782F6F2 /* Pods-Gala.release.xcconfig */,
			);
			path = Pods;
			sourceTree = "<group>";
		};
		FA38DCE4272402EA003B4C90 /* CameraDelegates */ = {
			isa = PBXGroup;
			children = (
				FA38DCE02723DA33003B4C90 /* VideoCaptureProcessor.swift */,
				FA8CE4352717B45500BE8BB4 /* PhotoCaptureProcessor.swift */,
			);
			path = CameraDelegates;
			sourceTree = "<group>";
		};
		FA5DC6BA26A4BC8100F9BD86 /* SubSystems */ = {
			isa = PBXGroup;
			children = (
				FA7E3B3D26EF143F00A6653C /* RecentlyJoined */,
				FA7E3B3F26EF147700A6653C /* Stories */,
			);
			path = SubSystems;
			sourceTree = "<group>";
		};
		FA72A1762669ACED004DEF77 /* GeneralServices */ = {
			isa = PBXGroup;
			children = (
				FA87744E2640A20F00D5D5CB /* AuthService.swift */,
				FA72A1772669ACFC004DEF77 /* LocationService.swift */,
				FAAAA77E27F51B0A00663816 /* LocationViewModel.swift */,
				FA0F74E8286E568E00964718 /* NotificationController.swift */,
				FA0F74FB28778E1900964718 /* Timer.swift */,
			);
			path = GeneralServices;
			sourceTree = "<group>";
		};
		FA7BAD4626FD0E82002F25E0 /* SubViews */ = {
			isa = PBXGroup;
			children = (
				FABAABEA2788079A00154363 /* CameraViewHeader.swift */,
				FA6A33F0278D7B010087127B /* CameraBtn.swift */,
				FA87741F26409E9000D5D5CB /* PicTakenView.swift */,
				FA7BAD4426FC48CD002F25E0 /* SendView.swift */,
				FA2E23CB27BEF23D000C131A /* SendToSelector.swift */,
				FA7BAD4726FD0FAD002F25E0 /* PostSelector.swift */,
				FA67C6D326F7B46A00B77D30 /* CameraOptionsView.swift */,
				FAAAA76A27EA621900663816 /* DraggableTextView.swift */,
				FA0F74FD2878FAA900964718 /* VideoPlayerView.swift */,
			);
			path = SubViews;
			sourceTree = "<group>";
		};
		FA7E3B2926E7F70A00A6653C /* Views */ = {
			isa = PBXGroup;
			children = (
				FA87741B26409E5700D5D5CB /* CameraView.swift */,
				FA87741926409E3A00D5D5CB /* CameraPreview.swift */,
				FA7BAD4626FD0E82002F25E0 /* SubViews */,
			);
			path = Views;
			sourceTree = "<group>";
		};
		FA7E3B2A26E7F71100A6653C /* ViewModels */ = {
			isa = PBXGroup;
			children = (
				FA72A17426688949004DEF77 /* CameraViewModel.swift */,
				FA38DCE4272402EA003B4C90 /* CameraDelegates */,
				FA8CE4332717901900BE8BB4 /* OldCameraViewModel.swift */,
				FA7BAD4926FD107C002F25E0 /* SendViewModel.swift */,
				FA7E3B3726EAD18D00A6653C /* SendViewModelTest.swift */,
			);
			path = ViewModels;
			sourceTree = "<group>";
		};
		FA7E3B3926EAD72200A6653C /* Story */ = {
			isa = PBXGroup;
			children = (
				FA7E3B2B26E8003E00A6653C /* StoryService.swift */,
				FA7E3B2D26E8072200A6653C /* StoryMetaService.swift */,
				FA7E3B2F26E8073300A6653C /* StoryContentService.swift */,
				FAE5E18928387E9E00BBD115 /* StoryService_CoreData.swift */,
				FAE5E18B28387ED700BBD115 /* StoryCD.xcdatamodeld */,
			);
			path = Story;
			sourceTree = "<group>";
		};
		FA7E3B3D26EF143F00A6653C /* RecentlyJoined */ = {
			isa = PBXGroup;
			children = (
				FA7E3B2726E43F4600A6653C /* RecentlyJoinedViewModel.swift */,
				FAD9DB1C266F024A00BC6FDA /* RecentlyJoinedView.swift */,
				FAEDCFE3269E524400A2C4A1 /* AllRecentsView.swift */,
				FAD9DB2426743A7900BC6FDA /* SmallUserView.swift */,
				FAD9DB20266F16C200BC6FDA /* SmallUserViewModel.swift */,
			);
			path = RecentlyJoined;
			sourceTree = "<group>";
		};
		FA7E3B3E26EF145F00A6653C /* MatchStories */ = {
			isa = PBXGroup;
			children = (
				FA0FCA3D2684048000434561 /* MatchStoriesView.swift */,
				FA6BE5F027B4AB2B0058B78C /* MatchedStoryView.swift */,
				FA9E53F527D15CCB002DDF99 /* MultipleStoryView.swift */,
			);
			path = MatchStories;
			sourceTree = "<group>";
		};
		FA7E3B3F26EF147700A6653C /* Stories */ = {
			isa = PBXGroup;
			children = (
				FA0FCA412684050900434561 /* StoriesViewModel.swift */,
				FA7E3B3E26EF145F00A6653C /* MatchStories */,
				FABB9764280FF3F70014A21E /* Vibes */,
				FAB6103427CC3FF300BD8187 /* StoryListView.swift */,
				FAD33A0B27D0313800FC9553 /* UserStoryView.swift */,
			);
			path = Stories;
			sourceTree = "<group>";
		};
		FA848749268E5E7E009CA4C0 /* Tests */ = {
			isa = PBXGroup;
			children = (
				FA84874A268E5EAD009CA4C0 /* SignInSignUpValidation.swift */,
			);
			path = Tests;
			sourceTree = "<group>";
		};
		FA8773F226409A7200D5D5CB /* Chats */ = {
			isa = PBXGroup;
			children = (
				FA87741426409DD900D5D5CB /* Views */,
				FA87741326409DCE00D5D5CB /* ViewModels */,
			);
			path = Chats;
			sourceTree = "<group>";
		};
		FA8773F326409A7B00D5D5CB /* Camera */ = {
			isa = PBXGroup;
			children = (
				FA7E3B2926E7F70A00A6653C /* Views */,
				FA7E3B2A26E7F71100A6653C /* ViewModels */,
			);
			path = Camera;
			sourceTree = "<group>";
		};
		FA8773F426409A8500D5D5CB /* Explore */ = {
			isa = PBXGroup;
			children = (
				FAD9DB19266EEFB700BC6FDA /* ExploreView */,
				FA5DC6BA26A4BC8100F9BD86 /* SubSystems */,
			);
			path = Explore;
			sourceTree = "<group>";
		};
		FA8773F626409AA300D5D5CB /* Views */ = {
			isa = PBXGroup;
			children = (
				FA8773F826409AD400D5D5CB /* ProfileView.swift */,
				FA87740D26409D6000D5D5CB /* ProfileMainView.swift */,
				FA87740F26409D8300D5D5CB /* ProfilePreview.swift */,
				FABAABE92787F63400154363 /* SubViews */,
			);
			path = Views;
			sourceTree = "<group>";
		};
		FA8773F726409AAB00D5D5CB /* ViewModels */ = {
			isa = PBXGroup;
			children = (
				FA87740526409CAE00D5D5CB /* ProfileViewModel.swift */,
				FABAABF22788E75800154363 /* SubViewViewModels */,
			);
			path = ViewModels;
			sourceTree = "<group>";
		};
		FA8773FA26409BAD00D5D5CB /* SigninSignup */ = {
			isa = PBXGroup;
			children = (
				FA8773FC26409BCA00D5D5CB /* Views */,
				FA8773FB26409BBE00D5D5CB /* ViewModels */,
				FA848749268E5E7E009CA4C0 /* Tests */,
			);
			path = SigninSignup;
			sourceTree = "<group>";
		};
		FA8773FB26409BBE00D5D5CB /* ViewModels */ = {
			isa = PBXGroup;
			children = (
				FA8773FF26409C0600D5D5CB /* LandingPageViewModel.swift */,
				FA87740326409C5900D5D5CB /* SigninSignupViewModel.swift */,
			);
			path = ViewModels;
			sourceTree = "<group>";
		};
		FA8773FC26409BCA00D5D5CB /* Views */ = {
			isa = PBXGroup;
			children = (
				FA58F53826C884B200AE3B7C /* LandingView.swift */,
				FA87740126409C2B00D5D5CB /* SigninSignupView.swift */,
			);
			path = Views;
			sourceTree = "<group>";
		};
		FA87741326409DCE00D5D5CB /* ViewModels */ = {
			isa = PBXGroup;
			children = (
				FA87741526409DE900D5D5CB /* ChatsViewModel.swift */,
				FA6BE5F627B5F7620058B78C /* ChatViewModel.swift */,
			);
			path = ViewModels;
			sourceTree = "<group>";
		};
		FA87741426409DD900D5D5CB /* Views */ = {
			isa = PBXGroup;
			children = (
				FA7E3B1D26DEB64700A6653C /* ChatsView.swift */,
				FA87741726409E0700D5D5CB /* ConvoPreview.swift */,
				FA6BE5F427B5AA630058B78C /* ChatView.swift */,
				FA6BE60127B6015C0058B78C /* MessageView.swift */,
				FA50FAB227C8859200502410 /* SnapView.swift */,
				FAB6103227C99CC700BD8187 /* SnapMessageView.swift */,
			);
			path = Views;
			sourceTree = "<group>";
		};
		FA8774352640A03F00D5D5CB /* Extensions */ = {
			isa = PBXGroup;
			children = (
				FA8774362640A07900D5D5CB /* DateExtension.swift */,
				FA87743A2640A0B600D5D5CB /* ViewExtension.swift */,
				FA87743C2640A0DB00D5D5CB /* ColorExtension.swift */,
				FA579DC02654ED1D00EFA166 /* UIImage.swift */,
				FA72A1792669C5B9004DEF77 /* CoreLocationExtension.swift */,
				FA76E30826B34733009A650D /* IntExtension.swift */,
				FA58F53626C8842E00AE3B7C /* UIViewExtension.swift */,
				FA8CE4372717B4D000BE8BB4 /* AVCaptureDeviceExtension.swift */,
				FA6BE60527BDB0F10058B78C /* ArrayExtensions.swift */,
			);
			path = Extensions;
			sourceTree = "<group>";
		};
		FA87743E2640A10700D5D5CB /* Public Enums */ = {
			isa = PBXGroup;
			children = (
				FA87743F2640A12500D5D5CB /* ActiveSheetEnum.swift */,
				FA6A340427923DAA0087127B /* CurrentUserSexualityAndGender.swift */,
			);
			path = "Public Enums";
			sourceTree = "<group>";
		};
		FA8774412640A13C00D5D5CB /* Publishers */ = {
			isa = PBXGroup;
			children = (
				FA8774422640A14D00D5D5CB /* AuthPublisher.swift */,
				FA6A33FE278FF8F00087127B /* StoryPublisher.swift */,
				FAAAA77527F3A16500663816 /* KeyboardPublisher.swift */,
			);
			path = Publishers;
			sourceTree = "<group>";
		};
		FA8774442640A16800D5D5CB /* Models */ = {
			isa = PBXGroup;
			children = (
				FA8774452640A17900D5D5CB /* ImageModel.swift */,
				FA8774472640A19B00D5D5CB /* ProfileModel.swift */,
				FADC1163269813EC0070465C /* UserCore.swift */,
				FAEDCFE526A1420500A2C4A1 /* UserAbout.swift */,
				FA7E3B2526E1F40700A6653C /* Like.swift */,
				FA7E3B3126E808CF00A6653C /* Story.swift */,
				FAAAA77727F3C5E800663816 /* Post.swift */,
				FAAAA77927F3C63F00663816 /* UserPostSimple.swift */,
				FA6BE5FA27B5FA040058B78C /* UserChat.swift */,
				FA6BE5FD27B5FC1A0058B78C /* Message.swift */,
				FA6BE60327B7446B0058B78C /* Match.swift */,
				FA2E23CF27BF58AA000C131A /* Snap.swift */,
				FAAAA76427E3DD3700663816 /* VibeCoverImage.swift */,
				FAAAA76627E40B2300663816 /* Coordinate.swift */,
			);
			path = Models;
			sourceTree = "<group>";
		};
		FA8774492640A1CD00D5D5CB /* Services */ = {
			isa = PBXGroup;
			children = (
				FABB9762280FEFD40014A21E /* ExploreServices */,
				FABB9761280FEF990014A21E /* ChatServices */,
				FABB9760280FEF2B0014A21E /* ProfileServices */,
				FA72A1762669ACED004DEF77 /* GeneralServices */,
			);
			path = Services;
			sourceTree = "<group>";
		};
		FA8774572640A37D00D5D5CB /* ServiceViews */ = {
			isa = PBXGroup;
			children = (
				FAAAA77D27F3E63C00663816 /* NavBar */,
				FAAAA75A27E2A23300663816 /* InstaStoryView.swift */,
				FAFD434426DADBCF00C535D2 /* Pager.swift */,
				FA8774582640A39700D5D5CB /* ImagePicker.swift */,
				FA87745A2640A3B200D5D5CB /* ImageCropper.swift */,
				FA87745C2640A3E300D5D5CB /* DropViewDelegate.swift */,
				FA87745E2640A3F700D5D5CB /* BaseView.swift */,
				FAD33A0D27D0489000FC9553 /* LoadingView.swift */,
				FA9E53F727D1767A002DDF99 /* CircularLoadingView.swift */,
				FAFD431326D57AAE00C535D2 /* Slider */,
				FAAACE7B2865146E0081664B /* DemoButtonView.swift */,
			);
			path = ServiceViews;
			sourceTree = "<group>";
		};
		FA98385E2684572500A76AD5 /* App */ = {
			isa = PBXGroup;
			children = (
				FA72A17226681CAE004DEF77 /* AppState.swift */,
				FAE5E6F1264092D000CC1670 /* GalaApp.swift */,
				FA43BE6826645A9F001D1368 /* LaunchView.swift */,
				FAE5E6F3264092D000CC1670 /* ContentView.swift */,
				FAAAA78027F64D2500663816 /* DataStore */,
			);
			path = App;
			sourceTree = "<group>";
		};
		FAAAA77227EBC33C00663816 /* Profile_ */ = {
			isa = PBXGroup;
			children = (
				FA8773F626409AA300D5D5CB /* Views */,
				FA8773F726409AAB00D5D5CB /* ViewModels */,
			);
			path = Profile_;
			sourceTree = "<group>";
		};
		FAAAA77D27F3E63C00663816 /* NavBar */ = {
			isa = PBXGroup;
			children = (
				FA8773EF26409A4500D5D5CB /* NavBar.swift */,
				FAA7455928230DF700A54BD5 /* NewNavBar.swift */,
				FAAAA77B27F3E61500663816 /* NavBarViewModel.swift */,
			);
			path = NavBar;
			sourceTree = "<group>";
		};
		FAAAA78027F64D2500663816 /* DataStore */ = {
			isa = PBXGroup;
			children = (
				FAAAA78127F64D4200663816 /* DataStore.swift */,
				FAAAA7B227F7C1E200663816 /* ChatsDataStore.swift */,
				FAAAA7B427F7C67F00663816 /* RecentlyJoinedDataStore.swift */,
				FAAAA7B627F7C9AE00663816 /* StoriesDataStore.swift */,
			);
			path = DataStore;
			sourceTree = "<group>";
		};
		FAAAA7A427F676E200663816 /* UserCore */ = {
			isa = PBXGroup;
			children = (
				FADC11612698129D0070465C /* UserCoreService.swift */,
				FADF90892807748400C19A07 /* UserCoreService_Firebase.swift */,
				FAAAA7A227F6769500663816 /* UserCoreService_CoreData.swift */,
				FA9149F627FFE3F60015106E /* UserCoreCD.xcdatamodeld */,
			);
			path = UserCore;
			sourceTree = "<group>";
		};
		FAAAA7BD27FBB11800663816 /* UserAbout */ = {
			isa = PBXGroup;
			children = (
				FA0FCA4326840F5500434561 /* UserAboutService.swift */,
				FABB97542809FFA10014A21E /* UserAboutService_Firebase.swift */,
				FAAAA7BE27FBB12600663816 /* UserAboutService_CoreData.swift */,
				FA9149F927FFE5280015106E /* UserAboutCD.xcdatamodeld */,
			);
			path = UserAbout;
			sourceTree = "<group>";
		};
		FAAAA7C027FBB1FD00663816 /* ProfileImageService */ = {
			isa = PBXGroup;
			children = (
				FABB975C280F23980014A21E /* ProfileImageService.swift */,
				FA2D6EDD2643604000551EE3 /* ProfileImageService_Firebase.swift */,
				FABB975E280F24610014A21E /* ProfileImageService_CoreData.swift */,
				FA914A062807639F0015106E /* ProfileImageCD.xcdatamodeld */,
			);
			path = ProfileImageService;
			sourceTree = "<group>";
		};
		FAACA5772825D0F900B828DB /* Snaps */ = {
			isa = PBXGroup;
			children = (
				FA2E23CD27BF0D0D000C131A /* SnapService.swift */,
				FAACA5752825D0F400B828DB /* SnapService_CoreData.swift */,
				FAACA5782825D19300B828DB /* SnapCD.xcdatamodeld */,
			);
			path = Snaps;
			sourceTree = "<group>";
		};
		FABAABE92787F63400154363 /* SubViews */ = {
			isa = PBXGroup;
			children = (
				FABAABE32787F44E00154363 /* MyStoriesDropDown.swift */,
				FABAABE52787F47700154363 /* MyLikesDropDown.swift */,
				FABAABE72787F49A00154363 /* AddToStoryButton.swift */,
				FAAAA76C27EBC10D00663816 /* NewcomerLikesDropDown.swift */,
				FA0F74FF287F64C700964718 /* AllProfileImageTabView.swift */,
			);
			path = SubViews;
			sourceTree = "<group>";
		};
		FABAABF22788E75800154363 /* SubViewViewModels */ = {
			isa = PBXGroup;
			children = (
				FAAAA76E27EBC1E000663816 /* BasicLikesViewModel.swift */,
				FABAABF32788E76A00154363 /* MyStoriesDropDownViewModel.swift */,
				FAAAA76827E54A9700663816 /* LikesViewModel.swift */,
			);
			path = SubViewViewModels;
			sourceTree = "<group>";
		};
		FABB9760280FEF2B0014A21E /* ProfileServices */ = {
			isa = PBXGroup;
			children = (
				FAAAA7C527FBCE5600663816 /* ProfileService.swift */,
				FA76E30626AE6D1A009A650D /* RecentlyJoinedUserService.swift */,
				FAAAA7A427F676E200663816 /* UserCore */,
				FAAAA7BD27FBB11800663816 /* UserAbout */,
				FAAAA7C027FBB1FD00663816 /* ProfileImageService */,
			);
			path = ProfileServices;
			sourceTree = "<group>";
		};
		FABB9761280FEF990014A21E /* ChatServices */ = {
			isa = PBXGroup;
			children = (
				FAACA5772825D0F900B828DB /* Snaps */,
				FABB9777281248DC0014A21E /* Matches */,
				FABB97652810AA4F0014A21E /* Message */,
			);
			path = ChatServices;
			sourceTree = "<group>";
		};
		FABB9762280FEFD40014A21E /* ExploreServices */ = {
			isa = PBXGroup;
			children = (
				FA7E3B2326E1F28300A6653C /* LikesService.swift */,
				FABB9763280FF0310014A21E /* Vibes */,
				FA7E3B3926EAD72200A6653C /* Story */,
			);
			path = ExploreServices;
			sourceTree = "<group>";
		};
		FABB9763280FF0310014A21E /* Vibes */ = {
			isa = PBXGroup;
			children = (
				FA67C6D526FA605700B77D30 /* VibesService.swift */,
				FAD73C7E27A9AA1A007221B0 /* VibeImageService.swift */,
			);
			path = Vibes;
			sourceTree = "<group>";
		};
		FABB9764280FF3F70014A21E /* Vibes */ = {
			isa = PBXGroup;
			children = (
				FAD73C6C27993BA7007221B0 /* VibeView.swift */,
				FAD73C7C27A353A9007221B0 /* VibesPlaceHolder.swift */,
			);
			path = Vibes;
			sourceTree = "<group>";
		};
		FABB97652810AA4F0014A21E /* Message */ = {
			isa = PBXGroup;
			children = (
				FABB97692810ABFC0014A21E /* MessageService_Firebase.swift */,
				FABB976B2810AC0D0014A21E /* MessageService_CoreData.swift */,
				FABB97662810AB240014A21E /* MessageCD.xcdatamodeld */,
			);
			path = Message;
			sourceTree = "<group>";
		};
		FABB9777281248DC0014A21E /* Matches */ = {
			isa = PBXGroup;
			children = (
				FA6BE5EE27B4A5140058B78C /* MatchService_Firebase.swift */,
				FABB9778281249310014A21E /* MatchService_CoreData.swift */,
				FABB977A28124B380014A21E /* MatchCD.xcdatamodeld */,
			);
			path = Matches;
			sourceTree = "<group>";
		};
		FAD9DB19266EEFB700BC6FDA /* ExploreView */ = {
			isa = PBXGroup;
			children = (
				FAD9DB1A266EF4EF00BC6FDA /* ExploreView.swift */,
				FA98385F2686834200A76AD5 /* ExploreMainView.swift */,
				FAD9DB1E266F136A00BC6FDA /* ExploreViewModel.swift */,
			);
			path = ExploreView;
			sourceTree = "<group>";
		};
		FAE5E6E5264092D000CC1670 = {
			isa = PBXGroup;
			children = (
				FAE5E6F0264092D000CC1670 /* Gala */,
				FAE5E6EF264092D000CC1670 /* Products */,
				79D6AE9E810083B04CE6A2E2 /* Pods */,
				3461F9FBC02935EB68A09EFB /* Frameworks */,
			);
			sourceTree = "<group>";
		};
		FAE5E6EF264092D000CC1670 /* Products */ = {
			isa = PBXGroup;
			children = (
				FAE5E6EE264092D000CC1670 /* Gala.app */,
			);
			name = Products;
			sourceTree = "<group>";
		};
		FAE5E6F0264092D000CC1670 /* Gala */ = {
			isa = PBXGroup;
			children = (
				FA0F74E7286E4B0100964718 /* Gala.entitlements */,
				FA98385E2684572500A76AD5 /* App */,
				FA8773FA26409BAD00D5D5CB /* SigninSignup */,
				FAAAA77227EBC33C00663816 /* Profile_ */,
				FA8773F226409A7200D5D5CB /* Chats */,
				FA8773F326409A7B00D5D5CB /* Camera */,
				FA8773F426409A8500D5D5CB /* Explore */,
				FA8774492640A1CD00D5D5CB /* Services */,
				FA8774442640A16800D5D5CB /* Models */,
				FA8774572640A37D00D5D5CB /* ServiceViews */,
				FA8774352640A03F00D5D5CB /* Extensions */,
				FA87743E2640A10700D5D5CB /* Public Enums */,
				FA8774412640A13C00D5D5CB /* Publishers */,
				FAE5E6F5264092D100CC1670 /* Assets.xcassets */,
				FADC115A269790B00070465C /* GoogleService-Info.plist */,
				FAE5E6FA264092D100CC1670 /* Info.plist */,
				FAE5E6F7264092D100CC1670 /* Preview Content */,
			);
			path = Gala;
			sourceTree = "<group>";
		};
		FAE5E6F7264092D100CC1670 /* Preview Content */ = {
			isa = PBXGroup;
			children = (
				FAE5E6F8264092D100CC1670 /* Preview Assets.xcassets */,
			);
			path = "Preview Content";
			sourceTree = "<group>";
		};
		FAFD431326D57AAE00C535D2 /* Slider */ = {
			isa = PBXGroup;
			children = (
				FA777D2826CE219F007C53F5 /* SliderView.swift */,
				FA777D2A26CE21F3007C53F5 /* SliderHandle.swift */,
				FAFD431426D7012700C535D2 /* CustomSlider.swift */,
				FA777D2426CE0D86007C53F5 /* Slider.swift */,
				FAFD431826D75FA700C535D2 /* TestView.swift */,
			);
			path = Slider;
			sourceTree = "<group>";
		};
/* End PBXGroup section */

/* Begin PBXNativeTarget section */
		FAE5E6ED264092D000CC1670 /* Gala */ = {
			isa = PBXNativeTarget;
			buildConfigurationList = FAE5E6FD264092D100CC1670 /* Build configuration list for PBXNativeTarget "Gala" */;
			buildPhases = (
				0C62EB78CAA67FF2A810CFAC /* [CP] Check Pods Manifest.lock */,
				FAE5E6EA264092D000CC1670 /* Sources */,
				FAE5E6EB264092D000CC1670 /* Frameworks */,
				FAE5E6EC264092D000CC1670 /* Resources */,
				AF4D394A5BA2AEB31FD882D7 /* [CP] Embed Pods Frameworks */,
			);
			buildRules = (
			);
			dependencies = (
			);
			name = Gala;
			packageProductDependencies = (
				FA8773E42640979E00D5D5CB /* iPhoneNumberField */,
				FA8773E7264097C300D5D5CB /* iTextField */,
				FAD73C6F27994FA8007221B0 /* OrderedCollections */,
			);
			productName = Gala_Final;
			productReference = FAE5E6EE264092D000CC1670 /* Gala.app */;
			productType = "com.apple.product-type.application";
		};
/* End PBXNativeTarget section */

/* Begin PBXProject section */
		FAE5E6E6264092D000CC1670 /* Project object */ = {
			isa = PBXProject;
			attributes = {
				LastSwiftUpdateCheck = 1250;
				LastUpgradeCheck = 1250;
				TargetAttributes = {
					FAE5E6ED264092D000CC1670 = {
						CreatedOnToolsVersion = 12.5;
					};
				};
			};
			buildConfigurationList = FAE5E6E9264092D000CC1670 /* Build configuration list for PBXProject "Gala" */;
			compatibilityVersion = "Xcode 9.3";
			developmentRegion = en;
			hasScannedForEncodings = 0;
			knownRegions = (
				en,
				Base,
			);
			mainGroup = FAE5E6E5264092D000CC1670;
			packageReferences = (
				FA8773E32640979E00D5D5CB /* XCRemoteSwiftPackageReference "iPhoneNumberField" */,
				FA8773E6264097C300D5D5CB /* XCRemoteSwiftPackageReference "iTextField" */,
				FAD73C6E27994FA8007221B0 /* XCRemoteSwiftPackageReference "swift-collections" */,
			);
			productRefGroup = FAE5E6EF264092D000CC1670 /* Products */;
			projectDirPath = "";
			projectRoot = "";
			targets = (
				FAE5E6ED264092D000CC1670 /* Gala */,
			);
		};
/* End PBXProject section */

/* Begin PBXResourcesBuildPhase section */
		FAE5E6EC264092D000CC1670 /* Resources */ = {
			isa = PBXResourcesBuildPhase;
			buildActionMask = 2147483647;
			files = (
				FADC115B269790B00070465C /* GoogleService-Info.plist in Resources */,
				FAE5E6F9264092D100CC1670 /* Preview Assets.xcassets in Resources */,
				FAE5E6F6264092D100CC1670 /* Assets.xcassets in Resources */,
			);
			runOnlyForDeploymentPostprocessing = 0;
		};
/* End PBXResourcesBuildPhase section */

/* Begin PBXShellScriptBuildPhase section */
		0C62EB78CAA67FF2A810CFAC /* [CP] Check Pods Manifest.lock */ = {
			isa = PBXShellScriptBuildPhase;
			buildActionMask = 2147483647;
			files = (
			);
			inputFileListPaths = (
			);
			inputPaths = (
				"${PODS_PODFILE_DIR_PATH}/Podfile.lock",
				"${PODS_ROOT}/Manifest.lock",
			);
			name = "[CP] Check Pods Manifest.lock";
			outputFileListPaths = (
			);
			outputPaths = (
				"$(DERIVED_FILE_DIR)/Pods-Gala-checkManifestLockResult.txt",
			);
			runOnlyForDeploymentPostprocessing = 0;
			shellPath = /bin/sh;
			shellScript = "diff \"${PODS_PODFILE_DIR_PATH}/Podfile.lock\" \"${PODS_ROOT}/Manifest.lock\" > /dev/null\nif [ $? != 0 ] ; then\n    # print error to STDERR\n    echo \"error: The sandbox is not in sync with the Podfile.lock. Run 'pod install' or update your CocoaPods installation.\" >&2\n    exit 1\nfi\n# This output is used by Xcode 'outputs' to avoid re-running this script phase.\necho \"SUCCESS\" > \"${SCRIPT_OUTPUT_FILE_0}\"\n";
			showEnvVarsInLog = 0;
		};
		AF4D394A5BA2AEB31FD882D7 /* [CP] Embed Pods Frameworks */ = {
			isa = PBXShellScriptBuildPhase;
			buildActionMask = 2147483647;
			files = (
			);
			inputFileListPaths = (
				"${PODS_ROOT}/Target Support Files/Pods-Gala/Pods-Gala-frameworks-${CONFIGURATION}-input-files.xcfilelist",
			);
			name = "[CP] Embed Pods Frameworks";
			outputFileListPaths = (
				"${PODS_ROOT}/Target Support Files/Pods-Gala/Pods-Gala-frameworks-${CONFIGURATION}-output-files.xcfilelist",
			);
			runOnlyForDeploymentPostprocessing = 0;
			shellPath = /bin/sh;
			shellScript = "\"${PODS_ROOT}/Target Support Files/Pods-Gala/Pods-Gala-frameworks.sh\"\n";
			showEnvVarsInLog = 0;
		};
/* End PBXShellScriptBuildPhase section */

/* Begin PBXSourcesBuildPhase section */
		FAE5E6EA264092D000CC1670 /* Sources */ = {
			isa = PBXSourcesBuildPhase;
			buildActionMask = 2147483647;
			files = (
				FA8774482640A19B00D5D5CB /* ProfileModel.swift in Sources */,
				FAAAA78227F64D4200663816 /* DataStore.swift in Sources */,
				FAAAA7B727F7C9AE00663816 /* StoriesDataStore.swift in Sources */,
				FA6BE5F127B4AB2B0058B78C /* MatchedStoryView.swift in Sources */,
				FA8CE4382717B4D000BE8BB4 /* AVCaptureDeviceExtension.swift in Sources */,
				FA2E23D027BF58AA000C131A /* Snap.swift in Sources */,
				FA6BE5F527B5AA630058B78C /* ChatView.swift in Sources */,
				FA7BAD4A26FD107C002F25E0 /* SendViewModel.swift in Sources */,
				FAAAA76D27EBC10D00663816 /* NewcomerLikesDropDown.swift in Sources */,
				FAD9DB1D266F024A00BC6FDA /* RecentlyJoinedView.swift in Sources */,
				FA0FCA4426840F5500434561 /* UserAboutService.swift in Sources */,
				FAA7455A28230DF700A54BD5 /* NewNavBar.swift in Sources */,
				FAAAA76727E40B2300663816 /* Coordinate.swift in Sources */,
				FAEDCFE626A1420500A2C4A1 /* UserAbout.swift in Sources */,
				FAE5E18A28387E9E00BBD115 /* StoryService_CoreData.swift in Sources */,
				FA6BE5FB27B5FA040058B78C /* UserChat.swift in Sources */,
				FA87745D2640A3E300D5D5CB /* DropViewDelegate.swift in Sources */,
				FAB6103327C99CC700BD8187 /* SnapMessageView.swift in Sources */,
				FAAAA7A327F6769500663816 /* UserCoreService_CoreData.swift in Sources */,
				FA777D2926CE219F007C53F5 /* SliderView.swift in Sources */,
				FADC1164269813EC0070465C /* UserCore.swift in Sources */,
				FA2E23CC27BEF23D000C131A /* SendToSelector.swift in Sources */,
				FAACA57A2825D19300B828DB /* SnapCD.xcdatamodeld in Sources */,
				FABB977C28124B380014A21E /* MatchCD.xcdatamodeld in Sources */,
				FA87740426409C5900D5D5CB /* SigninSignupViewModel.swift in Sources */,
				FADF908A2807748400C19A07 /* UserCoreService_Firebase.swift in Sources */,
				FAAAA76B27EA621900663816 /* DraggableTextView.swift in Sources */,
				FABB97682810AB240014A21E /* MessageCD.xcdatamodeld in Sources */,
				FABAABE42787F44E00154363 /* MyStoriesDropDown.swift in Sources */,
				FAD9DB1F266F136A00BC6FDA /* ExploreViewModel.swift in Sources */,
				FAD9DB1B266EF4EF00BC6FDA /* ExploreView.swift in Sources */,
				FABAABF42788E76A00154363 /* MyStoriesDropDownViewModel.swift in Sources */,
				FA6A33FF278FF8F00087127B /* StoryPublisher.swift in Sources */,
				FA67C6D426F7B46A00B77D30 /* CameraOptionsView.swift in Sources */,
				FA777D2B26CE21F3007C53F5 /* SliderHandle.swift in Sources */,
				FA0F74FC28778E1900964718 /* Timer.swift in Sources */,
				FA87740226409C2B00D5D5CB /* SigninSignupView.swift in Sources */,
				FAD33A0E27D0489000FC9553 /* LoadingView.swift in Sources */,
				FA87740E26409D6000D5D5CB /* ProfileMainView.swift in Sources */,
				FAAAA7BF27FBB12600663816 /* UserAboutService_CoreData.swift in Sources */,
				FA7E3B2C26E8003E00A6653C /* StoryService.swift in Sources */,
				FA0F7500287F64C700964718 /* AllProfileImageTabView.swift in Sources */,
				FA58F53926C884B200AE3B7C /* LandingView.swift in Sources */,
				FA87741A26409E3A00D5D5CB /* CameraPreview.swift in Sources */,
				FAAAA77C27F3E61500663816 /* NavBarViewModel.swift in Sources */,
				FA6BE5FE27B5FC1A0058B78C /* Message.swift in Sources */,
				FA7E3B1E26DEB64700A6653C /* ChatsView.swift in Sources */,
				FA8CE4362717B45500BE8BB4 /* PhotoCaptureProcessor.swift in Sources */,
				FA7E3B3226E808CF00A6653C /* Story.swift in Sources */,
				FAAAA75B27E2A23300663816 /* InstaStoryView.swift in Sources */,
				FAAAA7C627FBCE5600663816 /* ProfileService.swift in Sources */,
				FA7BAD4826FD0FAD002F25E0 /* PostSelector.swift in Sources */,
				FA0FCA3E2684048000434561 /* MatchStoriesView.swift in Sources */,
				FA7E3B2626E1F40700A6653C /* Like.swift in Sources */,
				FAAAA77F27F51B0A00663816 /* LocationViewModel.swift in Sources */,
				FABB975F280F24610014A21E /* ProfileImageService_CoreData.swift in Sources */,
				FA914A082807639F0015106E /* ProfileImageCD.xcdatamodeld in Sources */,
				FA6BE60627BDB0F10058B78C /* ArrayExtensions.swift in Sources */,
				FAD73C6D27993BA7007221B0 /* VibeView.swift in Sources */,
				FA9E53F627D15CCB002DDF99 /* MultipleStoryView.swift in Sources */,
				FAAACE7C2865146F0081664B /* DemoButtonView.swift in Sources */,
				FAD9DB2526743A7900BC6FDA /* SmallUserView.swift in Sources */,
				FA7E3B2826E43F4600A6653C /* RecentlyJoinedViewModel.swift in Sources */,
				FA6BE5EF27B4A5140058B78C /* MatchService_Firebase.swift in Sources */,
				FA8CE4342717901900BE8BB4 /* OldCameraViewModel.swift in Sources */,
				FA9838602686834200A76AD5 /* ExploreMainView.swift in Sources */,
				FA87741026409D8300D5D5CB /* ProfilePreview.swift in Sources */,
				FA76E30926B34733009A650D /* IntExtension.swift in Sources */,
				FAFD431526D7012700C535D2 /* CustomSlider.swift in Sources */,
				FABB97552809FFA10014A21E /* UserAboutService_Firebase.swift in Sources */,
				FA8774592640A39700D5D5CB /* ImagePicker.swift in Sources */,
				FABAABEB2788079A00154363 /* CameraViewHeader.swift in Sources */,
				FA9E53F827D1767A002DDF99 /* CircularLoadingView.swift in Sources */,
				FAAAA77627F3A16500663816 /* KeyboardPublisher.swift in Sources */,
				FA2E23CE27BF0D0D000C131A /* SnapService.swift in Sources */,
				FADC11622698129D0070465C /* UserCoreService.swift in Sources */,
				FA8774372640A07900D5D5CB /* DateExtension.swift in Sources */,
				FA87745F2640A3F700D5D5CB /* BaseView.swift in Sources */,
				FAAAA76F27EBC1E000663816 /* BasicLikesViewModel.swift in Sources */,
				FA9149FB27FFE5280015106E /* UserAboutCD.xcdatamodeld in Sources */,
				FA6BE60227B6015C0058B78C /* MessageView.swift in Sources */,
				FA8774402640A12500D5D5CB /* ActiveSheetEnum.swift in Sources */,
				FA8773F926409AD400D5D5CB /* ProfileView.swift in Sources */,
				FA87743B2640A0B600D5D5CB /* ViewExtension.swift in Sources */,
				FA6BE5F727B5F7620058B78C /* ChatViewModel.swift in Sources */,
				FA87741826409E0700D5D5CB /* ConvoPreview.swift in Sources */,
				FA2D6EDE2643604000551EE3 /* ProfileImageService_Firebase.swift in Sources */,
				FA72A1782669ACFC004DEF77 /* LocationService.swift in Sources */,
				FAD73C7D27A353A9007221B0 /* VibesPlaceHolder.swift in Sources */,
				FA777D2526CE0D86007C53F5 /* Slider.swift in Sources */,
				FA43BE6926645A9F001D1368 /* LaunchView.swift in Sources */,
				FAEDCFE4269E524400A2C4A1 /* AllRecentsView.swift in Sources */,
				FA58F53726C8842E00AE3B7C /* UIViewExtension.swift in Sources */,
				FA38DCE12723DA33003B4C90 /* VideoCaptureProcessor.swift in Sources */,
				FAAAA7B327F7C1E200663816 /* ChatsDataStore.swift in Sources */,
				FA87740626409CAE00D5D5CB /* ProfileViewModel.swift in Sources */,
				FABAABE82787F49A00154363 /* AddToStoryButton.swift in Sources */,
				FA87743D2640A0DB00D5D5CB /* ColorExtension.swift in Sources */,
				FAE5E6F4264092D000CC1670 /* ContentView.swift in Sources */,
				FA87745B2640A3B200D5D5CB /* ImageCropper.swift in Sources */,
				FA579DC12654ED1D00EFA166 /* UIImage.swift in Sources */,
				FA0F74E9286E568E00964718 /* NotificationController.swift in Sources */,
				FA84874B268E5EAD009CA4C0 /* SignInSignUpValidation.swift in Sources */,
				FABB976C2810AC0D0014A21E /* MessageService_CoreData.swift in Sources */,
				FA72A17A2669C5B9004DEF77 /* CoreLocationExtension.swift in Sources */,
				FA6A33F1278D7B010087127B /* CameraBtn.swift in Sources */,
				FAAAA76527E3DD3700663816 /* VibeCoverImage.swift in Sources */,
				FAB6103527CC3FF300BD8187 /* StoryListView.swift in Sources */,
				FA7E3B3826EAD18D00A6653C /* SendViewModelTest.swift in Sources */,
				FA50FAB327C8859200502410 /* SnapView.swift in Sources */,
				FA87740026409C0600D5D5CB /* LandingPageViewModel.swift in Sources */,
				FAACA5762825D0F400B828DB /* SnapService_CoreData.swift in Sources */,
				FA7E3B3026E8073300A6653C /* StoryContentService.swift in Sources */,
				FABAABE62787F47700154363 /* MyLikesDropDown.swift in Sources */,
				FA0F74FE2878FAA900964718 /* VideoPlayerView.swift in Sources */,
				FAE5E18D28387ED800BBD115 /* StoryCD.xcdatamodeld in Sources */,
				FA67C6D626FA605700B77D30 /* VibesService.swift in Sources */,
				FA87741C26409E5700D5D5CB /* CameraView.swift in Sources */,
				FA76E30726AE6D1A009A650D /* RecentlyJoinedUserService.swift in Sources */,
				FAE5E6F2264092D000CC1670 /* GalaApp.swift in Sources */,
				FAFD434526DADBCF00C535D2 /* Pager.swift in Sources */,
				FA7E3B2E26E8072200A6653C /* StoryMetaService.swift in Sources */,
				FAAAA77827F3C5E800663816 /* Post.swift in Sources */,
				FA8774432640A14D00D5D5CB /* AuthPublisher.swift in Sources */,
				FA6A340527923DAA0087127B /* CurrentUserSexualityAndGender.swift in Sources */,
				FAD73C7F27A9AA1A007221B0 /* VibeImageService.swift in Sources */,
				FA7E3B2426E1F28300A6653C /* LikesService.swift in Sources */,
				FAD33A0C27D0313800FC9553 /* UserStoryView.swift in Sources */,
				FA9149F827FFE3F60015106E /* UserCoreCD.xcdatamodeld in Sources */,
				FAFD431926D75FA700C535D2 /* TestView.swift in Sources */,
				FA87742026409E9000D5D5CB /* PicTakenView.swift in Sources */,
				FAAAA7B527F7C67F00663816 /* RecentlyJoinedDataStore.swift in Sources */,
				FA7BAD4526FC48CD002F25E0 /* SendView.swift in Sources */,
				FA8773F026409A4500D5D5CB /* NavBar.swift in Sources */,
				FAD9DB21266F16C200BC6FDA /* SmallUserViewModel.swift in Sources */,
				FA0FCA422684050900434561 /* StoriesViewModel.swift in Sources */,
				FAAAA76927E54A9700663816 /* LikesViewModel.swift in Sources */,
				FAAAA77A27F3C63F00663816 /* UserPostSimple.swift in Sources */,
				FA87741626409DEA00D5D5CB /* ChatsViewModel.swift in Sources */,
				FA72A17326681CAE004DEF77 /* AppState.swift in Sources */,
				FA72A17526688949004DEF77 /* CameraViewModel.swift in Sources */,
				FA87744F2640A20F00D5D5CB /* AuthService.swift in Sources */,
				FABB975D280F23980014A21E /* ProfileImageService.swift in Sources */,
				FA8774462640A17900D5D5CB /* ImageModel.swift in Sources */,
				FABB976A2810ABFC0014A21E /* MessageService_Firebase.swift in Sources */,
				FABB9779281249310014A21E /* MatchService_CoreData.swift in Sources */,
				FA6BE60427B7446B0058B78C /* Match.swift in Sources */,
			);
			runOnlyForDeploymentPostprocessing = 0;
		};
/* End PBXSourcesBuildPhase section */

/* Begin XCBuildConfiguration section */
		FAE5E6FB264092D100CC1670 /* Debug */ = {
			isa = XCBuildConfiguration;
			buildSettings = {
				ALWAYS_SEARCH_USER_PATHS = NO;
				CLANG_ANALYZER_NONNULL = YES;
				CLANG_ANALYZER_NUMBER_OBJECT_CONVERSION = YES_AGGRESSIVE;
				CLANG_CXX_LANGUAGE_STANDARD = "gnu++14";
				CLANG_CXX_LIBRARY = "libc++";
				CLANG_ENABLE_MODULES = YES;
				CLANG_ENABLE_OBJC_ARC = YES;
				CLANG_ENABLE_OBJC_WEAK = YES;
				CLANG_WARN_BLOCK_CAPTURE_AUTORELEASING = YES;
				CLANG_WARN_BOOL_CONVERSION = YES;
				CLANG_WARN_COMMA = YES;
				CLANG_WARN_CONSTANT_CONVERSION = YES;
				CLANG_WARN_DEPRECATED_OBJC_IMPLEMENTATIONS = YES;
				CLANG_WARN_DIRECT_OBJC_ISA_USAGE = YES_ERROR;
				CLANG_WARN_DOCUMENTATION_COMMENTS = YES;
				CLANG_WARN_EMPTY_BODY = YES;
				CLANG_WARN_ENUM_CONVERSION = YES;
				CLANG_WARN_INFINITE_RECURSION = YES;
				CLANG_WARN_INT_CONVERSION = YES;
				CLANG_WARN_NON_LITERAL_NULL_CONVERSION = YES;
				CLANG_WARN_OBJC_IMPLICIT_RETAIN_SELF = YES;
				CLANG_WARN_OBJC_LITERAL_CONVERSION = YES;
				CLANG_WARN_OBJC_ROOT_CLASS = YES_ERROR;
				CLANG_WARN_QUOTED_INCLUDE_IN_FRAMEWORK_HEADER = YES;
				CLANG_WARN_RANGE_LOOP_ANALYSIS = YES;
				CLANG_WARN_STRICT_PROTOTYPES = YES;
				CLANG_WARN_SUSPICIOUS_MOVE = YES;
				CLANG_WARN_UNGUARDED_AVAILABILITY = YES_AGGRESSIVE;
				CLANG_WARN_UNREACHABLE_CODE = YES;
				CLANG_WARN__DUPLICATE_METHOD_MATCH = YES;
				COPY_PHASE_STRIP = NO;
				DEBUG_INFORMATION_FORMAT = dwarf;
				ENABLE_STRICT_OBJC_MSGSEND = YES;
				ENABLE_TESTABILITY = YES;
				GCC_C_LANGUAGE_STANDARD = gnu11;
				GCC_DYNAMIC_NO_PIC = NO;
				GCC_NO_COMMON_BLOCKS = YES;
				GCC_OPTIMIZATION_LEVEL = 0;
				GCC_PREPROCESSOR_DEFINITIONS = (
					"DEBUG=1",
					"$(inherited)",
				);
				GCC_WARN_64_TO_32_BIT_CONVERSION = YES;
				GCC_WARN_ABOUT_RETURN_TYPE = YES_ERROR;
				GCC_WARN_UNDECLARED_SELECTOR = YES;
				GCC_WARN_UNINITIALIZED_AUTOS = YES_AGGRESSIVE;
				GCC_WARN_UNUSED_FUNCTION = YES;
				GCC_WARN_UNUSED_VARIABLE = YES;
				IPHONEOS_DEPLOYMENT_TARGET = 14.5;
				MTL_ENABLE_DEBUG_INFO = INCLUDE_SOURCE;
				MTL_FAST_MATH = YES;
				ONLY_ACTIVE_ARCH = YES;
				SDKROOT = iphoneos;
				SWIFT_ACTIVE_COMPILATION_CONDITIONS = DEBUG;
				SWIFT_OPTIMIZATION_LEVEL = "-Onone";
				VALIDATE_PRODUCT = NO;
			};
			name = Debug;
		};
		FAE5E6FC264092D100CC1670 /* Release */ = {
			isa = XCBuildConfiguration;
			buildSettings = {
				ALWAYS_SEARCH_USER_PATHS = NO;
				CLANG_ANALYZER_NONNULL = YES;
				CLANG_ANALYZER_NUMBER_OBJECT_CONVERSION = YES_AGGRESSIVE;
				CLANG_CXX_LANGUAGE_STANDARD = "gnu++14";
				CLANG_CXX_LIBRARY = "libc++";
				CLANG_ENABLE_MODULES = YES;
				CLANG_ENABLE_OBJC_ARC = YES;
				CLANG_ENABLE_OBJC_WEAK = YES;
				CLANG_WARN_BLOCK_CAPTURE_AUTORELEASING = YES;
				CLANG_WARN_BOOL_CONVERSION = YES;
				CLANG_WARN_COMMA = YES;
				CLANG_WARN_CONSTANT_CONVERSION = YES;
				CLANG_WARN_DEPRECATED_OBJC_IMPLEMENTATIONS = YES;
				CLANG_WARN_DIRECT_OBJC_ISA_USAGE = YES_ERROR;
				CLANG_WARN_DOCUMENTATION_COMMENTS = YES;
				CLANG_WARN_EMPTY_BODY = YES;
				CLANG_WARN_ENUM_CONVERSION = YES;
				CLANG_WARN_INFINITE_RECURSION = YES;
				CLANG_WARN_INT_CONVERSION = YES;
				CLANG_WARN_NON_LITERAL_NULL_CONVERSION = YES;
				CLANG_WARN_OBJC_IMPLICIT_RETAIN_SELF = YES;
				CLANG_WARN_OBJC_LITERAL_CONVERSION = YES;
				CLANG_WARN_OBJC_ROOT_CLASS = YES_ERROR;
				CLANG_WARN_QUOTED_INCLUDE_IN_FRAMEWORK_HEADER = YES;
				CLANG_WARN_RANGE_LOOP_ANALYSIS = YES;
				CLANG_WARN_STRICT_PROTOTYPES = YES;
				CLANG_WARN_SUSPICIOUS_MOVE = YES;
				CLANG_WARN_UNGUARDED_AVAILABILITY = YES_AGGRESSIVE;
				CLANG_WARN_UNREACHABLE_CODE = YES;
				CLANG_WARN__DUPLICATE_METHOD_MATCH = YES;
				COPY_PHASE_STRIP = NO;
				DEBUG_INFORMATION_FORMAT = "dwarf-with-dsym";
				ENABLE_NS_ASSERTIONS = NO;
				ENABLE_STRICT_OBJC_MSGSEND = YES;
				GCC_C_LANGUAGE_STANDARD = gnu11;
				GCC_NO_COMMON_BLOCKS = YES;
				GCC_WARN_64_TO_32_BIT_CONVERSION = YES;
				GCC_WARN_ABOUT_RETURN_TYPE = YES_ERROR;
				GCC_WARN_UNDECLARED_SELECTOR = YES;
				GCC_WARN_UNINITIALIZED_AUTOS = YES_AGGRESSIVE;
				GCC_WARN_UNUSED_FUNCTION = YES;
				GCC_WARN_UNUSED_VARIABLE = YES;
				IPHONEOS_DEPLOYMENT_TARGET = 14.5;
				MTL_ENABLE_DEBUG_INFO = NO;
				MTL_FAST_MATH = YES;
				SDKROOT = iphoneos;
				SWIFT_COMPILATION_MODE = wholemodule;
				SWIFT_OPTIMIZATION_LEVEL = "-O";
				VALIDATE_PRODUCT = NO;
			};
			name = Release;
		};
		FAE5E6FE264092D100CC1670 /* Debug */ = {
			isa = XCBuildConfiguration;
			baseConfigurationReference = 831B9135753054BD30C3A341 /* Pods-Gala.debug.xcconfig */;
			buildSettings = {
				ASSETCATALOG_COMPILER_APPICON_NAME = AppIcon;
				ASSETCATALOG_COMPILER_GLOBAL_ACCENT_COLOR_NAME = AccentColor;
				CODE_SIGN_ENTITLEMENTS = Gala/Gala.entitlements;
				CODE_SIGN_STYLE = Automatic;
				DEVELOPMENT_ASSET_PATHS = "\"Gala/Preview Content\"";
				DEVELOPMENT_TEAM = TBMU9UG97G;
				ENABLE_PREVIEWS = YES;
				INFOPLIST_FILE = Gala/Info.plist;
				IPHONEOS_DEPLOYMENT_TARGET = 15.0;
				LD_RUNPATH_SEARCH_PATHS = (
					"$(inherited)",
					"@executable_path/Frameworks",
				);
				PRODUCT_BUNDLE_IDENTIFIER = "com.Brick-Squad.Gala";
				PRODUCT_NAME = "$(TARGET_NAME)";
				SWIFT_VERSION = 5.0;
				TARGETED_DEVICE_FAMILY = "1,2";
			};
			name = Debug;
		};
		FAE5E6FF264092D100CC1670 /* Release */ = {
			isa = XCBuildConfiguration;
			baseConfigurationReference = 4EF601D28ED8276F3782F6F2 /* Pods-Gala.release.xcconfig */;
			buildSettings = {
				ASSETCATALOG_COMPILER_APPICON_NAME = AppIcon;
				ASSETCATALOG_COMPILER_GLOBAL_ACCENT_COLOR_NAME = AccentColor;
				CODE_SIGN_ENTITLEMENTS = Gala/Gala.entitlements;
				CODE_SIGN_STYLE = Automatic;
				DEVELOPMENT_ASSET_PATHS = "\"Gala/Preview Content\"";
				DEVELOPMENT_TEAM = TBMU9UG97G;
				ENABLE_PREVIEWS = YES;
				INFOPLIST_FILE = Gala/Info.plist;
				IPHONEOS_DEPLOYMENT_TARGET = 15.0;
				LD_RUNPATH_SEARCH_PATHS = (
					"$(inherited)",
					"@executable_path/Frameworks",
				);
				PRODUCT_BUNDLE_IDENTIFIER = "com.Brick-Squad.Gala";
				PRODUCT_NAME = "$(TARGET_NAME)";
				SWIFT_VERSION = 5.0;
				TARGETED_DEVICE_FAMILY = "1,2";
			};
			name = Release;
		};
/* End XCBuildConfiguration section */

/* Begin XCConfigurationList section */
		FAE5E6E9264092D000CC1670 /* Build configuration list for PBXProject "Gala" */ = {
			isa = XCConfigurationList;
			buildConfigurations = (
				FAE5E6FB264092D100CC1670 /* Debug */,
				FAE5E6FC264092D100CC1670 /* Release */,
			);
			defaultConfigurationIsVisible = 0;
			defaultConfigurationName = Release;
		};
		FAE5E6FD264092D100CC1670 /* Build configuration list for PBXNativeTarget "Gala" */ = {
			isa = XCConfigurationList;
			buildConfigurations = (
				FAE5E6FE264092D100CC1670 /* Debug */,
				FAE5E6FF264092D100CC1670 /* Release */,
			);
			defaultConfigurationIsVisible = 0;
			defaultConfigurationName = Release;
		};
/* End XCConfigurationList section */

/* Begin XCRemoteSwiftPackageReference section */
		FA8773E32640979E00D5D5CB /* XCRemoteSwiftPackageReference "iPhoneNumberField" */ = {
			isa = XCRemoteSwiftPackageReference;
			repositoryURL = "https://github.com/MojtabaHs/iPhoneNumberField.git";
			requirement = {
				kind = upToNextMajorVersion;
				minimumVersion = 0.6.1;
			};
		};
		FA8773E6264097C300D5D5CB /* XCRemoteSwiftPackageReference "iTextField" */ = {
			isa = XCRemoteSwiftPackageReference;
			repositoryURL = "https://github.com/benjaminsage/iTextField.git";
			requirement = {
				kind = upToNextMajorVersion;
				minimumVersion = 0.0.8;
			};
		};
		FAD73C6E27994FA8007221B0 /* XCRemoteSwiftPackageReference "swift-collections" */ = {
			isa = XCRemoteSwiftPackageReference;
			repositoryURL = "https://github.com/apple/swift-collections.git";
			requirement = {
				kind = upToNextMajorVersion;
				minimumVersion = 1.0.0;
			};
		};
/* End XCRemoteSwiftPackageReference section */

/* Begin XCSwiftPackageProductDependency section */
		FA8773E42640979E00D5D5CB /* iPhoneNumberField */ = {
			isa = XCSwiftPackageProductDependency;
			package = FA8773E32640979E00D5D5CB /* XCRemoteSwiftPackageReference "iPhoneNumberField" */;
			productName = iPhoneNumberField;
		};
		FA8773E7264097C300D5D5CB /* iTextField */ = {
			isa = XCSwiftPackageProductDependency;
			package = FA8773E6264097C300D5D5CB /* XCRemoteSwiftPackageReference "iTextField" */;
			productName = iTextField;
		};
		FAD73C6F27994FA8007221B0 /* OrderedCollections */ = {
			isa = XCSwiftPackageProductDependency;
			package = FAD73C6E27994FA8007221B0 /* XCRemoteSwiftPackageReference "swift-collections" */;
			productName = OrderedCollections;
		};
/* End XCSwiftPackageProductDependency section */

/* Begin XCVersionGroup section */
		FA9149F627FFE3F60015106E /* UserCoreCD.xcdatamodeld */ = {
			isa = XCVersionGroup;
			children = (
				FA9149F727FFE3F60015106E /* UserCoreCD.xcdatamodel */,
			);
			currentVersion = FA9149F727FFE3F60015106E /* UserCoreCD.xcdatamodel */;
			path = UserCoreCD.xcdatamodeld;
			sourceTree = "<group>";
			versionGroupType = wrapper.xcdatamodel;
		};
		FA9149F927FFE5280015106E /* UserAboutCD.xcdatamodeld */ = {
			isa = XCVersionGroup;
			children = (
				FA9149FA27FFE5280015106E /* UserAboutCD.xcdatamodel */,
			);
			currentVersion = FA9149FA27FFE5280015106E /* UserAboutCD.xcdatamodel */;
			path = UserAboutCD.xcdatamodeld;
			sourceTree = "<group>";
			versionGroupType = wrapper.xcdatamodel;
		};
		FA914A062807639F0015106E /* ProfileImageCD.xcdatamodeld */ = {
			isa = XCVersionGroup;
			children = (
				FA914A072807639F0015106E /* ProfileImageCD.xcdatamodel */,
			);
			currentVersion = FA914A072807639F0015106E /* ProfileImageCD.xcdatamodel */;
			path = ProfileImageCD.xcdatamodeld;
			sourceTree = "<group>";
			versionGroupType = wrapper.xcdatamodel;
		};
		FAACA5782825D19300B828DB /* SnapCD.xcdatamodeld */ = {
			isa = XCVersionGroup;
			children = (
				FAACA5792825D19300B828DB /* SnapCD.xcdatamodel */,
			);
			currentVersion = FAACA5792825D19300B828DB /* SnapCD.xcdatamodel */;
			path = SnapCD.xcdatamodeld;
			sourceTree = "<group>";
			versionGroupType = wrapper.xcdatamodel;
		};
		FABB97662810AB240014A21E /* MessageCD.xcdatamodeld */ = {
			isa = XCVersionGroup;
			children = (
				FABB97672810AB240014A21E /* MessageCD.xcdatamodel */,
			);
			currentVersion = FABB97672810AB240014A21E /* MessageCD.xcdatamodel */;
			path = MessageCD.xcdatamodeld;
			sourceTree = "<group>";
			versionGroupType = wrapper.xcdatamodel;
		};
		FABB977A28124B380014A21E /* MatchCD.xcdatamodeld */ = {
			isa = XCVersionGroup;
			children = (
				FABB977B28124B380014A21E /* MatchCD.xcdatamodel */,
			);
			currentVersion = FABB977B28124B380014A21E /* MatchCD.xcdatamodel */;
			path = MatchCD.xcdatamodeld;
			sourceTree = "<group>";
			versionGroupType = wrapper.xcdatamodel;
		};
		FAE5E18B28387ED700BBD115 /* StoryCD.xcdatamodeld */ = {
			isa = XCVersionGroup;
			children = (
				FAE5E18C28387ED800BBD115 /* StoryCD.xcdatamodel */,
			);
			currentVersion = FAE5E18C28387ED800BBD115 /* StoryCD.xcdatamodel */;
			path = StoryCD.xcdatamodeld;
			sourceTree = "<group>";
			versionGroupType = wrapper.xcdatamodel;
		};
/* End XCVersionGroup section */
	};
	rootObject = FAE5E6E6264092D000CC1670 /* Project object */;
}
