// !$*UTF8*$!
{
	archiveVersion = 1;
	classes = {
	};
	objectVersion = 52;
	objects = {

/* Begin PBXBuildFile section */
		DC9017FCD80CF9C793488EA6 /* Pods_Gala.framework in Frameworks */ = {isa = PBXBuildFile; fileRef = 1CBCE97A2A6B0A799BCF0494 /* Pods_Gala.framework */; };
		FA0A1A102786C28700634B31 /* TestAnimation.swift in Sources */ = {isa = PBXBuildFile; fileRef = FA0A1A0F2786C28700634B31 /* TestAnimation.swift */; };
		FA0FCA3E2684048000434561 /* MatchStoriesView.swift in Sources */ = {isa = PBXBuildFile; fileRef = FA0FCA3D2684048000434561 /* MatchStoriesView.swift */; };
		FA0FCA40268404A200434561 /* MatchesStoryView.swift in Sources */ = {isa = PBXBuildFile; fileRef = FA0FCA3F268404A200434561 /* MatchesStoryView.swift */; };
		FA0FCA422684050900434561 /* StoriesViewModel.swift in Sources */ = {isa = PBXBuildFile; fileRef = FA0FCA412684050900434561 /* StoriesViewModel.swift */; };
		FA0FCA4426840F5500434561 /* UserAboutService.swift in Sources */ = {isa = PBXBuildFile; fileRef = FA0FCA4326840F5500434561 /* UserAboutService.swift */; };
		FA12E217272E1067003F93D0 /* VideoPlayerTest.swift in Sources */ = {isa = PBXBuildFile; fileRef = FA12E216272E1067003F93D0 /* VideoPlayerTest.swift */; };
		FA2D6EDE2643604000551EE3 /* ImageService.swift in Sources */ = {isa = PBXBuildFile; fileRef = FA2D6EDD2643604000551EE3 /* ImageService.swift */; };
		FA38DCE12723DA33003B4C90 /* VideoCaptureProcessor.swift in Sources */ = {isa = PBXBuildFile; fileRef = FA38DCE02723DA33003B4C90 /* VideoCaptureProcessor.swift */; };
		FA38DCE32723F2BA003B4C90 /* CameraButton.swift in Sources */ = {isa = PBXBuildFile; fileRef = FA38DCE22723F2BA003B4C90 /* CameraButton.swift */; };
		FA43BE6926645A9F001D1368 /* LaunchView.swift in Sources */ = {isa = PBXBuildFile; fileRef = FA43BE6826645A9F001D1368 /* LaunchView.swift */; };
		FA579DC12654ED1D00EFA166 /* UIImage.swift in Sources */ = {isa = PBXBuildFile; fileRef = FA579DC02654ED1D00EFA166 /* UIImage.swift */; };
		FA58F53726C8842E00AE3B7C /* UIViewExtension.swift in Sources */ = {isa = PBXBuildFile; fileRef = FA58F53626C8842E00AE3B7C /* UIViewExtension.swift */; };
		FA58F53926C884B200AE3B7C /* LandingView.swift in Sources */ = {isa = PBXBuildFile; fileRef = FA58F53826C884B200AE3B7C /* LandingView.swift */; };
		FA67C6D426F7B46A00B77D30 /* CameraOptionsView.swift in Sources */ = {isa = PBXBuildFile; fileRef = FA67C6D326F7B46A00B77D30 /* CameraOptionsView.swift */; };
		FA67C6D626FA605700B77D30 /* VibesService.swift in Sources */ = {isa = PBXBuildFile; fileRef = FA67C6D526FA605700B77D30 /* VibesService.swift */; };
		FA72A17326681CAE004DEF77 /* AppState.swift in Sources */ = {isa = PBXBuildFile; fileRef = FA72A17226681CAE004DEF77 /* AppState.swift */; };
		FA72A17526688949004DEF77 /* CameraViewModel.swift in Sources */ = {isa = PBXBuildFile; fileRef = FA72A17426688949004DEF77 /* CameraViewModel.swift */; };
		FA72A1782669ACFC004DEF77 /* LocationService.swift in Sources */ = {isa = PBXBuildFile; fileRef = FA72A1772669ACFC004DEF77 /* LocationService.swift */; };
		FA72A17A2669C5B9004DEF77 /* CoreLocationExtension.swift in Sources */ = {isa = PBXBuildFile; fileRef = FA72A1792669C5B9004DEF77 /* CoreLocationExtension.swift */; };
		FA76E30726AE6D1A009A650D /* RecentlyJoinedUserService.swift in Sources */ = {isa = PBXBuildFile; fileRef = FA76E30626AE6D1A009A650D /* RecentlyJoinedUserService.swift */; };
		FA76E30926B34733009A650D /* IntExtension.swift in Sources */ = {isa = PBXBuildFile; fileRef = FA76E30826B34733009A650D /* IntExtension.swift */; };
		FA777D2526CE0D86007C53F5 /* Slider.swift in Sources */ = {isa = PBXBuildFile; fileRef = FA777D2426CE0D86007C53F5 /* Slider.swift */; };
		FA777D2926CE219F007C53F5 /* SliderView.swift in Sources */ = {isa = PBXBuildFile; fileRef = FA777D2826CE219F007C53F5 /* SliderView.swift */; };
		FA777D2B26CE21F3007C53F5 /* SliderHandle.swift in Sources */ = {isa = PBXBuildFile; fileRef = FA777D2A26CE21F3007C53F5 /* SliderHandle.swift */; };
		FA7BAD4526FC48CD002F25E0 /* SendView.swift in Sources */ = {isa = PBXBuildFile; fileRef = FA7BAD4426FC48CD002F25E0 /* SendView.swift */; };
		FA7BAD4826FD0FAD002F25E0 /* PostSelector.swift in Sources */ = {isa = PBXBuildFile; fileRef = FA7BAD4726FD0FAD002F25E0 /* PostSelector.swift */; };
		FA7BAD4A26FD107C002F25E0 /* SendViewModel.swift in Sources */ = {isa = PBXBuildFile; fileRef = FA7BAD4926FD107C002F25E0 /* SendViewModel.swift */; };
		FA7E3B1E26DEB64700A6653C /* ChatsView.swift in Sources */ = {isa = PBXBuildFile; fileRef = FA7E3B1D26DEB64700A6653C /* ChatsView.swift */; };
		FA7E3B2026DECAAE00A6653C /* CardView.swift in Sources */ = {isa = PBXBuildFile; fileRef = FA7E3B1F26DECAAE00A6653C /* CardView.swift */; };
		FA7E3B2426E1F28300A6653C /* LikesService.swift in Sources */ = {isa = PBXBuildFile; fileRef = FA7E3B2326E1F28300A6653C /* LikesService.swift */; };
		FA7E3B2626E1F40700A6653C /* Like.swift in Sources */ = {isa = PBXBuildFile; fileRef = FA7E3B2526E1F40700A6653C /* Like.swift */; };
		FA7E3B2826E43F4600A6653C /* RecentlyJoinedViewModel.swift in Sources */ = {isa = PBXBuildFile; fileRef = FA7E3B2726E43F4600A6653C /* RecentlyJoinedViewModel.swift */; };
		FA7E3B2C26E8003E00A6653C /* StoryService.swift in Sources */ = {isa = PBXBuildFile; fileRef = FA7E3B2B26E8003E00A6653C /* StoryService.swift */; };
		FA7E3B2E26E8072200A6653C /* StoryMetaService.swift in Sources */ = {isa = PBXBuildFile; fileRef = FA7E3B2D26E8072200A6653C /* StoryMetaService.swift */; };
		FA7E3B3026E8073300A6653C /* StoryContentService.swift in Sources */ = {isa = PBXBuildFile; fileRef = FA7E3B2F26E8073300A6653C /* StoryContentService.swift */; };
		FA7E3B3226E808CF00A6653C /* Story.swift in Sources */ = {isa = PBXBuildFile; fileRef = FA7E3B3126E808CF00A6653C /* Story.swift */; };
		FA7E3B3626EACF2200A6653C /* SendViewTest.swift in Sources */ = {isa = PBXBuildFile; fileRef = FA7E3B3526EACF2200A6653C /* SendViewTest.swift */; };
		FA7E3B3826EAD18D00A6653C /* SendViewModelTest.swift in Sources */ = {isa = PBXBuildFile; fileRef = FA7E3B3726EAD18D00A6653C /* SendViewModelTest.swift */; };
		FA7E3B3C26EF143000A6653C /* StoryView.swift in Sources */ = {isa = PBXBuildFile; fileRef = FA7E3B3B26EF143000A6653C /* StoryView.swift */; };
		FA7E3B4126EF15CB00A6653C /* StoriesView.swift in Sources */ = {isa = PBXBuildFile; fileRef = FA7E3B4026EF15CB00A6653C /* StoriesView.swift */; };
		FA84874B268E5EAD009CA4C0 /* SignInSignUpValidation.swift in Sources */ = {isa = PBXBuildFile; fileRef = FA84874A268E5EAD009CA4C0 /* SignInSignUpValidation.swift */; };
		FA8773E52640979E00D5D5CB /* iPhoneNumberField in Frameworks */ = {isa = PBXBuildFile; productRef = FA8773E42640979E00D5D5CB /* iPhoneNumberField */; };
		FA8773E8264097C300D5D5CB /* iTextField in Frameworks */ = {isa = PBXBuildFile; productRef = FA8773E7264097C300D5D5CB /* iTextField */; };
		FA8773F026409A4500D5D5CB /* NavBar.swift in Sources */ = {isa = PBXBuildFile; fileRef = FA8773EF26409A4500D5D5CB /* NavBar.swift */; };
		FA8773F926409AD400D5D5CB /* ProfileView.swift in Sources */ = {isa = PBXBuildFile; fileRef = FA8773F826409AD400D5D5CB /* ProfileView.swift */; };
		FA87740026409C0600D5D5CB /* LandingPageViewModel.swift in Sources */ = {isa = PBXBuildFile; fileRef = FA8773FF26409C0600D5D5CB /* LandingPageViewModel.swift */; };
		FA87740226409C2B00D5D5CB /* SigninSignupView.swift in Sources */ = {isa = PBXBuildFile; fileRef = FA87740126409C2B00D5D5CB /* SigninSignupView.swift */; };
		FA87740426409C5900D5D5CB /* SigninSignupViewModel.swift in Sources */ = {isa = PBXBuildFile; fileRef = FA87740326409C5900D5D5CB /* SigninSignupViewModel.swift */; };
		FA87740626409CAE00D5D5CB /* ProfileViewModel.swift in Sources */ = {isa = PBXBuildFile; fileRef = FA87740526409CAE00D5D5CB /* ProfileViewModel.swift */; };
		FA87740E26409D6000D5D5CB /* ProfileMainView.swift in Sources */ = {isa = PBXBuildFile; fileRef = FA87740D26409D6000D5D5CB /* ProfileMainView.swift */; };
		FA87741026409D8300D5D5CB /* ProfilePreview.swift in Sources */ = {isa = PBXBuildFile; fileRef = FA87740F26409D8300D5D5CB /* ProfilePreview.swift */; };
		FA87741626409DEA00D5D5CB /* ChatsViewModel.swift in Sources */ = {isa = PBXBuildFile; fileRef = FA87741526409DE900D5D5CB /* ChatsViewModel.swift */; };
		FA87741826409E0700D5D5CB /* ConvoPreview.swift in Sources */ = {isa = PBXBuildFile; fileRef = FA87741726409E0700D5D5CB /* ConvoPreview.swift */; };
		FA87741A26409E3A00D5D5CB /* CameraPreview.swift in Sources */ = {isa = PBXBuildFile; fileRef = FA87741926409E3A00D5D5CB /* CameraPreview.swift */; };
		FA87741C26409E5700D5D5CB /* CameraView.swift in Sources */ = {isa = PBXBuildFile; fileRef = FA87741B26409E5700D5D5CB /* CameraView.swift */; };
		FA87741E26409E7600D5D5CB /* DraggableCameraButton.swift in Sources */ = {isa = PBXBuildFile; fileRef = FA87741D26409E7600D5D5CB /* DraggableCameraButton.swift */; };
		FA87742026409E9000D5D5CB /* PicTakenView.swift in Sources */ = {isa = PBXBuildFile; fileRef = FA87741F26409E9000D5D5CB /* PicTakenView.swift */; };
		FA8774342640A03100D5D5CB /* ShowcaseView.swift in Sources */ = {isa = PBXBuildFile; fileRef = FA8774332640A03100D5D5CB /* ShowcaseView.swift */; };
		FA8774372640A07900D5D5CB /* DateExtension.swift in Sources */ = {isa = PBXBuildFile; fileRef = FA8774362640A07900D5D5CB /* DateExtension.swift */; };
		FA87743B2640A0B600D5D5CB /* ViewExtension.swift in Sources */ = {isa = PBXBuildFile; fileRef = FA87743A2640A0B600D5D5CB /* ViewExtension.swift */; };
		FA87743D2640A0DB00D5D5CB /* ColorExtension.swift in Sources */ = {isa = PBXBuildFile; fileRef = FA87743C2640A0DB00D5D5CB /* ColorExtension.swift */; };
		FA8774402640A12500D5D5CB /* ActiveSheetEnum.swift in Sources */ = {isa = PBXBuildFile; fileRef = FA87743F2640A12500D5D5CB /* ActiveSheetEnum.swift */; };
		FA8774432640A14D00D5D5CB /* AuthPublisher.swift in Sources */ = {isa = PBXBuildFile; fileRef = FA8774422640A14D00D5D5CB /* AuthPublisher.swift */; };
		FA8774462640A17900D5D5CB /* ImageModel.swift in Sources */ = {isa = PBXBuildFile; fileRef = FA8774452640A17900D5D5CB /* ImageModel.swift */; };
		FA8774482640A19B00D5D5CB /* ProfileModel.swift in Sources */ = {isa = PBXBuildFile; fileRef = FA8774472640A19B00D5D5CB /* ProfileModel.swift */; };
		FA87744D2640A1F200D5D5CB /* ProfileService.swift in Sources */ = {isa = PBXBuildFile; fileRef = FA87744C2640A1F200D5D5CB /* ProfileService.swift */; };
		FA87744F2640A20F00D5D5CB /* AuthService.swift in Sources */ = {isa = PBXBuildFile; fileRef = FA87744E2640A20F00D5D5CB /* AuthService.swift */; };
		FA8774532640A26000D5D5CB /* ProfilePersistenceService.swift in Sources */ = {isa = PBXBuildFile; fileRef = FA8774522640A26000D5D5CB /* ProfilePersistenceService.swift */; };
		FA8774562640A2C700D5D5CB /* GalaPersistence.xcdatamodeld in Sources */ = {isa = PBXBuildFile; fileRef = FA8774542640A2C700D5D5CB /* GalaPersistence.xcdatamodeld */; };
		FA8774592640A39700D5D5CB /* ImagePicker.swift in Sources */ = {isa = PBXBuildFile; fileRef = FA8774582640A39700D5D5CB /* ImagePicker.swift */; };
		FA87745B2640A3B200D5D5CB /* ImageCropper.swift in Sources */ = {isa = PBXBuildFile; fileRef = FA87745A2640A3B200D5D5CB /* ImageCropper.swift */; };
		FA87745D2640A3E300D5D5CB /* DropViewDelegate.swift in Sources */ = {isa = PBXBuildFile; fileRef = FA87745C2640A3E300D5D5CB /* DropViewDelegate.swift */; };
		FA87745F2640A3F700D5D5CB /* BaseView.swift in Sources */ = {isa = PBXBuildFile; fileRef = FA87745E2640A3F700D5D5CB /* BaseView.swift */; };
		FA8774612640A41300D5D5CB /* BaseView2.swift in Sources */ = {isa = PBXBuildFile; fileRef = FA8774602640A41300D5D5CB /* BaseView2.swift */; };
		FA8CE4342717901900BE8BB4 /* OldCameraViewModel.swift in Sources */ = {isa = PBXBuildFile; fileRef = FA8CE4332717901900BE8BB4 /* OldCameraViewModel.swift */; };
		FA8CE4362717B45500BE8BB4 /* PhotoCaptureProcessor.swift in Sources */ = {isa = PBXBuildFile; fileRef = FA8CE4352717B45500BE8BB4 /* PhotoCaptureProcessor.swift */; };
		FA8CE4382717B4D000BE8BB4 /* AVCaptureDeviceExtension.swift in Sources */ = {isa = PBXBuildFile; fileRef = FA8CE4372717B4D000BE8BB4 /* AVCaptureDeviceExtension.swift */; };
		FA9838602686834200A76AD5 /* ExploreMainView.swift in Sources */ = {isa = PBXBuildFile; fileRef = FA98385F2686834200A76AD5 /* ExploreMainView.swift */; };
		FAA3FA142784D0220048065E /* StoriesView2.swift in Sources */ = {isa = PBXBuildFile; fileRef = FAA3FA132784D0220048065E /* StoriesView2.swift */; };
		FAA3FA162784D6D90048065E /* VibesView.swift in Sources */ = {isa = PBXBuildFile; fileRef = FAA3FA152784D6D90048065E /* VibesView.swift */; };
		FAA88B1D26492928007F042D /* SwipeView.swift in Sources */ = {isa = PBXBuildFile; fileRef = FAA88B1C26492928007F042D /* SwipeView.swift */; };
		FAA88B1F26492960007F042D /* SwipeViewModel.swift in Sources */ = {isa = PBXBuildFile; fileRef = FAA88B1E26492960007F042D /* SwipeViewModel.swift */; };
		FABAABE42787F44E00154363 /* MyStoriesDropDown.swift in Sources */ = {isa = PBXBuildFile; fileRef = FABAABE32787F44E00154363 /* MyStoriesDropDown.swift */; };
		FABAABE62787F47700154363 /* MyLikesDropDown.swift in Sources */ = {isa = PBXBuildFile; fileRef = FABAABE52787F47700154363 /* MyLikesDropDown.swift */; };
		FABAABE82787F49A00154363 /* AddToStoryButton.swift in Sources */ = {isa = PBXBuildFile; fileRef = FABAABE72787F49A00154363 /* AddToStoryButton.swift */; };
		FAD9DB1B266EF4EF00BC6FDA /* ExploreView.swift in Sources */ = {isa = PBXBuildFile; fileRef = FAD9DB1A266EF4EF00BC6FDA /* ExploreView.swift */; };
		FAD9DB1D266F024A00BC6FDA /* RecentlyJoinedView.swift in Sources */ = {isa = PBXBuildFile; fileRef = FAD9DB1C266F024A00BC6FDA /* RecentlyJoinedView.swift */; };
		FAD9DB1F266F136A00BC6FDA /* ExploreViewModel.swift in Sources */ = {isa = PBXBuildFile; fileRef = FAD9DB1E266F136A00BC6FDA /* ExploreViewModel.swift */; };
		FAD9DB21266F16C200BC6FDA /* SmallUserViewModel.swift in Sources */ = {isa = PBXBuildFile; fileRef = FAD9DB20266F16C200BC6FDA /* SmallUserViewModel.swift */; };
		FAD9DB2526743A7900BC6FDA /* SmallUserView.swift in Sources */ = {isa = PBXBuildFile; fileRef = FAD9DB2426743A7900BC6FDA /* SmallUserView.swift */; };
		FADC115B269790B00070465C /* GoogleService-Info.plist in Resources */ = {isa = PBXBuildFile; fileRef = FADC115A269790B00070465C /* GoogleService-Info.plist */; };
		FADC11622698129D0070465C /* UserCoreService.swift in Sources */ = {isa = PBXBuildFile; fileRef = FADC11612698129D0070465C /* UserCoreService.swift */; };
		FADC1164269813EC0070465C /* UserCore.swift in Sources */ = {isa = PBXBuildFile; fileRef = FADC1163269813EC0070465C /* UserCore.swift */; };
		FAE5E6F2264092D000CC1670 /* Gala_FinalApp.swift in Sources */ = {isa = PBXBuildFile; fileRef = FAE5E6F1264092D000CC1670 /* Gala_FinalApp.swift */; };
		FAE5E6F4264092D000CC1670 /* ContentView.swift in Sources */ = {isa = PBXBuildFile; fileRef = FAE5E6F3264092D000CC1670 /* ContentView.swift */; };
		FAE5E6F6264092D100CC1670 /* Assets.xcassets in Resources */ = {isa = PBXBuildFile; fileRef = FAE5E6F5264092D100CC1670 /* Assets.xcassets */; };
		FAE5E6F9264092D100CC1670 /* Preview Assets.xcassets in Resources */ = {isa = PBXBuildFile; fileRef = FAE5E6F8264092D100CC1670 /* Preview Assets.xcassets */; };
		FAEDCFE4269E524400A2C4A1 /* AllRecentsView.swift in Sources */ = {isa = PBXBuildFile; fileRef = FAEDCFE3269E524400A2C4A1 /* AllRecentsView.swift */; };
		FAEDCFE626A1420500A2C4A1 /* UserAbout.swift in Sources */ = {isa = PBXBuildFile; fileRef = FAEDCFE526A1420500A2C4A1 /* UserAbout.swift */; };
		FAFD431526D7012700C535D2 /* CustomSlider.swift in Sources */ = {isa = PBXBuildFile; fileRef = FAFD431426D7012700C535D2 /* CustomSlider.swift */; };
		FAFD431926D75FA700C535D2 /* TestView.swift in Sources */ = {isa = PBXBuildFile; fileRef = FAFD431826D75FA700C535D2 /* TestView.swift */; };
		FAFD431B26D8B0AA00C535D2 /* TestDistance.swift in Sources */ = {isa = PBXBuildFile; fileRef = FAFD431A26D8B0AA00C535D2 /* TestDistance.swift */; };
		FAFD434526DADBCF00C535D2 /* Pager.swift in Sources */ = {isa = PBXBuildFile; fileRef = FAFD434426DADBCF00C535D2 /* Pager.swift */; };
/* End PBXBuildFile section */

/* Begin PBXFileReference section */
		1CBCE97A2A6B0A799BCF0494 /* Pods_Gala.framework */ = {isa = PBXFileReference; explicitFileType = wrapper.framework; includeInIndex = 0; path = Pods_Gala.framework; sourceTree = BUILT_PRODUCTS_DIR; };
		4EF601D28ED8276F3782F6F2 /* Pods-Gala.release.xcconfig */ = {isa = PBXFileReference; includeInIndex = 1; lastKnownFileType = text.xcconfig; name = "Pods-Gala.release.xcconfig"; path = "Target Support Files/Pods-Gala/Pods-Gala.release.xcconfig"; sourceTree = "<group>"; };
		831B9135753054BD30C3A341 /* Pods-Gala.debug.xcconfig */ = {isa = PBXFileReference; includeInIndex = 1; lastKnownFileType = text.xcconfig; name = "Pods-Gala.debug.xcconfig"; path = "Target Support Files/Pods-Gala/Pods-Gala.debug.xcconfig"; sourceTree = "<group>"; };
		FA0A1A0F2786C28700634B31 /* TestAnimation.swift */ = {isa = PBXFileReference; lastKnownFileType = sourcecode.swift; path = TestAnimation.swift; sourceTree = "<group>"; };
		FA0FCA3D2684048000434561 /* MatchStoriesView.swift */ = {isa = PBXFileReference; lastKnownFileType = sourcecode.swift; path = MatchStoriesView.swift; sourceTree = "<group>"; };
		FA0FCA3F268404A200434561 /* MatchesStoryView.swift */ = {isa = PBXFileReference; lastKnownFileType = sourcecode.swift; path = MatchesStoryView.swift; sourceTree = "<group>"; };
		FA0FCA412684050900434561 /* StoriesViewModel.swift */ = {isa = PBXFileReference; lastKnownFileType = sourcecode.swift; path = StoriesViewModel.swift; sourceTree = "<group>"; };
		FA0FCA4326840F5500434561 /* UserAboutService.swift */ = {isa = PBXFileReference; lastKnownFileType = sourcecode.swift; path = UserAboutService.swift; sourceTree = "<group>"; };
		FA12E216272E1067003F93D0 /* VideoPlayerTest.swift */ = {isa = PBXFileReference; lastKnownFileType = sourcecode.swift; path = VideoPlayerTest.swift; sourceTree = "<group>"; };
		FA2D6EDD2643604000551EE3 /* ImageService.swift */ = {isa = PBXFileReference; lastKnownFileType = sourcecode.swift; path = ImageService.swift; sourceTree = "<group>"; };
		FA38DCE02723DA33003B4C90 /* VideoCaptureProcessor.swift */ = {isa = PBXFileReference; lastKnownFileType = sourcecode.swift; path = VideoCaptureProcessor.swift; sourceTree = "<group>"; };
		FA38DCE22723F2BA003B4C90 /* CameraButton.swift */ = {isa = PBXFileReference; lastKnownFileType = sourcecode.swift; path = CameraButton.swift; sourceTree = "<group>"; };
		FA43BE6826645A9F001D1368 /* LaunchView.swift */ = {isa = PBXFileReference; lastKnownFileType = sourcecode.swift; path = LaunchView.swift; sourceTree = "<group>"; };
		FA579DC02654ED1D00EFA166 /* UIImage.swift */ = {isa = PBXFileReference; lastKnownFileType = sourcecode.swift; path = UIImage.swift; sourceTree = "<group>"; };
		FA58F53626C8842E00AE3B7C /* UIViewExtension.swift */ = {isa = PBXFileReference; lastKnownFileType = sourcecode.swift; path = UIViewExtension.swift; sourceTree = "<group>"; };
		FA58F53826C884B200AE3B7C /* LandingView.swift */ = {isa = PBXFileReference; lastKnownFileType = sourcecode.swift; path = LandingView.swift; sourceTree = "<group>"; };
		FA67C6D326F7B46A00B77D30 /* CameraOptionsView.swift */ = {isa = PBXFileReference; lastKnownFileType = sourcecode.swift; path = CameraOptionsView.swift; sourceTree = "<group>"; };
		FA67C6D526FA605700B77D30 /* VibesService.swift */ = {isa = PBXFileReference; lastKnownFileType = sourcecode.swift; path = VibesService.swift; sourceTree = "<group>"; };
		FA72A17226681CAE004DEF77 /* AppState.swift */ = {isa = PBXFileReference; lastKnownFileType = sourcecode.swift; path = AppState.swift; sourceTree = "<group>"; };
		FA72A17426688949004DEF77 /* CameraViewModel.swift */ = {isa = PBXFileReference; lastKnownFileType = sourcecode.swift; path = CameraViewModel.swift; sourceTree = "<group>"; };
		FA72A1772669ACFC004DEF77 /* LocationService.swift */ = {isa = PBXFileReference; lastKnownFileType = sourcecode.swift; path = LocationService.swift; sourceTree = "<group>"; };
		FA72A1792669C5B9004DEF77 /* CoreLocationExtension.swift */ = {isa = PBXFileReference; lastKnownFileType = sourcecode.swift; path = CoreLocationExtension.swift; sourceTree = "<group>"; };
		FA76E30626AE6D1A009A650D /* RecentlyJoinedUserService.swift */ = {isa = PBXFileReference; lastKnownFileType = sourcecode.swift; path = RecentlyJoinedUserService.swift; sourceTree = "<group>"; };
		FA76E30826B34733009A650D /* IntExtension.swift */ = {isa = PBXFileReference; lastKnownFileType = sourcecode.swift; path = IntExtension.swift; sourceTree = "<group>"; };
		FA777D2426CE0D86007C53F5 /* Slider.swift */ = {isa = PBXFileReference; lastKnownFileType = sourcecode.swift; path = Slider.swift; sourceTree = "<group>"; };
		FA777D2826CE219F007C53F5 /* SliderView.swift */ = {isa = PBXFileReference; lastKnownFileType = sourcecode.swift; path = SliderView.swift; sourceTree = "<group>"; };
		FA777D2A26CE21F3007C53F5 /* SliderHandle.swift */ = {isa = PBXFileReference; lastKnownFileType = sourcecode.swift; path = SliderHandle.swift; sourceTree = "<group>"; };
		FA7BAD4426FC48CD002F25E0 /* SendView.swift */ = {isa = PBXFileReference; lastKnownFileType = sourcecode.swift; path = SendView.swift; sourceTree = "<group>"; };
		FA7BAD4726FD0FAD002F25E0 /* PostSelector.swift */ = {isa = PBXFileReference; lastKnownFileType = sourcecode.swift; path = PostSelector.swift; sourceTree = "<group>"; };
		FA7BAD4926FD107C002F25E0 /* SendViewModel.swift */ = {isa = PBXFileReference; lastKnownFileType = sourcecode.swift; path = SendViewModel.swift; sourceTree = "<group>"; };
		FA7E3B1D26DEB64700A6653C /* ChatsView.swift */ = {isa = PBXFileReference; lastKnownFileType = sourcecode.swift; path = ChatsView.swift; sourceTree = "<group>"; };
		FA7E3B1F26DECAAE00A6653C /* CardView.swift */ = {isa = PBXFileReference; lastKnownFileType = sourcecode.swift; path = CardView.swift; sourceTree = "<group>"; };
		FA7E3B2326E1F28300A6653C /* LikesService.swift */ = {isa = PBXFileReference; lastKnownFileType = sourcecode.swift; path = LikesService.swift; sourceTree = "<group>"; };
		FA7E3B2526E1F40700A6653C /* Like.swift */ = {isa = PBXFileReference; lastKnownFileType = sourcecode.swift; path = Like.swift; sourceTree = "<group>"; };
		FA7E3B2726E43F4600A6653C /* RecentlyJoinedViewModel.swift */ = {isa = PBXFileReference; lastKnownFileType = sourcecode.swift; path = RecentlyJoinedViewModel.swift; sourceTree = "<group>"; };
		FA7E3B2B26E8003E00A6653C /* StoryService.swift */ = {isa = PBXFileReference; lastKnownFileType = sourcecode.swift; path = StoryService.swift; sourceTree = "<group>"; };
		FA7E3B2D26E8072200A6653C /* StoryMetaService.swift */ = {isa = PBXFileReference; lastKnownFileType = sourcecode.swift; path = StoryMetaService.swift; sourceTree = "<group>"; };
		FA7E3B2F26E8073300A6653C /* StoryContentService.swift */ = {isa = PBXFileReference; lastKnownFileType = sourcecode.swift; path = StoryContentService.swift; sourceTree = "<group>"; };
		FA7E3B3126E808CF00A6653C /* Story.swift */ = {isa = PBXFileReference; lastKnownFileType = sourcecode.swift; path = Story.swift; sourceTree = "<group>"; };
		FA7E3B3526EACF2200A6653C /* SendViewTest.swift */ = {isa = PBXFileReference; lastKnownFileType = sourcecode.swift; path = SendViewTest.swift; sourceTree = "<group>"; };
		FA7E3B3726EAD18D00A6653C /* SendViewModelTest.swift */ = {isa = PBXFileReference; lastKnownFileType = sourcecode.swift; path = SendViewModelTest.swift; sourceTree = "<group>"; };
		FA7E3B3B26EF143000A6653C /* StoryView.swift */ = {isa = PBXFileReference; lastKnownFileType = sourcecode.swift; path = StoryView.swift; sourceTree = "<group>"; };
		FA7E3B4026EF15CB00A6653C /* StoriesView.swift */ = {isa = PBXFileReference; lastKnownFileType = sourcecode.swift; path = StoriesView.swift; sourceTree = "<group>"; };
		FA84874A268E5EAD009CA4C0 /* SignInSignUpValidation.swift */ = {isa = PBXFileReference; lastKnownFileType = sourcecode.swift; path = SignInSignUpValidation.swift; sourceTree = "<group>"; };
		FA8773EF26409A4500D5D5CB /* NavBar.swift */ = {isa = PBXFileReference; lastKnownFileType = sourcecode.swift; path = NavBar.swift; sourceTree = "<group>"; };
		FA8773F826409AD400D5D5CB /* ProfileView.swift */ = {isa = PBXFileReference; lastKnownFileType = sourcecode.swift; path = ProfileView.swift; sourceTree = "<group>"; };
		FA8773FF26409C0600D5D5CB /* LandingPageViewModel.swift */ = {isa = PBXFileReference; lastKnownFileType = sourcecode.swift; path = LandingPageViewModel.swift; sourceTree = "<group>"; };
		FA87740126409C2B00D5D5CB /* SigninSignupView.swift */ = {isa = PBXFileReference; lastKnownFileType = sourcecode.swift; path = SigninSignupView.swift; sourceTree = "<group>"; };
		FA87740326409C5900D5D5CB /* SigninSignupViewModel.swift */ = {isa = PBXFileReference; lastKnownFileType = sourcecode.swift; path = SigninSignupViewModel.swift; sourceTree = "<group>"; };
		FA87740526409CAE00D5D5CB /* ProfileViewModel.swift */ = {isa = PBXFileReference; lastKnownFileType = sourcecode.swift; path = ProfileViewModel.swift; sourceTree = "<group>"; };
		FA87740D26409D6000D5D5CB /* ProfileMainView.swift */ = {isa = PBXFileReference; lastKnownFileType = sourcecode.swift; path = ProfileMainView.swift; sourceTree = "<group>"; };
		FA87740F26409D8300D5D5CB /* ProfilePreview.swift */ = {isa = PBXFileReference; lastKnownFileType = sourcecode.swift; path = ProfilePreview.swift; sourceTree = "<group>"; };
		FA87741526409DE900D5D5CB /* ChatsViewModel.swift */ = {isa = PBXFileReference; lastKnownFileType = sourcecode.swift; path = ChatsViewModel.swift; sourceTree = "<group>"; };
		FA87741726409E0700D5D5CB /* ConvoPreview.swift */ = {isa = PBXFileReference; lastKnownFileType = sourcecode.swift; path = ConvoPreview.swift; sourceTree = "<group>"; };
		FA87741926409E3A00D5D5CB /* CameraPreview.swift */ = {isa = PBXFileReference; lastKnownFileType = sourcecode.swift; path = CameraPreview.swift; sourceTree = "<group>"; };
		FA87741B26409E5700D5D5CB /* CameraView.swift */ = {isa = PBXFileReference; lastKnownFileType = sourcecode.swift; path = CameraView.swift; sourceTree = "<group>"; };
		FA87741D26409E7600D5D5CB /* DraggableCameraButton.swift */ = {isa = PBXFileReference; lastKnownFileType = sourcecode.swift; path = DraggableCameraButton.swift; sourceTree = "<group>"; };
		FA87741F26409E9000D5D5CB /* PicTakenView.swift */ = {isa = PBXFileReference; lastKnownFileType = sourcecode.swift; path = PicTakenView.swift; sourceTree = "<group>"; };
		FA8774332640A03100D5D5CB /* ShowcaseView.swift */ = {isa = PBXFileReference; lastKnownFileType = sourcecode.swift; path = ShowcaseView.swift; sourceTree = "<group>"; };
		FA8774362640A07900D5D5CB /* DateExtension.swift */ = {isa = PBXFileReference; lastKnownFileType = sourcecode.swift; path = DateExtension.swift; sourceTree = "<group>"; };
		FA87743A2640A0B600D5D5CB /* ViewExtension.swift */ = {isa = PBXFileReference; lastKnownFileType = sourcecode.swift; path = ViewExtension.swift; sourceTree = "<group>"; };
		FA87743C2640A0DB00D5D5CB /* ColorExtension.swift */ = {isa = PBXFileReference; lastKnownFileType = sourcecode.swift; path = ColorExtension.swift; sourceTree = "<group>"; };
		FA87743F2640A12500D5D5CB /* ActiveSheetEnum.swift */ = {isa = PBXFileReference; lastKnownFileType = sourcecode.swift; path = ActiveSheetEnum.swift; sourceTree = "<group>"; };
		FA8774422640A14D00D5D5CB /* AuthPublisher.swift */ = {isa = PBXFileReference; lastKnownFileType = sourcecode.swift; path = AuthPublisher.swift; sourceTree = "<group>"; };
		FA8774452640A17900D5D5CB /* ImageModel.swift */ = {isa = PBXFileReference; lastKnownFileType = sourcecode.swift; path = ImageModel.swift; sourceTree = "<group>"; };
		FA8774472640A19B00D5D5CB /* ProfileModel.swift */ = {isa = PBXFileReference; lastKnownFileType = sourcecode.swift; path = ProfileModel.swift; sourceTree = "<group>"; };
		FA87744C2640A1F200D5D5CB /* ProfileService.swift */ = {isa = PBXFileReference; lastKnownFileType = sourcecode.swift; path = ProfileService.swift; sourceTree = "<group>"; };
		FA87744E2640A20F00D5D5CB /* AuthService.swift */ = {isa = PBXFileReference; lastKnownFileType = sourcecode.swift; path = AuthService.swift; sourceTree = "<group>"; };
		FA8774522640A26000D5D5CB /* ProfilePersistenceService.swift */ = {isa = PBXFileReference; lastKnownFileType = sourcecode.swift; path = ProfilePersistenceService.swift; sourceTree = "<group>"; };
		FA8774552640A2C700D5D5CB /* GalaPersistence.xcdatamodel */ = {isa = PBXFileReference; lastKnownFileType = wrapper.xcdatamodel; path = GalaPersistence.xcdatamodel; sourceTree = "<group>"; };
		FA8774582640A39700D5D5CB /* ImagePicker.swift */ = {isa = PBXFileReference; lastKnownFileType = sourcecode.swift; path = ImagePicker.swift; sourceTree = "<group>"; };
		FA87745A2640A3B200D5D5CB /* ImageCropper.swift */ = {isa = PBXFileReference; lastKnownFileType = sourcecode.swift; path = ImageCropper.swift; sourceTree = "<group>"; };
		FA87745C2640A3E300D5D5CB /* DropViewDelegate.swift */ = {isa = PBXFileReference; lastKnownFileType = sourcecode.swift; path = DropViewDelegate.swift; sourceTree = "<group>"; };
		FA87745E2640A3F700D5D5CB /* BaseView.swift */ = {isa = PBXFileReference; lastKnownFileType = sourcecode.swift; path = BaseView.swift; sourceTree = "<group>"; };
		FA8774602640A41300D5D5CB /* BaseView2.swift */ = {isa = PBXFileReference; lastKnownFileType = sourcecode.swift; path = BaseView2.swift; sourceTree = "<group>"; };
		FA8CE4332717901900BE8BB4 /* OldCameraViewModel.swift */ = {isa = PBXFileReference; lastKnownFileType = sourcecode.swift; path = OldCameraViewModel.swift; sourceTree = "<group>"; };
		FA8CE4352717B45500BE8BB4 /* PhotoCaptureProcessor.swift */ = {isa = PBXFileReference; lastKnownFileType = sourcecode.swift; path = PhotoCaptureProcessor.swift; sourceTree = "<group>"; };
		FA8CE4372717B4D000BE8BB4 /* AVCaptureDeviceExtension.swift */ = {isa = PBXFileReference; lastKnownFileType = sourcecode.swift; path = AVCaptureDeviceExtension.swift; sourceTree = "<group>"; };
		FA98385F2686834200A76AD5 /* ExploreMainView.swift */ = {isa = PBXFileReference; lastKnownFileType = sourcecode.swift; path = ExploreMainView.swift; sourceTree = "<group>"; };
		FAA3FA132784D0220048065E /* StoriesView2.swift */ = {isa = PBXFileReference; lastKnownFileType = sourcecode.swift; path = StoriesView2.swift; sourceTree = "<group>"; };
		FAA3FA152784D6D90048065E /* VibesView.swift */ = {isa = PBXFileReference; lastKnownFileType = sourcecode.swift; path = VibesView.swift; sourceTree = "<group>"; };
		FAA88B1C26492928007F042D /* SwipeView.swift */ = {isa = PBXFileReference; lastKnownFileType = sourcecode.swift; path = SwipeView.swift; sourceTree = "<group>"; };
		FAA88B1E26492960007F042D /* SwipeViewModel.swift */ = {isa = PBXFileReference; lastKnownFileType = sourcecode.swift; path = SwipeViewModel.swift; sourceTree = "<group>"; };
		FABAABE32787F44E00154363 /* MyStoriesDropDown.swift */ = {isa = PBXFileReference; lastKnownFileType = sourcecode.swift; path = MyStoriesDropDown.swift; sourceTree = "<group>"; };
		FABAABE52787F47700154363 /* MyLikesDropDown.swift */ = {isa = PBXFileReference; lastKnownFileType = sourcecode.swift; path = MyLikesDropDown.swift; sourceTree = "<group>"; };
		FABAABE72787F49A00154363 /* AddToStoryButton.swift */ = {isa = PBXFileReference; lastKnownFileType = sourcecode.swift; path = AddToStoryButton.swift; sourceTree = "<group>"; };
		FAD9DB1A266EF4EF00BC6FDA /* ExploreView.swift */ = {isa = PBXFileReference; lastKnownFileType = sourcecode.swift; path = ExploreView.swift; sourceTree = "<group>"; };
		FAD9DB1C266F024A00BC6FDA /* RecentlyJoinedView.swift */ = {isa = PBXFileReference; lastKnownFileType = sourcecode.swift; path = RecentlyJoinedView.swift; sourceTree = "<group>"; };
		FAD9DB1E266F136A00BC6FDA /* ExploreViewModel.swift */ = {isa = PBXFileReference; lastKnownFileType = sourcecode.swift; path = ExploreViewModel.swift; sourceTree = "<group>"; };
		FAD9DB20266F16C200BC6FDA /* SmallUserViewModel.swift */ = {isa = PBXFileReference; lastKnownFileType = sourcecode.swift; path = SmallUserViewModel.swift; sourceTree = "<group>"; };
		FAD9DB2426743A7900BC6FDA /* SmallUserView.swift */ = {isa = PBXFileReference; lastKnownFileType = sourcecode.swift; path = SmallUserView.swift; sourceTree = "<group>"; };
		FADC115A269790B00070465C /* GoogleService-Info.plist */ = {isa = PBXFileReference; fileEncoding = 4; lastKnownFileType = text.plist.xml; path = "GoogleService-Info.plist"; sourceTree = "<group>"; };
		FADC11612698129D0070465C /* UserCoreService.swift */ = {isa = PBXFileReference; lastKnownFileType = sourcecode.swift; path = UserCoreService.swift; sourceTree = "<group>"; };
		FADC1163269813EC0070465C /* UserCore.swift */ = {isa = PBXFileReference; lastKnownFileType = sourcecode.swift; path = UserCore.swift; sourceTree = "<group>"; };
		FAE5E6EE264092D000CC1670 /* Gala.app */ = {isa = PBXFileReference; explicitFileType = wrapper.application; includeInIndex = 0; path = Gala.app; sourceTree = BUILT_PRODUCTS_DIR; };
		FAE5E6F1264092D000CC1670 /* Gala_FinalApp.swift */ = {isa = PBXFileReference; lastKnownFileType = sourcecode.swift; path = Gala_FinalApp.swift; sourceTree = "<group>"; };
		FAE5E6F3264092D000CC1670 /* ContentView.swift */ = {isa = PBXFileReference; lastKnownFileType = sourcecode.swift; path = ContentView.swift; sourceTree = "<group>"; };
		FAE5E6F5264092D100CC1670 /* Assets.xcassets */ = {isa = PBXFileReference; lastKnownFileType = folder.assetcatalog; path = Assets.xcassets; sourceTree = "<group>"; };
		FAE5E6F8264092D100CC1670 /* Preview Assets.xcassets */ = {isa = PBXFileReference; lastKnownFileType = folder.assetcatalog; path = "Preview Assets.xcassets"; sourceTree = "<group>"; };
		FAE5E6FA264092D100CC1670 /* Info.plist */ = {isa = PBXFileReference; lastKnownFileType = text.plist.xml; path = Info.plist; sourceTree = "<group>"; };
		FAEDCFE3269E524400A2C4A1 /* AllRecentsView.swift */ = {isa = PBXFileReference; lastKnownFileType = sourcecode.swift; path = AllRecentsView.swift; sourceTree = "<group>"; };
		FAEDCFE526A1420500A2C4A1 /* UserAbout.swift */ = {isa = PBXFileReference; lastKnownFileType = sourcecode.swift; path = UserAbout.swift; sourceTree = "<group>"; };
		FAFD431426D7012700C535D2 /* CustomSlider.swift */ = {isa = PBXFileReference; lastKnownFileType = sourcecode.swift; path = CustomSlider.swift; sourceTree = "<group>"; };
		FAFD431826D75FA700C535D2 /* TestView.swift */ = {isa = PBXFileReference; lastKnownFileType = sourcecode.swift; path = TestView.swift; sourceTree = "<group>"; };
		FAFD431A26D8B0AA00C535D2 /* TestDistance.swift */ = {isa = PBXFileReference; lastKnownFileType = sourcecode.swift; path = TestDistance.swift; sourceTree = "<group>"; };
		FAFD434426DADBCF00C535D2 /* Pager.swift */ = {isa = PBXFileReference; lastKnownFileType = sourcecode.swift; path = Pager.swift; sourceTree = "<group>"; };
/* End PBXFileReference section */

/* Begin PBXFrameworksBuildPhase section */
		FAE5E6EB264092D000CC1670 /* Frameworks */ = {
			isa = PBXFrameworksBuildPhase;
			buildActionMask = 2147483647;
			files = (
				FA8773E8264097C300D5D5CB /* iTextField in Frameworks */,
				FA8773E52640979E00D5D5CB /* iPhoneNumberField in Frameworks */,
				DC9017FCD80CF9C793488EA6 /* Pods_Gala.framework in Frameworks */,
			);
			runOnlyForDeploymentPostprocessing = 0;
		};
/* End PBXFrameworksBuildPhase section */

/* Begin PBXGroup section */
		3461F9FBC02935EB68A09EFB /* Frameworks */ = {
			isa = PBXGroup;
			children = (
				1CBCE97A2A6B0A799BCF0494 /* Pods_Gala.framework */,
			);
			name = Frameworks;
			sourceTree = "<group>";
		};
		79D6AE9E810083B04CE6A2E2 /* Pods */ = {
			isa = PBXGroup;
			children = (
				831B9135753054BD30C3A341 /* Pods-Gala.debug.xcconfig */,
				4EF601D28ED8276F3782F6F2 /* Pods-Gala.release.xcconfig */,
			);
			path = Pods;
			sourceTree = "<group>";
		};
		FA38DCE4272402EA003B4C90 /* CameraDelegates */ = {
			isa = PBXGroup;
			children = (
				FA38DCE02723DA33003B4C90 /* VideoCaptureProcessor.swift */,
				FA8CE4352717B45500BE8BB4 /* PhotoCaptureProcessor.swift */,
			);
			path = CameraDelegates;
			sourceTree = "<group>";
		};
		FA5DC6BA26A4BC8100F9BD86 /* Sub Views */ = {
			isa = PBXGroup;
			children = (
				FA7E3B3E26EF145F00A6653C /* MatchStories */,
				FA7E3B3D26EF143F00A6653C /* RecentlyJoined */,
				FA7E3B3F26EF147700A6653C /* Stories */,
			);
			path = "Sub Views";
			sourceTree = "<group>";
		};
		FA72A1762669ACED004DEF77 /* General Services */ = {
			isa = PBXGroup;
			children = (
				FA72A1772669ACFC004DEF77 /* LocationService.swift */,
			);
			path = "General Services";
			sourceTree = "<group>";
		};
		FA7BAD4626FD0E82002F25E0 /* SubViews */ = {
			isa = PBXGroup;
			children = (
				FA87741F26409E9000D5D5CB /* PicTakenView.swift */,
				FA7BAD4426FC48CD002F25E0 /* SendView.swift */,
				FA7BAD4726FD0FAD002F25E0 /* PostSelector.swift */,
				FA7E3B3526EACF2200A6653C /* SendViewTest.swift */,
				FA87741D26409E7600D5D5CB /* DraggableCameraButton.swift */,
				FA67C6D326F7B46A00B77D30 /* CameraOptionsView.swift */,
				FA38DCE22723F2BA003B4C90 /* CameraButton.swift */,
				FA12E216272E1067003F93D0 /* VideoPlayerTest.swift */,
			);
			path = SubViews;
			sourceTree = "<group>";
		};
		FA7E3B2926E7F70A00A6653C /* Views */ = {
			isa = PBXGroup;
			children = (
				FA87741B26409E5700D5D5CB /* CameraView.swift */,
				FA87741926409E3A00D5D5CB /* CameraPreview.swift */,
				FA7BAD4626FD0E82002F25E0 /* SubViews */,
			);
			path = Views;
			sourceTree = "<group>";
		};
		FA7E3B2A26E7F71100A6653C /* ViewModels */ = {
			isa = PBXGroup;
			children = (
				FA72A17426688949004DEF77 /* CameraViewModel.swift */,
				FA38DCE4272402EA003B4C90 /* CameraDelegates */,
				FA8CE4332717901900BE8BB4 /* OldCameraViewModel.swift */,
				FA7BAD4926FD107C002F25E0 /* SendViewModel.swift */,
				FA7E3B3726EAD18D00A6653C /* SendViewModelTest.swift */,
			);
			path = ViewModels;
			sourceTree = "<group>";
		};
		FA7E3B3926EAD72200A6653C /* Story */ = {
			isa = PBXGroup;
			children = (
				FA7E3B2B26E8003E00A6653C /* StoryService.swift */,
				FA7E3B2D26E8072200A6653C /* StoryMetaService.swift */,
				FA7E3B2F26E8073300A6653C /* StoryContentService.swift */,
				FA67C6D526FA605700B77D30 /* VibesService.swift */,
			);
			path = Story;
			sourceTree = "<group>";
		};
		FA7E3B3A26EAD74000A6653C /* Profile Related */ = {
			isa = PBXGroup;
			children = (
				FA87744C2640A1F200D5D5CB /* ProfileService.swift */,
				FADC11612698129D0070465C /* UserCoreService.swift */,
				FA0FCA4326840F5500434561 /* UserAboutService.swift */,
				FA2D6EDD2643604000551EE3 /* ImageService.swift */,
				FA76E30626AE6D1A009A650D /* RecentlyJoinedUserService.swift */,
			);
			path = "Profile Related";
			sourceTree = "<group>";
		};
		FA7E3B3D26EF143F00A6653C /* RecentlyJoined */ = {
			isa = PBXGroup;
			children = (
				FAD9DB1C266F024A00BC6FDA /* RecentlyJoinedView.swift */,
				FAEDCFE3269E524400A2C4A1 /* AllRecentsView.swift */,
				FAD9DB2426743A7900BC6FDA /* SmallUserView.swift */,
			);
			path = RecentlyJoined;
			sourceTree = "<group>";
		};
		FA7E3B3E26EF145F00A6653C /* MatchStories */ = {
			isa = PBXGroup;
			children = (
				FA0FCA3F268404A200434561 /* MatchesStoryView.swift */,
				FA0FCA3D2684048000434561 /* MatchStoriesView.swift */,
			);
			path = MatchStories;
			sourceTree = "<group>";
		};
		FA7E3B3F26EF147700A6653C /* Stories */ = {
			isa = PBXGroup;
			children = (
				FA7E3B3B26EF143000A6653C /* StoryView.swift */,
				FA7E3B4026EF15CB00A6653C /* StoriesView.swift */,
				FAA3FA132784D0220048065E /* StoriesView2.swift */,
				FAA3FA152784D6D90048065E /* VibesView.swift */,
			);
			path = Stories;
			sourceTree = "<group>";
		};
		FA848749268E5E7E009CA4C0 /* Tests */ = {
			isa = PBXGroup;
			children = (
				FA84874A268E5EAD009CA4C0 /* SignInSignUpValidation.swift */,
			);
			path = Tests;
			sourceTree = "<group>";
		};
		FA8773F126409A6900D5D5CB /* Profile */ = {
			isa = PBXGroup;
			children = (
				FA8773F626409AA300D5D5CB /* Views */,
				FA8773F726409AAB00D5D5CB /* ViewModels */,
			);
			path = Profile;
			sourceTree = "<group>";
		};
		FA8773F226409A7200D5D5CB /* Chats */ = {
			isa = PBXGroup;
			children = (
				FA87741426409DD900D5D5CB /* Views */,
				FA87741326409DCE00D5D5CB /* ViewModels */,
			);
			path = Chats;
			sourceTree = "<group>";
		};
		FA8773F326409A7B00D5D5CB /* Camera */ = {
			isa = PBXGroup;
			children = (
				FA7E3B2926E7F70A00A6653C /* Views */,
				FA7E3B2A26E7F71100A6653C /* ViewModels */,
			);
			path = Camera;
			sourceTree = "<group>";
		};
		FA8773F426409A8500D5D5CB /* Explore */ = {
			isa = PBXGroup;
			children = (
				FAD9DB18266EEFAE00BC6FDA /* Views */,
				FAD9DB19266EEFB700BC6FDA /* ViewModels */,
			);
			path = Explore;
			sourceTree = "<group>";
		};
		FA8773F526409A9100D5D5CB /* ShowCase */ = {
			isa = PBXGroup;
			children = (
				FA8774332640A03100D5D5CB /* ShowcaseView.swift */,
				FAA88B1C26492928007F042D /* SwipeView.swift */,
				FAA88B1E26492960007F042D /* SwipeViewModel.swift */,
				FA7E3B1F26DECAAE00A6653C /* CardView.swift */,
			);
			path = ShowCase;
			sourceTree = "<group>";
		};
		FA8773F626409AA300D5D5CB /* Views */ = {
			isa = PBXGroup;
			children = (
				FA8773F826409AD400D5D5CB /* ProfileView.swift */,
				FA87740D26409D6000D5D5CB /* ProfileMainView.swift */,
				FA87740F26409D8300D5D5CB /* ProfilePreview.swift */,
			);
			path = Views;
			sourceTree = "<group>";
		};
		FA8773F726409AAB00D5D5CB /* ViewModels */ = {
			isa = PBXGroup;
			children = (
				FA87740526409CAE00D5D5CB /* ProfileViewModel.swift */,
			);
			path = ViewModels;
			sourceTree = "<group>";
		};
		FA8773FA26409BAD00D5D5CB /* SigninSignup */ = {
			isa = PBXGroup;
			children = (
				FA8773FC26409BCA00D5D5CB /* Views */,
				FA8773FB26409BBE00D5D5CB /* ViewModels */,
				FA848749268E5E7E009CA4C0 /* Tests */,
			);
			path = SigninSignup;
			sourceTree = "<group>";
		};
		FA8773FB26409BBE00D5D5CB /* ViewModels */ = {
			isa = PBXGroup;
			children = (
				FA8773FF26409C0600D5D5CB /* LandingPageViewModel.swift */,
				FA87740326409C5900D5D5CB /* SigninSignupViewModel.swift */,
			);
			path = ViewModels;
			sourceTree = "<group>";
		};
		FA8773FC26409BCA00D5D5CB /* Views */ = {
			isa = PBXGroup;
			children = (
				FA58F53826C884B200AE3B7C /* LandingView.swift */,
				FA87740126409C2B00D5D5CB /* SigninSignupView.swift */,
			);
			path = Views;
			sourceTree = "<group>";
		};
		FA87741326409DCE00D5D5CB /* ViewModels */ = {
			isa = PBXGroup;
			children = (
				FA87741526409DE900D5D5CB /* ChatsViewModel.swift */,
			);
			path = ViewModels;
			sourceTree = "<group>";
		};
		FA87741426409DD900D5D5CB /* Views */ = {
			isa = PBXGroup;
			children = (
				FA7E3B1D26DEB64700A6653C /* ChatsView.swift */,
				FA87741726409E0700D5D5CB /* ConvoPreview.swift */,
			);
			path = Views;
			sourceTree = "<group>";
		};
		FA8774352640A03F00D5D5CB /* Extensions */ = {
			isa = PBXGroup;
			children = (
				FA8774362640A07900D5D5CB /* DateExtension.swift */,
				FA87743A2640A0B600D5D5CB /* ViewExtension.swift */,
				FA87743C2640A0DB00D5D5CB /* ColorExtension.swift */,
				FA579DC02654ED1D00EFA166 /* UIImage.swift */,
				FA72A1792669C5B9004DEF77 /* CoreLocationExtension.swift */,
				FA76E30826B34733009A650D /* IntExtension.swift */,
				FA58F53626C8842E00AE3B7C /* UIViewExtension.swift */,
				FA8CE4372717B4D000BE8BB4 /* AVCaptureDeviceExtension.swift */,
			);
			path = Extensions;
			sourceTree = "<group>";
		};
		FA87743E2640A10700D5D5CB /* Public Enums */ = {
			isa = PBXGroup;
			children = (
				FA87743F2640A12500D5D5CB /* ActiveSheetEnum.swift */,
			);
			path = "Public Enums";
			sourceTree = "<group>";
		};
		FA8774412640A13C00D5D5CB /* Publishers */ = {
			isa = PBXGroup;
			children = (
				FA8774422640A14D00D5D5CB /* AuthPublisher.swift */,
			);
			path = Publishers;
			sourceTree = "<group>";
		};
		FA8774442640A16800D5D5CB /* Models */ = {
			isa = PBXGroup;
			children = (
				FA8774452640A17900D5D5CB /* ImageModel.swift */,
				FA8774472640A19B00D5D5CB /* ProfileModel.swift */,
				FADC1163269813EC0070465C /* UserCore.swift */,
				FAEDCFE526A1420500A2C4A1 /* UserAbout.swift */,
				FA7E3B2526E1F40700A6653C /* Like.swift */,
				FA7E3B3126E808CF00A6653C /* Story.swift */,
			);
			path = Models;
			sourceTree = "<group>";
		};
		FA8774492640A1CD00D5D5CB /* Services */ = {
			isa = PBXGroup;
			children = (
				FA72A1762669ACED004DEF77 /* General Services */,
				FA87744B2640A1E000D5D5CB /* External Database */,
				FA87744A2640A1DA00D5D5CB /* Internal Database */,
			);
			path = Services;
			sourceTree = "<group>";
		};
		FA87744A2640A1DA00D5D5CB /* Internal Database */ = {
			isa = PBXGroup;
			children = (
				FA8774522640A26000D5D5CB /* ProfilePersistenceService.swift */,
				FA8774542640A2C700D5D5CB /* GalaPersistence.xcdatamodeld */,
			);
			path = "Internal Database";
			sourceTree = "<group>";
		};
		FA87744B2640A1E000D5D5CB /* External Database */ = {
			isa = PBXGroup;
			children = (
				FA87744E2640A20F00D5D5CB /* AuthService.swift */,
				FA7E3B3A26EAD74000A6653C /* Profile Related */,
				FA7E3B2326E1F28300A6653C /* LikesService.swift */,
				FA7E3B3926EAD72200A6653C /* Story */,
			);
			path = "External Database";
			sourceTree = "<group>";
		};
		FA8774572640A37D00D5D5CB /* ServiceViews */ = {
			isa = PBXGroup;
			children = (
				FAFD434426DADBCF00C535D2 /* Pager.swift */,
				FA8774582640A39700D5D5CB /* ImagePicker.swift */,
				FA87745A2640A3B200D5D5CB /* ImageCropper.swift */,
				FA87745C2640A3E300D5D5CB /* DropViewDelegate.swift */,
				FA87745E2640A3F700D5D5CB /* BaseView.swift */,
				FA8774602640A41300D5D5CB /* BaseView2.swift */,
				FAFD431326D57AAE00C535D2 /* Slider */,
			);
			path = ServiceViews;
			sourceTree = "<group>";
		};
		FA98385E2684572500A76AD5 /* App */ = {
			isa = PBXGroup;
			children = (
				FAE5E6F1264092D000CC1670 /* Gala_FinalApp.swift */,
				FA43BE6826645A9F001D1368 /* LaunchView.swift */,
				FA72A17226681CAE004DEF77 /* AppState.swift */,
				FAE5E6F3264092D000CC1670 /* ContentView.swift */,
				FA8773EF26409A4500D5D5CB /* NavBar.swift */,
				FAFD431A26D8B0AA00C535D2 /* TestDistance.swift */,
				FA0A1A0F2786C28700634B31 /* TestAnimation.swift */,
				FABAABE32787F44E00154363 /* MyStoriesDropDown.swift */,
				FABAABE52787F47700154363 /* MyLikesDropDown.swift */,
				FABAABE72787F49A00154363 /* AddToStoryButton.swift */,
			);
			path = App;
			sourceTree = "<group>";
		};
		FAD9DB18266EEFAE00BC6FDA /* Views */ = {
			isa = PBXGroup;
			children = (
				FA98385F2686834200A76AD5 /* ExploreMainView.swift */,
				FAD9DB1A266EF4EF00BC6FDA /* ExploreView.swift */,
				FA5DC6BA26A4BC8100F9BD86 /* Sub Views */,
			);
			path = Views;
			sourceTree = "<group>";
		};
		FAD9DB19266EEFB700BC6FDA /* ViewModels */ = {
			isa = PBXGroup;
			children = (
				FAD9DB1E266F136A00BC6FDA /* ExploreViewModel.swift */,
				FA7E3B2726E43F4600A6653C /* RecentlyJoinedViewModel.swift */,
				FAD9DB20266F16C200BC6FDA /* SmallUserViewModel.swift */,
				FA0FCA412684050900434561 /* StoriesViewModel.swift */,
			);
			path = ViewModels;
			sourceTree = "<group>";
		};
		FAE5E6E5264092D000CC1670 = {
			isa = PBXGroup;
			children = (
				FAE5E6F0264092D000CC1670 /* Gala */,
				FAE5E6EF264092D000CC1670 /* Products */,
				79D6AE9E810083B04CE6A2E2 /* Pods */,
				3461F9FBC02935EB68A09EFB /* Frameworks */,
			);
			sourceTree = "<group>";
		};
		FAE5E6EF264092D000CC1670 /* Products */ = {
			isa = PBXGroup;
			children = (
				FAE5E6EE264092D000CC1670 /* Gala.app */,
			);
			name = Products;
			sourceTree = "<group>";
		};
		FAE5E6F0264092D000CC1670 /* Gala */ = {
			isa = PBXGroup;
			children = (
				FA98385E2684572500A76AD5 /* App */,
				FA8773FA26409BAD00D5D5CB /* SigninSignup */,
				FA8773F126409A6900D5D5CB /* Profile */,
				FA8773F226409A7200D5D5CB /* Chats */,
				FA8773F326409A7B00D5D5CB /* Camera */,
				FA8773F426409A8500D5D5CB /* Explore */,
				FA8773F526409A9100D5D5CB /* ShowCase */,
				FA8774492640A1CD00D5D5CB /* Services */,
				FA8774442640A16800D5D5CB /* Models */,
				FA8774572640A37D00D5D5CB /* ServiceViews */,
				FA8774352640A03F00D5D5CB /* Extensions */,
				FA87743E2640A10700D5D5CB /* Public Enums */,
				FA8774412640A13C00D5D5CB /* Publishers */,
				FAE5E6F5264092D100CC1670 /* Assets.xcassets */,
				FADC115A269790B00070465C /* GoogleService-Info.plist */,
				FAE5E6FA264092D100CC1670 /* Info.plist */,
				FAE5E6F7264092D100CC1670 /* Preview Content */,
			);
			path = Gala;
			sourceTree = "<group>";
		};
		FAE5E6F7264092D100CC1670 /* Preview Content */ = {
			isa = PBXGroup;
			children = (
				FAE5E6F8264092D100CC1670 /* Preview Assets.xcassets */,
			);
			path = "Preview Content";
			sourceTree = "<group>";
		};
		FAFD431326D57AAE00C535D2 /* Slider */ = {
			isa = PBXGroup;
			children = (
				FA777D2826CE219F007C53F5 /* SliderView.swift */,
				FA777D2A26CE21F3007C53F5 /* SliderHandle.swift */,
				FAFD431426D7012700C535D2 /* CustomSlider.swift */,
				FA777D2426CE0D86007C53F5 /* Slider.swift */,
				FAFD431826D75FA700C535D2 /* TestView.swift */,
			);
			path = Slider;
			sourceTree = "<group>";
		};
/* End PBXGroup section */

/* Begin PBXNativeTarget section */
		FAE5E6ED264092D000CC1670 /* Gala */ = {
			isa = PBXNativeTarget;
			buildConfigurationList = FAE5E6FD264092D100CC1670 /* Build configuration list for PBXNativeTarget "Gala" */;
			buildPhases = (
				0C62EB78CAA67FF2A810CFAC /* [CP] Check Pods Manifest.lock */,
				FAE5E6EA264092D000CC1670 /* Sources */,
				FAE5E6EB264092D000CC1670 /* Frameworks */,
				FAE5E6EC264092D000CC1670 /* Resources */,
				F101E3A00A68F64EB8F83EF9 /* [CP] Embed Pods Frameworks */,
			);
			buildRules = (
			);
			dependencies = (
			);
			name = Gala;
			packageProductDependencies = (
				FA8773E42640979E00D5D5CB /* iPhoneNumberField */,
				FA8773E7264097C300D5D5CB /* iTextField */,
			);
			productName = Gala_Final;
			productReference = FAE5E6EE264092D000CC1670 /* Gala.app */;
			productType = "com.apple.product-type.application";
		};
/* End PBXNativeTarget section */

/* Begin PBXProject section */
		FAE5E6E6264092D000CC1670 /* Project object */ = {
			isa = PBXProject;
			attributes = {
				LastSwiftUpdateCheck = 1250;
				LastUpgradeCheck = 1250;
				TargetAttributes = {
					FAE5E6ED264092D000CC1670 = {
						CreatedOnToolsVersion = 12.5;
					};
				};
			};
			buildConfigurationList = FAE5E6E9264092D000CC1670 /* Build configuration list for PBXProject "Gala" */;
			compatibilityVersion = "Xcode 9.3";
			developmentRegion = en;
			hasScannedForEncodings = 0;
			knownRegions = (
				en,
				Base,
			);
			mainGroup = FAE5E6E5264092D000CC1670;
			packageReferences = (
				FA8773E32640979E00D5D5CB /* XCRemoteSwiftPackageReference "iPhoneNumberField" */,
				FA8773E6264097C300D5D5CB /* XCRemoteSwiftPackageReference "iTextField" */,
			);
			productRefGroup = FAE5E6EF264092D000CC1670 /* Products */;
			projectDirPath = "";
			projectRoot = "";
			targets = (
				FAE5E6ED264092D000CC1670 /* Gala */,
			);
		};
/* End PBXProject section */

/* Begin PBXResourcesBuildPhase section */
		FAE5E6EC264092D000CC1670 /* Resources */ = {
			isa = PBXResourcesBuildPhase;
			buildActionMask = 2147483647;
			files = (
				FADC115B269790B00070465C /* GoogleService-Info.plist in Resources */,
				FAE5E6F9264092D100CC1670 /* Preview Assets.xcassets in Resources */,
				FAE5E6F6264092D100CC1670 /* Assets.xcassets in Resources */,
			);
			runOnlyForDeploymentPostprocessing = 0;
		};
/* End PBXResourcesBuildPhase section */

/* Begin PBXShellScriptBuildPhase section */
		0C62EB78CAA67FF2A810CFAC /* [CP] Check Pods Manifest.lock */ = {
			isa = PBXShellScriptBuildPhase;
			buildActionMask = 2147483647;
			files = (
			);
			inputFileListPaths = (
			);
			inputPaths = (
				"${PODS_PODFILE_DIR_PATH}/Podfile.lock",
				"${PODS_ROOT}/Manifest.lock",
			);
			name = "[CP] Check Pods Manifest.lock";
			outputFileListPaths = (
			);
			outputPaths = (
				"$(DERIVED_FILE_DIR)/Pods-Gala-checkManifestLockResult.txt",
			);
			runOnlyForDeploymentPostprocessing = 0;
			shellPath = /bin/sh;
			shellScript = "diff \"${PODS_PODFILE_DIR_PATH}/Podfile.lock\" \"${PODS_ROOT}/Manifest.lock\" > /dev/null\nif [ $? != 0 ] ; then\n    # print error to STDERR\n    echo \"error: The sandbox is not in sync with the Podfile.lock. Run 'pod install' or update your CocoaPods installation.\" >&2\n    exit 1\nfi\n# This output is used by Xcode 'outputs' to avoid re-running this script phase.\necho \"SUCCESS\" > \"${SCRIPT_OUTPUT_FILE_0}\"\n";
			showEnvVarsInLog = 0;
		};
		F101E3A00A68F64EB8F83EF9 /* [CP] Embed Pods Frameworks */ = {
			isa = PBXShellScriptBuildPhase;
			buildActionMask = 2147483647;
			files = (
			);
			inputFileListPaths = (
				"${PODS_ROOT}/Target Support Files/Pods-Gala/Pods-Gala-frameworks-${CONFIGURATION}-input-files.xcfilelist",
			);
			name = "[CP] Embed Pods Frameworks";
			outputFileListPaths = (
				"${PODS_ROOT}/Target Support Files/Pods-Gala/Pods-Gala-frameworks-${CONFIGURATION}-output-files.xcfilelist",
			);
			runOnlyForDeploymentPostprocessing = 0;
			shellPath = /bin/sh;
			shellScript = "\"${PODS_ROOT}/Target Support Files/Pods-Gala/Pods-Gala-frameworks.sh\"\n";
			showEnvVarsInLog = 0;
		};
/* End PBXShellScriptBuildPhase section */

/* Begin PBXSourcesBuildPhase section */
		FAE5E6EA264092D000CC1670 /* Sources */ = {
			isa = PBXSourcesBuildPhase;
			buildActionMask = 2147483647;
			files = (
				FA7E3B4126EF15CB00A6653C /* StoriesView.swift in Sources */,
				FA0FCA40268404A200434561 /* MatchesStoryView.swift in Sources */,
				FA0A1A102786C28700634B31 /* TestAnimation.swift in Sources */,
				FA38DCE32723F2BA003B4C90 /* CameraButton.swift in Sources */,
				FA8774482640A19B00D5D5CB /* ProfileModel.swift in Sources */,
				FA8CE4382717B4D000BE8BB4 /* AVCaptureDeviceExtension.swift in Sources */,
				FA7BAD4A26FD107C002F25E0 /* SendViewModel.swift in Sources */,
				FAD9DB1D266F024A00BC6FDA /* RecentlyJoinedView.swift in Sources */,
				FA0FCA4426840F5500434561 /* UserAboutService.swift in Sources */,
				FAEDCFE626A1420500A2C4A1 /* UserAbout.swift in Sources */,
				FA87745D2640A3E300D5D5CB /* DropViewDelegate.swift in Sources */,
				FA777D2926CE219F007C53F5 /* SliderView.swift in Sources */,
				FADC1164269813EC0070465C /* UserCore.swift in Sources */,
				FA87740426409C5900D5D5CB /* SigninSignupViewModel.swift in Sources */,
				FABAABE42787F44E00154363 /* MyStoriesDropDown.swift in Sources */,
				FAD9DB1F266F136A00BC6FDA /* ExploreViewModel.swift in Sources */,
				FA8774342640A03100D5D5CB /* ShowcaseView.swift in Sources */,
				FAD9DB1B266EF4EF00BC6FDA /* ExploreView.swift in Sources */,
				FA67C6D426F7B46A00B77D30 /* CameraOptionsView.swift in Sources */,
				FA777D2B26CE21F3007C53F5 /* SliderHandle.swift in Sources */,
				FA87740226409C2B00D5D5CB /* SigninSignupView.swift in Sources */,
				FA87740E26409D6000D5D5CB /* ProfileMainView.swift in Sources */,
				FA7E3B2C26E8003E00A6653C /* StoryService.swift in Sources */,
				FA58F53926C884B200AE3B7C /* LandingView.swift in Sources */,
				FA87741A26409E3A00D5D5CB /* CameraPreview.swift in Sources */,
				FA12E217272E1067003F93D0 /* VideoPlayerTest.swift in Sources */,
				FA87741E26409E7600D5D5CB /* DraggableCameraButton.swift in Sources */,
				FAA88B1D26492928007F042D /* SwipeView.swift in Sources */,
				FA7E3B1E26DEB64700A6653C /* ChatsView.swift in Sources */,
				FA8CE4362717B45500BE8BB4 /* PhotoCaptureProcessor.swift in Sources */,
				FA7E3B3226E808CF00A6653C /* Story.swift in Sources */,
				FA87744D2640A1F200D5D5CB /* ProfileService.swift in Sources */,
				FA7BAD4826FD0FAD002F25E0 /* PostSelector.swift in Sources */,
				FA0FCA3E2684048000434561 /* MatchStoriesView.swift in Sources */,
				FA7E3B2626E1F40700A6653C /* Like.swift in Sources */,
				FAD9DB2526743A7900BC6FDA /* SmallUserView.swift in Sources */,
				FA7E3B2826E43F4600A6653C /* RecentlyJoinedViewModel.swift in Sources */,
				FAA3FA142784D0220048065E /* StoriesView2.swift in Sources */,
				FA8CE4342717901900BE8BB4 /* OldCameraViewModel.swift in Sources */,
				FA9838602686834200A76AD5 /* ExploreMainView.swift in Sources */,
				FA87741026409D8300D5D5CB /* ProfilePreview.swift in Sources */,
				FA76E30926B34733009A650D /* IntExtension.swift in Sources */,
				FAFD431526D7012700C535D2 /* CustomSlider.swift in Sources */,
				FA8774592640A39700D5D5CB /* ImagePicker.swift in Sources */,
				FADC11622698129D0070465C /* UserCoreService.swift in Sources */,
				FA8774372640A07900D5D5CB /* DateExtension.swift in Sources */,
				FA7E3B3C26EF143000A6653C /* StoryView.swift in Sources */,
				FA87745F2640A3F700D5D5CB /* BaseView.swift in Sources */,
				FA8774402640A12500D5D5CB /* ActiveSheetEnum.swift in Sources */,
				FA8773F926409AD400D5D5CB /* ProfileView.swift in Sources */,
				FA87743B2640A0B600D5D5CB /* ViewExtension.swift in Sources */,
				FA87741826409E0700D5D5CB /* ConvoPreview.swift in Sources */,
				FA2D6EDE2643604000551EE3 /* ImageService.swift in Sources */,
				FA72A1782669ACFC004DEF77 /* LocationService.swift in Sources */,
				FA777D2526CE0D86007C53F5 /* Slider.swift in Sources */,
				FA43BE6926645A9F001D1368 /* LaunchView.swift in Sources */,
				FAEDCFE4269E524400A2C4A1 /* AllRecentsView.swift in Sources */,
				FA58F53726C8842E00AE3B7C /* UIViewExtension.swift in Sources */,
				FA38DCE12723DA33003B4C90 /* VideoCaptureProcessor.swift in Sources */,
				FA87740626409CAE00D5D5CB /* ProfileViewModel.swift in Sources */,
				FABAABE82787F49A00154363 /* AddToStoryButton.swift in Sources */,
				FA8774612640A41300D5D5CB /* BaseView2.swift in Sources */,
				FA87743D2640A0DB00D5D5CB /* ColorExtension.swift in Sources */,
				FAE5E6F4264092D000CC1670 /* ContentView.swift in Sources */,
				FA87745B2640A3B200D5D5CB /* ImageCropper.swift in Sources */,
				FAA3FA162784D6D90048065E /* VibesView.swift in Sources */,
				FA7E3B2026DECAAE00A6653C /* CardView.swift in Sources */,
				FA8774562640A2C700D5D5CB /* GalaPersistence.xcdatamodeld in Sources */,
				FA579DC12654ED1D00EFA166 /* UIImage.swift in Sources */,
				FA84874B268E5EAD009CA4C0 /* SignInSignUpValidation.swift in Sources */,
				FA72A17A2669C5B9004DEF77 /* CoreLocationExtension.swift in Sources */,
				FA7E3B3826EAD18D00A6653C /* SendViewModelTest.swift in Sources */,
				FAFD431B26D8B0AA00C535D2 /* TestDistance.swift in Sources */,
				FA87740026409C0600D5D5CB /* LandingPageViewModel.swift in Sources */,
				FA7E3B3026E8073300A6653C /* StoryContentService.swift in Sources */,
				FABAABE62787F47700154363 /* MyLikesDropDown.swift in Sources */,
				FA67C6D626FA605700B77D30 /* VibesService.swift in Sources */,
				FA87741C26409E5700D5D5CB /* CameraView.swift in Sources */,
				FA76E30726AE6D1A009A650D /* RecentlyJoinedUserService.swift in Sources */,
				FAE5E6F2264092D000CC1670 /* Gala_FinalApp.swift in Sources */,
				FAFD434526DADBCF00C535D2 /* Pager.swift in Sources */,
				FA7E3B2E26E8072200A6653C /* StoryMetaService.swift in Sources */,
				FA8774432640A14D00D5D5CB /* AuthPublisher.swift in Sources */,
				FA7E3B2426E1F28300A6653C /* LikesService.swift in Sources */,
				FAFD431926D75FA700C535D2 /* TestView.swift in Sources */,
				FA87742026409E9000D5D5CB /* PicTakenView.swift in Sources */,
				FA7BAD4526FC48CD002F25E0 /* SendView.swift in Sources */,
				FA8773F026409A4500D5D5CB /* NavBar.swift in Sources */,
				FAD9DB21266F16C200BC6FDA /* SmallUserViewModel.swift in Sources */,
				FA0FCA422684050900434561 /* StoriesViewModel.swift in Sources */,
				FA8774532640A26000D5D5CB /* ProfilePersistenceService.swift in Sources */,
				FA87741626409DEA00D5D5CB /* ChatsViewModel.swift in Sources */,
				FA72A17326681CAE004DEF77 /* AppState.swift in Sources */,
				FAA88B1F26492960007F042D /* SwipeViewModel.swift in Sources */,
				FA72A17526688949004DEF77 /* CameraViewModel.swift in Sources */,
				FA87744F2640A20F00D5D5CB /* AuthService.swift in Sources */,
				FA7E3B3626EACF2200A6653C /* SendViewTest.swift in Sources */,
				FA8774462640A17900D5D5CB /* ImageModel.swift in Sources */,
			);
			runOnlyForDeploymentPostprocessing = 0;
		};
/* End PBXSourcesBuildPhase section */

/* Begin XCBuildConfiguration section */
		FAE5E6FB264092D100CC1670 /* Debug */ = {
			isa = XCBuildConfiguration;
			buildSettings = {
				ALWAYS_SEARCH_USER_PATHS = NO;
				CLANG_ANALYZER_NONNULL = YES;
				CLANG_ANALYZER_NUMBER_OBJECT_CONVERSION = YES_AGGRESSIVE;
				CLANG_CXX_LANGUAGE_STANDARD = "gnu++14";
				CLANG_CXX_LIBRARY = "libc++";
				CLANG_ENABLE_MODULES = YES;
				CLANG_ENABLE_OBJC_ARC = YES;
				CLANG_ENABLE_OBJC_WEAK = YES;
				CLANG_WARN_BLOCK_CAPTURE_AUTORELEASING = YES;
				CLANG_WARN_BOOL_CONVERSION = YES;
				CLANG_WARN_COMMA = YES;
				CLANG_WARN_CONSTANT_CONVERSION = YES;
				CLANG_WARN_DEPRECATED_OBJC_IMPLEMENTATIONS = YES;
				CLANG_WARN_DIRECT_OBJC_ISA_USAGE = YES_ERROR;
				CLANG_WARN_DOCUMENTATION_COMMENTS = YES;
				CLANG_WARN_EMPTY_BODY = YES;
				CLANG_WARN_ENUM_CONVERSION = YES;
				CLANG_WARN_INFINITE_RECURSION = YES;
				CLANG_WARN_INT_CONVERSION = YES;
				CLANG_WARN_NON_LITERAL_NULL_CONVERSION = YES;
				CLANG_WARN_OBJC_IMPLICIT_RETAIN_SELF = YES;
				CLANG_WARN_OBJC_LITERAL_CONVERSION = YES;
				CLANG_WARN_OBJC_ROOT_CLASS = YES_ERROR;
				CLANG_WARN_QUOTED_INCLUDE_IN_FRAMEWORK_HEADER = YES;
				CLANG_WARN_RANGE_LOOP_ANALYSIS = YES;
				CLANG_WARN_STRICT_PROTOTYPES = YES;
				CLANG_WARN_SUSPICIOUS_MOVE = YES;
				CLANG_WARN_UNGUARDED_AVAILABILITY = YES_AGGRESSIVE;
				CLANG_WARN_UNREACHABLE_CODE = YES;
				CLANG_WARN__DUPLICATE_METHOD_MATCH = YES;
				COPY_PHASE_STRIP = NO;
				DEBUG_INFORMATION_FORMAT = dwarf;
				ENABLE_STRICT_OBJC_MSGSEND = YES;
				ENABLE_TESTABILITY = YES;
				GCC_C_LANGUAGE_STANDARD = gnu11;
				GCC_DYNAMIC_NO_PIC = NO;
				GCC_NO_COMMON_BLOCKS = YES;
				GCC_OPTIMIZATION_LEVEL = 0;
				GCC_PREPROCESSOR_DEFINITIONS = (
					"DEBUG=1",
					"$(inherited)",
				);
				GCC_WARN_64_TO_32_BIT_CONVERSION = YES;
				GCC_WARN_ABOUT_RETURN_TYPE = YES_ERROR;
				GCC_WARN_UNDECLARED_SELECTOR = YES;
				GCC_WARN_UNINITIALIZED_AUTOS = YES_AGGRESSIVE;
				GCC_WARN_UNUSED_FUNCTION = YES;
				GCC_WARN_UNUSED_VARIABLE = YES;
				IPHONEOS_DEPLOYMENT_TARGET = 14.5;
				MTL_ENABLE_DEBUG_INFO = INCLUDE_SOURCE;
				MTL_FAST_MATH = YES;
				ONLY_ACTIVE_ARCH = YES;
				SDKROOT = iphoneos;
				SWIFT_ACTIVE_COMPILATION_CONDITIONS = DEBUG;
				SWIFT_OPTIMIZATION_LEVEL = "-Onone";
			};
			name = Debug;
		};
		FAE5E6FC264092D100CC1670 /* Release */ = {
			isa = XCBuildConfiguration;
			buildSettings = {
				ALWAYS_SEARCH_USER_PATHS = NO;
				CLANG_ANALYZER_NONNULL = YES;
				CLANG_ANALYZER_NUMBER_OBJECT_CONVERSION = YES_AGGRESSIVE;
				CLANG_CXX_LANGUAGE_STANDARD = "gnu++14";
				CLANG_CXX_LIBRARY = "libc++";
				CLANG_ENABLE_MODULES = YES;
				CLANG_ENABLE_OBJC_ARC = YES;
				CLANG_ENABLE_OBJC_WEAK = YES;
				CLANG_WARN_BLOCK_CAPTURE_AUTORELEASING = YES;
				CLANG_WARN_BOOL_CONVERSION = YES;
				CLANG_WARN_COMMA = YES;
				CLANG_WARN_CONSTANT_CONVERSION = YES;
				CLANG_WARN_DEPRECATED_OBJC_IMPLEMENTATIONS = YES;
				CLANG_WARN_DIRECT_OBJC_ISA_USAGE = YES_ERROR;
				CLANG_WARN_DOCUMENTATION_COMMENTS = YES;
				CLANG_WARN_EMPTY_BODY = YES;
				CLANG_WARN_ENUM_CONVERSION = YES;
				CLANG_WARN_INFINITE_RECURSION = YES;
				CLANG_WARN_INT_CONVERSION = YES;
				CLANG_WARN_NON_LITERAL_NULL_CONVERSION = YES;
				CLANG_WARN_OBJC_IMPLICIT_RETAIN_SELF = YES;
				CLANG_WARN_OBJC_LITERAL_CONVERSION = YES;
				CLANG_WARN_OBJC_ROOT_CLASS = YES_ERROR;
				CLANG_WARN_QUOTED_INCLUDE_IN_FRAMEWORK_HEADER = YES;
				CLANG_WARN_RANGE_LOOP_ANALYSIS = YES;
				CLANG_WARN_STRICT_PROTOTYPES = YES;
				CLANG_WARN_SUSPICIOUS_MOVE = YES;
				CLANG_WARN_UNGUARDED_AVAILABILITY = YES_AGGRESSIVE;
				CLANG_WARN_UNREACHABLE_CODE = YES;
				CLANG_WARN__DUPLICATE_METHOD_MATCH = YES;
				COPY_PHASE_STRIP = NO;
				DEBUG_INFORMATION_FORMAT = "dwarf-with-dsym";
				ENABLE_NS_ASSERTIONS = NO;
				ENABLE_STRICT_OBJC_MSGSEND = YES;
				GCC_C_LANGUAGE_STANDARD = gnu11;
				GCC_NO_COMMON_BLOCKS = YES;
				GCC_WARN_64_TO_32_BIT_CONVERSION = YES;
				GCC_WARN_ABOUT_RETURN_TYPE = YES_ERROR;
				GCC_WARN_UNDECLARED_SELECTOR = YES;
				GCC_WARN_UNINITIALIZED_AUTOS = YES_AGGRESSIVE;
				GCC_WARN_UNUSED_FUNCTION = YES;
				GCC_WARN_UNUSED_VARIABLE = YES;
				IPHONEOS_DEPLOYMENT_TARGET = 14.5;
				MTL_ENABLE_DEBUG_INFO = NO;
				MTL_FAST_MATH = YES;
				SDKROOT = iphoneos;
				SWIFT_COMPILATION_MODE = wholemodule;
				SWIFT_OPTIMIZATION_LEVEL = "-O";
				VALIDATE_PRODUCT = YES;
			};
			name = Release;
		};
		FAE5E6FE264092D100CC1670 /* Debug */ = {
			isa = XCBuildConfiguration;
			baseConfigurationReference = 831B9135753054BD30C3A341 /* Pods-Gala.debug.xcconfig */;
			buildSettings = {
				ASSETCATALOG_COMPILER_APPICON_NAME = AppIcon;
				ASSETCATALOG_COMPILER_GLOBAL_ACCENT_COLOR_NAME = AccentColor;
				CODE_SIGN_STYLE = Automatic;
				DEVELOPMENT_ASSET_PATHS = "\"Gala/Preview Content\"";
				DEVELOPMENT_TEAM = TBMU9UG97G;
				ENABLE_PREVIEWS = YES;
				INFOPLIST_FILE = Gala/Info.plist;
				IPHONEOS_DEPLOYMENT_TARGET = 14.0;
				LD_RUNPATH_SEARCH_PATHS = (
					"$(inherited)",
					"@executable_path/Frameworks",
				);
				PRODUCT_BUNDLE_IDENTIFIER = "com.Brick-Squad.Gala";
				PRODUCT_NAME = "$(TARGET_NAME)";
				SWIFT_VERSION = 5.0;
				TARGETED_DEVICE_FAMILY = "1,2";
			};
			name = Debug;
		};
		FAE5E6FF264092D100CC1670 /* Release */ = {
			isa = XCBuildConfiguration;
			baseConfigurationReference = 4EF601D28ED8276F3782F6F2 /* Pods-Gala.release.xcconfig */;
			buildSettings = {
				ASSETCATALOG_COMPILER_APPICON_NAME = AppIcon;
				ASSETCATALOG_COMPILER_GLOBAL_ACCENT_COLOR_NAME = AccentColor;
				CODE_SIGN_STYLE = Automatic;
				DEVELOPMENT_ASSET_PATHS = "\"Gala/Preview Content\"";
				DEVELOPMENT_TEAM = TBMU9UG97G;
				ENABLE_PREVIEWS = YES;
				INFOPLIST_FILE = Gala/Info.plist;
				IPHONEOS_DEPLOYMENT_TARGET = 14.0;
				LD_RUNPATH_SEARCH_PATHS = (
					"$(inherited)",
					"@executable_path/Frameworks",
				);
				PRODUCT_BUNDLE_IDENTIFIER = "com.Brick-Squad.Gala";
				PRODUCT_NAME = "$(TARGET_NAME)";
				SWIFT_VERSION = 5.0;
				TARGETED_DEVICE_FAMILY = "1,2";
			};
			name = Release;
		};
/* End XCBuildConfiguration section */

/* Begin XCConfigurationList section */
		FAE5E6E9264092D000CC1670 /* Build configuration list for PBXProject "Gala" */ = {
			isa = XCConfigurationList;
			buildConfigurations = (
				FAE5E6FB264092D100CC1670 /* Debug */,
				FAE5E6FC264092D100CC1670 /* Release */,
			);
			defaultConfigurationIsVisible = 0;
			defaultConfigurationName = Release;
		};
		FAE5E6FD264092D100CC1670 /* Build configuration list for PBXNativeTarget "Gala" */ = {
			isa = XCConfigurationList;
			buildConfigurations = (
				FAE5E6FE264092D100CC1670 /* Debug */,
				FAE5E6FF264092D100CC1670 /* Release */,
			);
			defaultConfigurationIsVisible = 0;
			defaultConfigurationName = Release;
		};
/* End XCConfigurationList section */

/* Begin XCRemoteSwiftPackageReference section */
		FA8773E32640979E00D5D5CB /* XCRemoteSwiftPackageReference "iPhoneNumberField" */ = {
			isa = XCRemoteSwiftPackageReference;
			repositoryURL = "https://github.com/MojtabaHs/iPhoneNumberField.git";
			requirement = {
				kind = upToNextMajorVersion;
				minimumVersion = 0.6.1;
			};
		};
		FA8773E6264097C300D5D5CB /* XCRemoteSwiftPackageReference "iTextField" */ = {
			isa = XCRemoteSwiftPackageReference;
			repositoryURL = "https://github.com/benjaminsage/iTextField.git";
			requirement = {
				kind = upToNextMajorVersion;
				minimumVersion = 0.0.8;
			};
		};
/* End XCRemoteSwiftPackageReference section */

/* Begin XCSwiftPackageProductDependency section */
		FA8773E42640979E00D5D5CB /* iPhoneNumberField */ = {
			isa = XCSwiftPackageProductDependency;
			package = FA8773E32640979E00D5D5CB /* XCRemoteSwiftPackageReference "iPhoneNumberField" */;
			productName = iPhoneNumberField;
		};
		FA8773E7264097C300D5D5CB /* iTextField */ = {
			isa = XCSwiftPackageProductDependency;
			package = FA8773E6264097C300D5D5CB /* XCRemoteSwiftPackageReference "iTextField" */;
			productName = iTextField;
		};
/* End XCSwiftPackageProductDependency section */

/* Begin XCVersionGroup section */
		FA8774542640A2C700D5D5CB /* GalaPersistence.xcdatamodeld */ = {
			isa = XCVersionGroup;
			children = (
				FA8774552640A2C700D5D5CB /* GalaPersistence.xcdatamodel */,
			);
			currentVersion = FA8774552640A2C700D5D5CB /* GalaPersistence.xcdatamodel */;
			path = GalaPersistence.xcdatamodeld;
			sourceTree = "<group>";
			versionGroupType = wrapper.xcdatamodel;
		};
/* End XCVersionGroup section */
	};
	rootObject = FAE5E6E6264092D000CC1670 /* Project object */;
}
