{
  "object": {
    "pins": [
      {
        "package": "ElegantPages",
        "repositoryURL": "https://github.com/ThasianX/ElegantPages",
        "state": {
          "branch": null,
          "revision": "d598ce4824c40296decc84eae5b3c042d3dff842",
          "version": "1.4.2"
        }
      },
      {
        "package": "iPhoneNumberField",
        "repositoryURL": "https://github.com/MojtabaHs/iPhoneNumberField.git",
        "state": {
          "branch": null,
          "revision": "a6b5fcc6c9b085285932fe4fe754086ab92409cb",
          "version": "0.6.1"
        }
      },
      {
        "package": "iTextField",
        "repositoryURL": "https://github.com/benjaminsage/iTextField.git",
        "state": {
          "branch": null,
          "revision": "d272db0a18ec6bc072498d8ae40c3839cd79ec64",
          "version": "0.0.8"
        }
      },
      {
        "package": "Pages",
        "repositoryURL": "https://github.com/nachonavarro/Pages",
        "state": {
          "branch": null,
          "revision": "4cdbe4ff2f9ddbfda8cf0376a2acb678a1a0a0a2",
          "version": "0.1.5"
        }
      },
      {
        "package": "PhoneNumberKit",
        "repositoryURL": "https://github.com/marmelroy/PhoneNumberKit",
        "state": {
          "branch": null,
          "revision": "1ef0431b971f69c48ca5eb4cdba07f2c5da54c35",
          "version": "3.3.3"
        }
      }
    ]
  },
  "version": 1
}
